{
  "version": 4,
  "terraform_version": "1.2.7",
  "serial": 51,
  "lineage": "ad64c5e3-7104-4817-9126-7f14dc60570c",
  "outputs": {},
  "resources": [
    {
      "mode": "managed",
      "type": "aws_dynamodb_table",
      "name": "dynamodb-table",
      "provider": "provider[\"registry.terraform.io/hashicorp/aws\"]",
      "instances": [
        {
          "schema_version": 1,
          "attributes": {
            "arn": "arn:aws:dynamodb:us-east-1:728738226157:table/GameScore",
            "attribute": [
              {
                "name": "Name",
                "type": "S"
              },
              {
                "name": "Score",
                "type": "N"
              }
            ],
            "billing_mode": "PROVISIONED",
            "global_secondary_index": [],
            "hash_key": "Name",
            "id": "GameScore",
            "local_secondary_index": [],
            "name": "GameScore",
            "point_in_time_recovery": [
              {
                "enabled": false
              }
            ],
            "range_key": "Score",
            "read_capacity": 5,
            "replica": [],
            "restore_date_time": null,
            "restore_source_name": null,
            "restore_to_latest_time": null,
            "server_side_encryption": [],
            "stream_arn": "arn:aws:dynamodb:us-east-1:728738226157:table/GameScore/stream/2022-11-09T13:20:48.360",
            "stream_enabled": true,
            "stream_label": "2022-11-09T13:20:48.360",
            "stream_view_type": "NEW_AND_OLD_IMAGES",
            "table_class": "",
            "tags": null,
            "tags_all": {},
            "timeouts": null,
            "ttl": [
              {
                "attribute_name": "",
                "enabled": false
              }
            ],
            "write_capacity": 5
          },
          "sensitive_attributes": [],
          "private": "eyJlMmJmYjczMC1lY2FhLTExZTYtOGY4OC0zNDM2M2JjN2M0YzAiOnsiY3JlYXRlIjoxODAwMDAwMDAwMDAwLCJkZWxldGUiOjYwMDAwMDAwMDAwMCwidXBkYXRlIjozNjAwMDAwMDAwMDAwfSwic2NoZW1hX3ZlcnNpb24iOiIxIn0="
        }
      ]
    },
    {
      "mode": "managed",
      "type": "aws_iam_role",
      "name": "iam-role",
      "provider": "provider[\"registry.terraform.io/hashicorp/aws\"]",
      "instances": [
        {
          "schema_version": 0,
          "attributes": {
            "arn": "arn:aws:iam::728738226157:role/iam-role-lambdad",
            "assume_role_policy": "{\"Statement\":[{\"Action\":\"sts:AssumeRole\",\"Effect\":\"Allow\",\"Principal\":{\"Service\":\"lambda.amazonaws.com\"},\"Sid\":\"\"}],\"Version\":\"2012-10-17\"}",
            "create_date": "2022-11-09T13:20:56Z",
            "description": "",
            "force_detach_policies": false,
            "id": "iam-role-lambdad",
            "inline_policy": [],
            "managed_policy_arns": [],
            "max_session_duration": 3600,
            "name": "iam-role-lambdad",
            "name_prefix": "",
            "path": "/",
            "permissions_boundary": null,
            "tags": null,
            "tags_all": {},
            "unique_id": "AROA2TLBO37WYYJYPDVKJ"
          },
          "sensitive_attributes": [],
          "private": "bnVsbA=="
        }
      ]
    },
    {
      "mode": "managed",
      "type": "aws_iam_role_policy",
      "name": "iam-policy",
      "provider": "provider[\"registry.terraform.io/hashicorp/aws\"]",
      "instances": [
        {
          "schema_version": 0,
          "attributes": {
            "id": "iam-role-lambdad:iam-policy-lambdad",
            "name": "iam-policy-lambdad",
            "name_prefix": null,
            "policy": "{\n    \"Version\": \"2012-10-17\",\n    \"Statement\": [\n        {\n            \"Effect\": \"Allow\",\n            \"Action\": [\n                \"dynamodb:DescribeStream\",\n                \"dynamodb:GetRecords\",\n                \"dynamodb:GetShardIterator\",\n                \"dynamodb:ListStreams\",\n                \"logs:CreateLogGroup\",\n                \"logs:CreateLogStream\",\n                \"logs:PutLogEvents\",\n                \"application-autoscaling:DescribeScalableTargets\",\n                \"application-autoscaling:DescribeScalingActivities\",\n                \"application-autoscaling:DescribeScalingPolicies\",\n                \"cloudwatch:DescribeAlarmHistory\",\n                \"cloudwatch:DescribeAlarms\",\n                \"cloudwatch:DescribeAlarmsForMetric\",\n                \"cloudwatch:GetMetricStatistics\",\n                \"cloudwatch:ListMetrics\",\n                \"cloudwatch:GetMetricData\",\n                \"datapipeline:DescribeObjects\",\n                \"datapipeline:DescribePipelines\",\n                \"datapipeline:GetPipelineDefinition\",\n                \"datapipeline:ListPipelines\",\n                \"datapipeline:QueryObjects\",\n                \"dynamodb:BatchGetItem\",\n                \"dynamodb:Describe*\",\n                \"dynamodb:List*\",\n                \"dynamodb:GetItem\",\n                \"dynamodb:Query\",\n                \"dynamodb:Scan\",\n                \"dynamodb:PartiQLSelect\",\n                \"dax:Describe*\",\n                \"dax:List*\",\n                \"dax:GetItem\",\n                \"dax:BatchGetItem\",\n                \"dax:Query\",\n                \"dax:Scan\",\n                \"ec2:DescribeVpcs\",\n                \"ec2:DescribeSubnets\",\n                \"ec2:DescribeSecurityGroups\",\n                \"iam:GetRole\",\n                \"iam:ListRoles\",\n                \"kms:DescribeKey\",\n                \"kms:ListAliases\",\n                \"sns:ListSubscriptionsByTopic\",\n                \"sns:ListTopics\",\n                \"lambda:ListFunctions\",\n                \"lambda:ListEventSourceMappings\",\n                \"lambda:GetFunctionConfiguration\",\n                \"resource-groups:ListGroups\",\n                \"resource-groups:ListGroupResources\",\n                \"resource-groups:GetGroup\",\n                \"resource-groups:GetGroupQuery\",\n                \"tag:GetResources\",\n                \"kinesis:ListStreams\",\n                \"kinesis:DescribeStream\",\n                \"kinesis:DescribeStreamSummary\",\n                \"logs:Describe*\",\n                \"logs:Get*\",\n                \"logs:List*\",\n                \"logs:StartQuery\",\n                \"logs:StopQuery\",\n                \"logs:TestMetricFilter\",\n                \"logs:FilterLogEvents\"\n            ],\n            \"Resource\": \"*\"\n        },\n        {\n            \"Action\": \"cloudwatch:GetInsightRuleReport\",\n            \"Effect\": \"Allow\",\n            \"Resource\": \"arn:aws:cloudwatch:*:*:insight-rule/DynamoDBContributorInsights*\"  \n\n        }\n    ]\n}",
            "role": "iam-role-lambdad"
          },
          "sensitive_attributes": [],
          "private": "bnVsbA==",
          "dependencies": [
            "aws_iam_role.iam-role"
          ]
        }
      ]
    },
    {
      "mode": "managed",
      "type": "aws_lambda_event_source_mapping",
      "name": "example",
      "provider": "provider[\"registry.terraform.io/hashicorp/aws\"]",
      "instances": [
        {
          "schema_version": 0,
          "attributes": {
            "amazon_managed_kafka_event_source_config": [],
            "batch_size": 100,
            "bisect_batch_on_function_error": false,
            "destination_config": [
              {
                "on_failure": [
                  {
                    "destination_arn": null
                  }
                ]
              }
            ],
            "enabled": true,
            "event_source_arn": "arn:aws:dynamodb:us-east-1:728738226157:table/GameScore/stream/2022-11-09T13:20:48.360",
            "filter_criteria": [],
            "function_arn": "arn:aws:lambda:us-east-1:728738226157:function:dynamodb-lambda",
            "function_name": "arn:aws:lambda:us-east-1:728738226157:function:dynamodb-lambda",
            "function_response_types": null,
            "id": "55c84a35-b5a8-4fbf-8ed4-d556a3eda79d",
            "last_modified": "2022-11-09T13:21:00Z",
            "last_processing_result": "No records processed",
            "maximum_batching_window_in_seconds": 0,
            "maximum_record_age_in_seconds": -1,
            "maximum_retry_attempts": -1,
            "parallelization_factor": 1,
            "queues": null,
            "self_managed_event_source": [],
            "self_managed_kafka_event_source_config": [],
            "source_access_configuration": [],
            "starting_position": "LATEST",
            "starting_position_timestamp": "",
            "state": "Enabled",
            "state_transition_reason": "User action",
            "topics": null,
            "tumbling_window_in_seconds": 0,
            "uuid": "55c84a35-b5a8-4fbf-8ed4-d556a3eda79d"
          },
          "sensitive_attributes": [],
          "private": "bnVsbA==",
          "dependencies": [
            "aws_dynamodb_table.dynamodb-table",
            "aws_iam_role.iam-role",
            "aws_lambda_function.lambda-function"
          ]
        }
      ]
    },
    {
      "mode": "managed",
      "type": "aws_lambda_function",
      "name": "lambda-function",
      "provider": "provider[\"registry.terraform.io/hashicorp/aws\"]",
      "instances": [
        {
          "schema_version": 0,
          "attributes": {
            "architectures": [
              "x86_64"
            ],
            "arn": "arn:aws:lambda:us-east-1:728738226157:function:dynamodb-lambda",
            "code_signing_config_arn": "",
            "dead_letter_config": [],
            "description": "",
            "environment": [],
            "ephemeral_storage": [
              {
                "size": 512
              }
            ],
            "file_system_config": [],
            "filename": "./code.zip",
            "function_name": "dynamodb-lambda",
            "handler": "code.lambda_handler",
            "id": "dynamodb-lambda",
            "image_config": [],
            "image_uri": "",
            "invoke_arn": "arn:aws:apigateway:us-east-1:lambda:path/2015-03-31/functions/arn:aws:lambda:us-east-1:728738226157:function:dynamodb-lambda/invocations",
            "kms_key_arn": "",
            "last_modified": "2022-11-09T13:21:06.682+0000",
            "layers": null,
            "memory_size": 128,
            "package_type": "Zip",
            "publish": false,
            "qualified_arn": "arn:aws:lambda:us-east-1:728738226157:function:dynamodb-lambda:$LATEST",
            "qualified_invoke_arn": "arn:aws:apigateway:us-east-1:lambda:path/2015-03-31/functions/arn:aws:lambda:us-east-1:728738226157:function:dynamodb-lambda:$LATEST/invocations",
            "reserved_concurrent_executions": -1,
            "role": "arn:aws:iam::728738226157:role/iam-role-lambdad",
            "runtime": "python3.9",
            "s3_bucket": null,
            "s3_key": null,
            "s3_object_version": null,
            "signing_job_arn": "",
            "signing_profile_version_arn": "",
            "source_code_hash": "WBLm3OgdBdtoal0nue0nJFelQylFnT7nSHg3XpoYbUE=",
            "source_code_size": 388,
            "tags": null,
            "tags_all": {},
            "timeout": 3,
            "timeouts": null,
            "tracing_config": [
              {
                "mode": "PassThrough"
              }
            ],
            "version": "$LATEST",
            "vpc_config": []
          },
          "sensitive_attributes": [],
          "private": "eyJlMmJmYjczMC1lY2FhLTExZTYtOGY4OC0zNDM2M2JjN2M0YzAiOnsiY3JlYXRlIjo2MDAwMDAwMDAwMDB9fQ==",
          "dependencies": [
            "aws_iam_role.iam-role"
          ]
        }
      ]
    }
  ]
}
