{
  "version": 4,
  "terraform_version": "1.2.7",
  "serial": 78,
  "lineage": "70de3a39-1a7f-5e9a-14dd-673c61fda16d",
  "outputs": {},
  "resources": [
    {
      "module": "module.vpc_example_complete-vpc",
      "mode": "data",
      "type": "aws_iam_policy_document",
      "name": "dynamodb_endpoint_policy",
      "provider": "module.vpc_example_complete-vpc.provider[\"registry.terraform.io/hashicorp/aws\"]",
      "instances": [
        {
          "schema_version": 0,
          "attributes": {
            "id": "712325536",
            "json": "{\n  \"Version\": \"2012-10-17\",\n  \"Statement\": [\n    {\n      \"Sid\": \"\",\n      \"Effect\": \"Deny\",\n      \"Action\": \"dynamodb:*\",\n      \"Resource\": \"*\",\n      \"Principal\": \"*\",\n      \"Condition\": {\n        \"StringNotEquals\": {\n          \"aws:sourceVpce\": \"vpc-0a8f170855a8e6a90\"\n        }\n      }\n    }\n  ]\n}",
            "override_json": null,
            "override_policy_documents": null,
            "policy_id": null,
            "source_json": null,
            "source_policy_documents": null,
            "statement": [
              {
                "actions": [
                  "dynamodb:*"
                ],
                "condition": [
                  {
                    "test": "StringNotEquals",
                    "values": [
                      "vpc-0a8f170855a8e6a90"
                    ],
                    "variable": "aws:sourceVpce"
                  }
                ],
                "effect": "Deny",
                "not_actions": [],
                "not_principals": [],
                "not_resources": [],
                "principals": [
                  {
                    "identifiers": [
                      "*"
                    ],
                    "type": "*"
                  }
                ],
                "resources": [
                  "*"
                ],
                "sid": ""
              }
            ],
            "version": "2012-10-17"
          },
          "sensitive_attributes": []
        }
      ]
    },
    {
      "module": "module.vpc_example_complete-vpc",
      "mode": "data",
      "type": "aws_iam_policy_document",
      "name": "generic_endpoint_policy",
      "provider": "module.vpc_example_complete-vpc.provider[\"registry.terraform.io/hashicorp/aws\"]",
      "instances": [
        {
          "schema_version": 0,
          "attributes": {
            "id": "311932900",
            "json": "{\n  \"Version\": \"2012-10-17\",\n  \"Statement\": [\n    {\n      \"Sid\": \"\",\n      \"Effect\": \"Deny\",\n      \"Action\": \"*\",\n      \"Resource\": \"*\",\n      \"Principal\": \"*\",\n      \"Condition\": {\n        \"StringNotEquals\": {\n          \"aws:SourceVpc\": \"vpc-0a8f170855a8e6a90\"\n        }\n      }\n    }\n  ]\n}",
            "override_json": null,
            "override_policy_documents": null,
            "policy_id": null,
            "source_json": null,
            "source_policy_documents": null,
            "statement": [
              {
                "actions": [
                  "*"
                ],
                "condition": [
                  {
                    "test": "StringNotEquals",
                    "values": [
                      "vpc-0a8f170855a8e6a90"
                    ],
                    "variable": "aws:SourceVpc"
                  }
                ],
                "effect": "Deny",
                "not_actions": [],
                "not_principals": [],
                "not_resources": [],
                "principals": [
                  {
                    "identifiers": [
                      "*"
                    ],
                    "type": "*"
                  }
                ],
                "resources": [
                  "*"
                ],
                "sid": ""
              }
            ],
            "version": "2012-10-17"
          },
          "sensitive_attributes": []
        }
      ]
    },
    {
      "module": "module.vpc_example_complete-vpc",
      "mode": "data",
      "type": "aws_security_group",
      "name": "default",
      "provider": "module.vpc_example_complete-vpc.provider[\"registry.terraform.io/hashicorp/aws\"]",
      "instances": [
        {
          "schema_version": 0,
          "attributes": {
            "arn": "arn:aws:ec2:eu-west-1:728738226157:security-group/sg-048a842b82bf5408d",
            "description": "default VPC security group",
            "filter": null,
            "id": "sg-048a842b82bf5408d",
            "name": "default",
            "tags": {
              "Example": "ex-Module-VPC",
              "GithubOrg": "terraform-aws-modules",
              "GithubRepo": "terraform-aws-vpc",
              "Name": "ex-Module-VPC-default"
            },
            "timeouts": null,
            "vpc_id": "vpc-0a8f170855a8e6a90"
          },
          "sensitive_attributes": []
        }
      ]
    },
    {
      "module": "module.vpc_example_complete-vpc",
      "mode": "managed",
      "type": "aws_security_group",
      "name": "vpc_tls",
      "provider": "module.vpc_example_complete-vpc.provider[\"registry.terraform.io/hashicorp/aws\"]",
      "instances": [
        {
          "schema_version": 1,
          "attributes": {
            "arn": "arn:aws:ec2:eu-west-1:728738226157:security-group/sg-06dee61f9aafb26fa",
            "description": "Allow TLS inbound traffic",
            "egress": [],
            "id": "sg-06dee61f9aafb26fa",
            "ingress": [
              {
                "cidr_blocks": [
                  "10.0.0.0/16"
                ],
                "description": "TLS from VPC",
                "from_port": 443,
                "ipv6_cidr_blocks": [],
                "prefix_list_ids": [],
                "protocol": "tcp",
                "security_groups": [],
                "self": false,
                "to_port": 443
              }
            ],
            "name": "ex-Module-VPC-vpc_tls20221114093939777000000004",
            "name_prefix": "ex-Module-VPC-vpc_tls",
            "owner_id": "728738226157",
            "revoke_rules_on_delete": false,
            "tags": {
              "Example": "ex-Module-VPC",
              "GithubOrg": "terraform-aws-modules",
              "GithubRepo": "terraform-aws-vpc"
            },
            "tags_all": {
              "Example": "ex-Module-VPC",
              "GithubOrg": "terraform-aws-modules",
              "GithubRepo": "terraform-aws-vpc"
            },
            "timeouts": null,
            "vpc_id": "vpc-0a8f170855a8e6a90"
          },
          "sensitive_attributes": [],
          "private": "eyJlMmJmYjczMC1lY2FhLTExZTYtOGY4OC0zNDM2M2JjN2M0YzAiOnsiY3JlYXRlIjo2MDAwMDAwMDAwMDAsImRlbGV0ZSI6OTAwMDAwMDAwMDAwfSwic2NoZW1hX3ZlcnNpb24iOiIxIn0=",
          "dependencies": [
            "module.vpc_example_complete-vpc.module.vpc.aws_vpc.this"
          ]
        }
      ]
    },
    {
      "module": "module.vpc_example_complete-vpc.module.vpc",
      "mode": "data",
      "type": "aws_iam_policy_document",
      "name": "flow_log_cloudwatch_assume_role",
      "provider": "module.vpc_example_complete-vpc.provider[\"registry.terraform.io/hashicorp/aws\"]",
      "instances": [
        {
          "index_key": 0,
          "schema_version": 0,
          "attributes": {
            "id": "1021377347",
            "json": "{\n  \"Version\": \"2012-10-17\",\n  \"Statement\": [\n    {\n      \"Sid\": \"AWSVPCFlowLogsAssumeRole\",\n      \"Effect\": \"Allow\",\n      \"Action\": \"sts:AssumeRole\",\n      \"Principal\": {\n        \"Service\": \"vpc-flow-logs.amazonaws.com\"\n      }\n    }\n  ]\n}",
            "override_json": null,
            "override_policy_documents": null,
            "policy_id": null,
            "source_json": null,
            "source_policy_documents": null,
            "statement": [
              {
                "actions": [
                  "sts:AssumeRole"
                ],
                "condition": [],
                "effect": "Allow",
                "not_actions": [],
                "not_principals": [],
                "not_resources": [],
                "principals": [
                  {
                    "identifiers": [
                      "vpc-flow-logs.amazonaws.com"
                    ],
                    "type": "Service"
                  }
                ],
                "resources": [],
                "sid": "AWSVPCFlowLogsAssumeRole"
              }
            ],
            "version": "2012-10-17"
          },
          "sensitive_attributes": []
        }
      ]
    },
    {
      "module": "module.vpc_example_complete-vpc.module.vpc",
      "mode": "data",
      "type": "aws_iam_policy_document",
      "name": "vpc_flow_log_cloudwatch",
      "provider": "module.vpc_example_complete-vpc.provider[\"registry.terraform.io/hashicorp/aws\"]",
      "instances": [
        {
          "index_key": 0,
          "schema_version": 0,
          "attributes": {
            "id": "2053943846",
            "json": "{\n  \"Version\": \"2012-10-17\",\n  \"Statement\": [\n    {\n      \"Sid\": \"AWSVPCFlowLogsPushToCloudWatch\",\n      \"Effect\": \"Allow\",\n      \"Action\": [\n        \"logs:PutLogEvents\",\n        \"logs:DescribeLogStreams\",\n        \"logs:DescribeLogGroups\",\n        \"logs:CreateLogStream\"\n      ],\n      \"Resource\": \"*\"\n    }\n  ]\n}",
            "override_json": null,
            "override_policy_documents": null,
            "policy_id": null,
            "source_json": null,
            "source_policy_documents": null,
            "statement": [
              {
                "actions": [
                  "logs:CreateLogStream",
                  "logs:DescribeLogGroups",
                  "logs:DescribeLogStreams",
                  "logs:PutLogEvents"
                ],
                "condition": [],
                "effect": "Allow",
                "not_actions": [],
                "not_principals": [],
                "not_resources": [],
                "principals": [],
                "resources": [
                  "*"
                ],
                "sid": "AWSVPCFlowLogsPushToCloudWatch"
              }
            ],
            "version": "2012-10-17"
          },
          "sensitive_attributes": []
        }
      ]
    },
    {
      "module": "module.vpc_example_complete-vpc.module.vpc",
      "mode": "managed",
      "type": "aws_cloudwatch_log_group",
      "name": "flow_log",
      "provider": "module.vpc_example_complete-vpc.provider[\"registry.terraform.io/hashicorp/aws\"]",
      "instances": [
        {
          "index_key": 0,
          "schema_version": 0,
          "attributes": {
            "arn": "arn:aws:logs:eu-west-1:728738226157:log-group:/aws/vpc-flow-log/vpc-0a8f170855a8e6a90",
            "id": "/aws/vpc-flow-log/vpc-0a8f170855a8e6a90",
            "kms_key_id": "",
            "name": "/aws/vpc-flow-log/vpc-0a8f170855a8e6a90",
            "name_prefix": null,
            "retention_in_days": 0,
            "tags": {
              "Example": "ex-Module-VPC",
              "GithubOrg": "terraform-aws-modules",
              "GithubRepo": "terraform-aws-vpc"
            },
            "tags_all": {
              "Example": "ex-Module-VPC",
              "GithubOrg": "terraform-aws-modules",
              "GithubRepo": "terraform-aws-vpc"
            }
          },
          "sensitive_attributes": [],
          "private": "bnVsbA==",
          "dependencies": [
            "module.vpc_example_complete-vpc.module.vpc.aws_vpc.this",
            "module.vpc_example_complete-vpc.module.vpc.aws_vpc_ipv4_cidr_block_association.this"
          ]
        }
      ]
    },
    {
      "module": "module.vpc_example_complete-vpc.module.vpc",
      "mode": "managed",
      "type": "aws_customer_gateway",
      "name": "this",
      "provider": "module.vpc_example_complete-vpc.provider[\"registry.terraform.io/hashicorp/aws\"]",
      "instances": [
        {
          "index_key": "IP1",
          "schema_version": 0,
          "attributes": {
            "arn": "arn:aws:ec2:eu-west-1:728738226157:customer-gateway/cgw-0742c5e021a21c2b6",
            "bgp_asn": "65112",
            "certificate_arn": "",
            "device_name": "some_name",
            "id": "cgw-0742c5e021a21c2b6",
            "ip_address": "1.2.3.4",
            "tags": {
              "Example": "ex-Module-VPC",
              "GithubOrg": "terraform-aws-modules",
              "GithubRepo": "terraform-aws-vpc",
              "Name": "ex-Module-VPC-IP1"
            },
            "tags_all": {
              "Example": "ex-Module-VPC",
              "GithubOrg": "terraform-aws-modules",
              "GithubRepo": "terraform-aws-vpc",
              "Name": "ex-Module-VPC-IP1"
            },
            "type": "ipsec.1"
          },
          "sensitive_attributes": [],
          "private": "bnVsbA=="
        },
        {
          "index_key": "IP2",
          "schema_version": 0,
          "attributes": {
            "arn": "arn:aws:ec2:eu-west-1:728738226157:customer-gateway/cgw-00ea3c9ac10401faf",
            "bgp_asn": "65112",
            "certificate_arn": "",
            "device_name": "",
            "id": "cgw-00ea3c9ac10401faf",
            "ip_address": "5.6.7.8",
            "tags": {
              "Example": "ex-Module-VPC",
              "GithubOrg": "terraform-aws-modules",
              "GithubRepo": "terraform-aws-vpc",
              "Name": "ex-Module-VPC-IP2"
            },
            "tags_all": {
              "Example": "ex-Module-VPC",
              "GithubOrg": "terraform-aws-modules",
              "GithubRepo": "terraform-aws-vpc",
              "Name": "ex-Module-VPC-IP2"
            },
            "type": "ipsec.1"
          },
          "sensitive_attributes": [],
          "private": "bnVsbA=="
        }
      ]
    },
    {
      "module": "module.vpc_example_complete-vpc.module.vpc",
      "mode": "managed",
      "type": "aws_default_network_acl",
      "name": "this",
      "provider": "module.vpc_example_complete-vpc.provider[\"registry.terraform.io/hashicorp/aws\"]",
      "instances": [
        {
          "index_key": 0,
          "schema_version": 0,
          "attributes": {
            "arn": "arn:aws:ec2:eu-west-1:728738226157:network-acl/acl-044b93d4205eecfa4",
            "default_network_acl_id": "acl-044b93d4205eecfa4",
            "egress": [
              {
                "action": "allow",
                "cidr_block": "",
                "from_port": 0,
                "icmp_code": null,
                "icmp_type": null,
                "ipv6_cidr_block": "::/0",
                "protocol": "-1",
                "rule_no": 101,
                "to_port": 0
              },
              {
                "action": "allow",
                "cidr_block": "0.0.0.0/0",
                "from_port": 0,
                "icmp_code": null,
                "icmp_type": null,
                "ipv6_cidr_block": "",
                "protocol": "-1",
                "rule_no": 100,
                "to_port": 0
              }
            ],
            "id": "acl-044b93d4205eecfa4",
            "ingress": [
              {
                "action": "allow",
                "cidr_block": "",
                "from_port": 0,
                "icmp_code": null,
                "icmp_type": null,
                "ipv6_cidr_block": "::/0",
                "protocol": "-1",
                "rule_no": 101,
                "to_port": 0
              },
              {
                "action": "allow",
                "cidr_block": "0.0.0.0/0",
                "from_port": 0,
                "icmp_code": null,
                "icmp_type": null,
                "ipv6_cidr_block": "",
                "protocol": "-1",
                "rule_no": 100,
                "to_port": 0
              }
            ],
            "owner_id": "728738226157",
            "subnet_ids": [
              "subnet-00170a4f1c55b7675",
              "subnet-0523840feffba8113",
              "subnet-065c1c15b2271cd55",
              "subnet-069721c1448f16bbc",
              "subnet-06c45da6824075689",
              "subnet-070a3a888b9c74fe2",
              "subnet-08453d3e1519e37bf",
              "subnet-0847c832d4bfa5232",
              "subnet-0b72c75cd6dfe313c",
              "subnet-0be63437e52ac465a",
              "subnet-0ce8cb0861bab2678",
              "subnet-0d7f95a866ed2029e",
              "subnet-0ebc328e5a33c7695",
              "subnet-0ed24ef4438221097"
            ],
            "tags": {
              "Example": "ex-Module-VPC",
              "GithubOrg": "terraform-aws-modules",
              "GithubRepo": "terraform-aws-vpc",
              "Name": "ex-Module-VPC-default"
            },
            "tags_all": {
              "Example": "ex-Module-VPC",
              "GithubOrg": "terraform-aws-modules",
              "GithubRepo": "terraform-aws-vpc",
              "Name": "ex-Module-VPC-default"
            },
            "vpc_id": "vpc-0a8f170855a8e6a90"
          },
          "sensitive_attributes": [],
          "private": "bnVsbA==",
          "dependencies": [
            "module.vpc_example_complete-vpc.module.vpc.aws_vpc.this"
          ]
        }
      ]
    },
    {
      "module": "module.vpc_example_complete-vpc.module.vpc",
      "mode": "managed",
      "type": "aws_default_route_table",
      "name": "default",
      "provider": "module.vpc_example_complete-vpc.provider[\"registry.terraform.io/hashicorp/aws\"]",
      "instances": [
        {
          "index_key": 0,
          "schema_version": 0,
          "attributes": {
            "arn": "arn:aws:ec2:eu-west-1:728738226157:route-table/rtb-0a2786781c6491849",
            "default_route_table_id": "rtb-0a2786781c6491849",
            "id": "rtb-0a2786781c6491849",
            "owner_id": "728738226157",
            "propagating_vgws": null,
            "route": [],
            "tags": {
              "Example": "ex-Module-VPC",
              "GithubOrg": "terraform-aws-modules",
              "GithubRepo": "terraform-aws-vpc",
              "Name": "ex-Module-VPC-default"
            },
            "tags_all": {
              "Example": "ex-Module-VPC",
              "GithubOrg": "terraform-aws-modules",
              "GithubRepo": "terraform-aws-vpc",
              "Name": "ex-Module-VPC-default"
            },
            "timeouts": {
              "create": "5m",
              "update": "5m"
            },
            "vpc_id": "vpc-0a8f170855a8e6a90"
          },
          "sensitive_attributes": [],
          "private": "eyJlMmJmYjczMC1lY2FhLTExZTYtOGY4OC0zNDM2M2JjN2M0YzAiOnsiY3JlYXRlIjozMDAwMDAwMDAwMDAsInVwZGF0ZSI6MzAwMDAwMDAwMDAwfX0=",
          "dependencies": [
            "module.vpc_example_complete-vpc.module.vpc.aws_vpc.this"
          ]
        }
      ]
    },
    {
      "module": "module.vpc_example_complete-vpc.module.vpc",
      "mode": "managed",
      "type": "aws_default_security_group",
      "name": "this",
      "provider": "module.vpc_example_complete-vpc.provider[\"registry.terraform.io/hashicorp/aws\"]",
      "instances": [
        {
          "index_key": 0,
          "schema_version": 1,
          "attributes": {
            "arn": "arn:aws:ec2:eu-west-1:728738226157:security-group/sg-048a842b82bf5408d",
            "description": "default VPC security group",
            "egress": [],
            "id": "sg-048a842b82bf5408d",
            "ingress": [],
            "name": "default",
            "name_prefix": "",
            "owner_id": "728738226157",
            "revoke_rules_on_delete": false,
            "tags": {
              "Example": "ex-Module-VPC",
              "GithubOrg": "terraform-aws-modules",
              "GithubRepo": "terraform-aws-vpc",
              "Name": "ex-Module-VPC-default"
            },
            "tags_all": {
              "Example": "ex-Module-VPC",
              "GithubOrg": "terraform-aws-modules",
              "GithubRepo": "terraform-aws-vpc",
              "Name": "ex-Module-VPC-default"
            },
            "vpc_id": "vpc-0a8f170855a8e6a90"
          },
          "sensitive_attributes": [],
          "private": "eyJzY2hlbWFfdmVyc2lvbiI6IjEifQ==",
          "dependencies": [
            "module.vpc_example_complete-vpc.module.vpc.aws_vpc.this"
          ]
        }
      ]
    },
    {
      "module": "module.vpc_example_complete-vpc.module.vpc",
      "mode": "managed",
      "type": "aws_eip",
      "name": "nat",
      "provider": "module.vpc_example_complete-vpc.provider[\"registry.terraform.io/hashicorp/aws\"]",
      "instances": [
        {
          "index_key": 0,
          "schema_version": 0,
          "attributes": {
            "address": null,
            "allocation_id": "eipalloc-0f38c5eb412ada177",
            "associate_with_private_ip": null,
            "association_id": "",
            "carrier_ip": "",
            "customer_owned_ip": "",
            "customer_owned_ipv4_pool": "",
            "domain": "vpc",
            "id": "eipalloc-0f38c5eb412ada177",
            "instance": "",
            "network_border_group": "eu-west-1",
            "network_interface": "",
            "private_dns": null,
            "private_ip": "",
            "public_dns": "ec2-52-19-147-124.eu-west-1.compute.amazonaws.com",
            "public_ip": "52.19.147.124",
            "public_ipv4_pool": "amazon",
            "tags": {
              "Example": "ex-Module-VPC",
              "GithubOrg": "terraform-aws-modules",
              "GithubRepo": "terraform-aws-vpc",
              "Name": "ex-Module-VPC-eu-west-1a"
            },
            "tags_all": {
              "Example": "ex-Module-VPC",
              "GithubOrg": "terraform-aws-modules",
              "GithubRepo": "terraform-aws-vpc",
              "Name": "ex-Module-VPC-eu-west-1a"
            },
            "timeouts": null,
            "vpc": true
          },
          "sensitive_attributes": [],
          "private": "eyJlMmJmYjczMC1lY2FhLTExZTYtOGY4OC0zNDM2M2JjN2M0YzAiOnsiZGVsZXRlIjoxODAwMDAwMDAwMDAsInJlYWQiOjkwMDAwMDAwMDAwMCwidXBkYXRlIjozMDAwMDAwMDAwMDB9fQ=="
        }
      ]
    },
    {
      "module": "module.vpc_example_complete-vpc.module.vpc",
      "mode": "managed",
      "type": "aws_elasticache_subnet_group",
      "name": "elasticache",
      "provider": "module.vpc_example_complete-vpc.provider[\"registry.terraform.io/hashicorp/aws\"]",
      "instances": [
        {
          "index_key": 0,
          "schema_version": 0,
          "attributes": {
            "arn": "arn:aws:elasticache:eu-west-1:728738226157:subnetgroup:ex-module-vpc",
            "description": "ElastiCache subnet group for ex-Module-VPC",
            "id": "ex-module-vpc",
            "name": "ex-module-vpc",
            "subnet_ids": [
              "subnet-0523840feffba8113",
              "subnet-0def3ff0602378e78",
              "subnet-0e9006021dd030811"
            ],
            "tags": {
              "Example": "ex-Module-VPC",
              "GithubOrg": "terraform-aws-modules",
              "GithubRepo": "terraform-aws-vpc",
              "Name": "ex-Module-VPC"
            },
            "tags_all": {
              "Example": "ex-Module-VPC",
              "GithubOrg": "terraform-aws-modules",
              "GithubRepo": "terraform-aws-vpc",
              "Name": "ex-Module-VPC"
            }
          },
          "sensitive_attributes": [],
          "private": "bnVsbA==",
          "dependencies": [
            "module.vpc_example_complete-vpc.module.vpc.aws_subnet.elasticache",
            "module.vpc_example_complete-vpc.module.vpc.aws_vpc.this",
            "module.vpc_example_complete-vpc.module.vpc.aws_vpc_ipv4_cidr_block_association.this"
          ]
        }
      ]
    },
    {
      "module": "module.vpc_example_complete-vpc.module.vpc",
      "mode": "managed",
      "type": "aws_flow_log",
      "name": "this",
      "provider": "module.vpc_example_complete-vpc.provider[\"registry.terraform.io/hashicorp/aws\"]",
      "instances": [
        {
          "index_key": 0,
          "schema_version": 0,
          "attributes": {
            "arn": "arn:aws:ec2:eu-west-1:728738226157:vpc-flow-log/fl-0e9a04a65c6cfe643",
            "destination_options": [],
            "eni_id": null,
            "iam_role_arn": "arn:aws:iam::728738226157:role/vpc-flow-log-role-20221114093923514100000002",
            "id": "fl-0e9a04a65c6cfe643",
            "log_destination": "arn:aws:logs:eu-west-1:728738226157:log-group:/aws/vpc-flow-log/vpc-0a8f170855a8e6a90",
            "log_destination_type": "cloud-watch-logs",
            "log_format": "${version} ${account-id} ${interface-id} ${srcaddr} ${dstaddr} ${srcport} ${dstport} ${protocol} ${packets} ${bytes} ${start} ${end} ${action} ${log-status}",
            "log_group_name": "/aws/vpc-flow-log/vpc-0a8f170855a8e6a90",
            "max_aggregation_interval": 60,
            "subnet_id": null,
            "tags": {
              "Example": "ex-Module-VPC",
              "GithubOrg": "terraform-aws-modules",
              "GithubRepo": "terraform-aws-vpc"
            },
            "tags_all": {
              "Example": "ex-Module-VPC",
              "GithubOrg": "terraform-aws-modules",
              "GithubRepo": "terraform-aws-vpc"
            },
            "traffic_type": "ALL",
            "transit_gateway_attachment_id": null,
            "transit_gateway_id": null,
            "vpc_id": "vpc-0a8f170855a8e6a90"
          },
          "sensitive_attributes": [],
          "private": "bnVsbA==",
          "dependencies": [
            "module.vpc_example_complete-vpc.module.vpc.aws_cloudwatch_log_group.flow_log",
            "module.vpc_example_complete-vpc.module.vpc.aws_iam_role.vpc_flow_log_cloudwatch",
            "module.vpc_example_complete-vpc.module.vpc.aws_vpc.this",
            "module.vpc_example_complete-vpc.module.vpc.aws_vpc_ipv4_cidr_block_association.this",
            "module.vpc_example_complete-vpc.module.vpc.data.aws_iam_policy_document.flow_log_cloudwatch_assume_role"
          ]
        }
      ]
    },
    {
      "module": "module.vpc_example_complete-vpc.module.vpc",
      "mode": "managed",
      "type": "aws_iam_policy",
      "name": "vpc_flow_log_cloudwatch",
      "provider": "module.vpc_example_complete-vpc.provider[\"registry.terraform.io/hashicorp/aws\"]",
      "instances": [
        {
          "index_key": 0,
          "schema_version": 0,
          "attributes": {
            "arn": "arn:aws:iam::728738226157:policy/vpc-flow-log-to-cloudwatch-20221114093923513800000001",
            "description": "",
            "id": "arn:aws:iam::728738226157:policy/vpc-flow-log-to-cloudwatch-20221114093923513800000001",
            "name": "vpc-flow-log-to-cloudwatch-20221114093923513800000001",
            "name_prefix": "vpc-flow-log-to-cloudwatch-",
            "path": "/",
            "policy": "{\"Statement\":[{\"Action\":[\"logs:PutLogEvents\",\"logs:DescribeLogStreams\",\"logs:DescribeLogGroups\",\"logs:CreateLogStream\"],\"Effect\":\"Allow\",\"Resource\":\"*\",\"Sid\":\"AWSVPCFlowLogsPushToCloudWatch\"}],\"Version\":\"2012-10-17\"}",
            "policy_id": "ANPA2TLBO37W32GPI6PK6",
            "tags": {
              "Example": "ex-Module-VPC",
              "GithubOrg": "terraform-aws-modules",
              "GithubRepo": "terraform-aws-vpc"
            },
            "tags_all": {
              "Example": "ex-Module-VPC",
              "GithubOrg": "terraform-aws-modules",
              "GithubRepo": "terraform-aws-vpc"
            }
          },
          "sensitive_attributes": [],
          "private": "bnVsbA==",
          "dependencies": [
            "module.vpc_example_complete-vpc.module.vpc.data.aws_iam_policy_document.vpc_flow_log_cloudwatch"
          ]
        }
      ]
    },
    {
      "module": "module.vpc_example_complete-vpc.module.vpc",
      "mode": "managed",
      "type": "aws_iam_role",
      "name": "vpc_flow_log_cloudwatch",
      "provider": "module.vpc_example_complete-vpc.provider[\"registry.terraform.io/hashicorp/aws\"]",
      "instances": [
        {
          "index_key": 0,
          "schema_version": 0,
          "attributes": {
            "arn": "arn:aws:iam::728738226157:role/vpc-flow-log-role-20221114093923514100000002",
            "assume_role_policy": "{\"Statement\":[{\"Action\":\"sts:AssumeRole\",\"Effect\":\"Allow\",\"Principal\":{\"Service\":\"vpc-flow-logs.amazonaws.com\"},\"Sid\":\"AWSVPCFlowLogsAssumeRole\"}],\"Version\":\"2012-10-17\"}",
            "create_date": "2022-11-14T09:39:24Z",
            "description": "",
            "force_detach_policies": false,
            "id": "vpc-flow-log-role-20221114093923514100000002",
            "inline_policy": [],
            "managed_policy_arns": [],
            "max_session_duration": 3600,
            "name": "vpc-flow-log-role-20221114093923514100000002",
            "name_prefix": "vpc-flow-log-role-",
            "path": "/",
            "permissions_boundary": null,
            "tags": {
              "Example": "ex-Module-VPC",
              "GithubOrg": "terraform-aws-modules",
              "GithubRepo": "terraform-aws-vpc"
            },
            "tags_all": {
              "Example": "ex-Module-VPC",
              "GithubOrg": "terraform-aws-modules",
              "GithubRepo": "terraform-aws-vpc"
            },
            "unique_id": "AROA2TLBO37WZFY253QN7"
          },
          "sensitive_attributes": [],
          "private": "bnVsbA==",
          "dependencies": [
            "module.vpc_example_complete-vpc.module.vpc.data.aws_iam_policy_document.flow_log_cloudwatch_assume_role"
          ]
        }
      ]
    },
    {
      "module": "module.vpc_example_complete-vpc.module.vpc",
      "mode": "managed",
      "type": "aws_iam_role_policy_attachment",
      "name": "vpc_flow_log_cloudwatch",
      "provider": "module.vpc_example_complete-vpc.provider[\"registry.terraform.io/hashicorp/aws\"]",
      "instances": [
        {
          "index_key": 0,
          "schema_version": 0,
          "attributes": {
            "id": "vpc-flow-log-role-20221114093923514100000002-20221114093925938300000003",
            "policy_arn": "arn:aws:iam::728738226157:policy/vpc-flow-log-to-cloudwatch-20221114093923513800000001",
            "role": "vpc-flow-log-role-20221114093923514100000002"
          },
          "sensitive_attributes": [],
          "private": "bnVsbA==",
          "dependencies": [
            "module.vpc_example_complete-vpc.module.vpc.aws_iam_policy.vpc_flow_log_cloudwatch",
            "module.vpc_example_complete-vpc.module.vpc.aws_iam_role.vpc_flow_log_cloudwatch",
            "module.vpc_example_complete-vpc.module.vpc.data.aws_iam_policy_document.flow_log_cloudwatch_assume_role",
            "module.vpc_example_complete-vpc.module.vpc.data.aws_iam_policy_document.vpc_flow_log_cloudwatch"
          ]
        }
      ]
    },
    {
      "module": "module.vpc_example_complete-vpc.module.vpc",
      "mode": "managed",
      "type": "aws_internet_gateway",
      "name": "this",
      "provider": "module.vpc_example_complete-vpc.provider[\"registry.terraform.io/hashicorp/aws\"]",
      "instances": [
        {
          "index_key": 0,
          "schema_version": 0,
          "attributes": {
            "arn": "arn:aws:ec2:eu-west-1:728738226157:internet-gateway/igw-0dd10824af25a5aaa",
            "id": "igw-0dd10824af25a5aaa",
            "owner_id": "728738226157",
            "tags": {
              "Example": "ex-Module-VPC",
              "GithubOrg": "terraform-aws-modules",
              "GithubRepo": "terraform-aws-vpc",
              "Name": "ex-Module-VPC"
            },
            "tags_all": {
              "Example": "ex-Module-VPC",
              "GithubOrg": "terraform-aws-modules",
              "GithubRepo": "terraform-aws-vpc",
              "Name": "ex-Module-VPC"
            },
            "timeouts": null,
            "vpc_id": "vpc-0a8f170855a8e6a90"
          },
          "sensitive_attributes": [],
          "private": "eyJlMmJmYjczMC1lY2FhLTExZTYtOGY4OC0zNDM2M2JjN2M0YzAiOnsiY3JlYXRlIjoxMjAwMDAwMDAwMDAwLCJkZWxldGUiOjEyMDAwMDAwMDAwMDAsInVwZGF0ZSI6MTIwMDAwMDAwMDAwMH19",
          "dependencies": [
            "module.vpc_example_complete-vpc.module.vpc.aws_vpc.this",
            "module.vpc_example_complete-vpc.module.vpc.aws_vpc_ipv4_cidr_block_association.this"
          ]
        }
      ]
    },
    {
      "module": "module.vpc_example_complete-vpc.module.vpc",
      "mode": "managed",
      "type": "aws_nat_gateway",
      "name": "this",
      "provider": "module.vpc_example_complete-vpc.provider[\"registry.terraform.io/hashicorp/aws\"]",
      "instances": [
        {
          "index_key": 0,
          "schema_version": 0,
          "attributes": {
            "allocation_id": "eipalloc-0f38c5eb412ada177",
            "connectivity_type": "public",
            "id": "nat-012e544041f7a683b",
            "network_interface_id": "eni-07d799b7b1d5b2aba",
            "private_ip": "10.0.11.222",
            "public_ip": "52.19.147.124",
            "subnet_id": "subnet-0ed24ef4438221097",
            "tags": {
              "Example": "ex-Module-VPC",
              "GithubOrg": "terraform-aws-modules",
              "GithubRepo": "terraform-aws-vpc",
              "Name": "ex-Module-VPC-eu-west-1a"
            },
            "tags_all": {
              "Example": "ex-Module-VPC",
              "GithubOrg": "terraform-aws-modules",
              "GithubRepo": "terraform-aws-vpc",
              "Name": "ex-Module-VPC-eu-west-1a"
            }
          },
          "sensitive_attributes": [],
          "private": "bnVsbA==",
          "dependencies": [
            "module.vpc_example_complete-vpc.module.vpc.aws_eip.nat",
            "module.vpc_example_complete-vpc.module.vpc.aws_internet_gateway.this",
            "module.vpc_example_complete-vpc.module.vpc.aws_subnet.public",
            "module.vpc_example_complete-vpc.module.vpc.aws_vpc.this",
            "module.vpc_example_complete-vpc.module.vpc.aws_vpc_ipv4_cidr_block_association.this"
          ]
        }
      ]
    },
    {
      "module": "module.vpc_example_complete-vpc.module.vpc",
      "mode": "managed",
      "type": "aws_redshift_subnet_group",
      "name": "redshift",
      "provider": "module.vpc_example_complete-vpc.provider[\"registry.terraform.io/hashicorp/aws\"]",
      "instances": [
        {
          "index_key": 0,
          "schema_version": 0,
          "attributes": {
            "arn": "arn:aws:redshift:eu-west-1:728738226157:subnetgroup:ex-module-vpc",
            "description": "Redshift subnet group for ex-Module-VPC",
            "id": "ex-module-vpc",
            "name": "ex-module-vpc",
            "subnet_ids": [
              "subnet-069721c1448f16bbc",
              "subnet-0869cbac95850b89c",
              "subnet-0ce8cb0861bab2678"
            ],
            "tags": {
              "Example": "ex-Module-VPC",
              "GithubOrg": "terraform-aws-modules",
              "GithubRepo": "terraform-aws-vpc",
              "Name": "ex-Module-VPC"
            },
            "tags_all": {
              "Example": "ex-Module-VPC",
              "GithubOrg": "terraform-aws-modules",
              "GithubRepo": "terraform-aws-vpc",
              "Name": "ex-Module-VPC"
            }
          },
          "sensitive_attributes": [],
          "private": "bnVsbA==",
          "dependencies": [
            "module.vpc_example_complete-vpc.module.vpc.aws_subnet.redshift",
            "module.vpc_example_complete-vpc.module.vpc.aws_vpc.this",
            "module.vpc_example_complete-vpc.module.vpc.aws_vpc_ipv4_cidr_block_association.this"
          ]
        }
      ]
    },
    {
      "module": "module.vpc_example_complete-vpc.module.vpc",
      "mode": "managed",
      "type": "aws_route",
      "name": "private_nat_gateway",
      "provider": "module.vpc_example_complete-vpc.provider[\"registry.terraform.io/hashicorp/aws\"]",
      "instances": [
        {
          "index_key": 0,
          "schema_version": 0,
          "attributes": {
            "carrier_gateway_id": "",
            "core_network_arn": "",
            "destination_cidr_block": "0.0.0.0/0",
            "destination_ipv6_cidr_block": "",
            "destination_prefix_list_id": "",
            "egress_only_gateway_id": "",
            "gateway_id": "",
            "id": "r-rtb-02387fc033ad2454a1080289494",
            "instance_id": "",
            "instance_owner_id": "",
            "local_gateway_id": "",
            "nat_gateway_id": "nat-012e544041f7a683b",
            "network_interface_id": "",
            "origin": "CreateRoute",
            "route_table_id": "rtb-02387fc033ad2454a",
            "state": "active",
            "timeouts": {
              "create": "5m",
              "delete": null,
              "update": null
            },
            "transit_gateway_id": "",
            "vpc_endpoint_id": "",
            "vpc_peering_connection_id": ""
          },
          "sensitive_attributes": [],
          "private": "eyJlMmJmYjczMC1lY2FhLTExZTYtOGY4OC0zNDM2M2JjN2M0YzAiOnsiY3JlYXRlIjozMDAwMDAwMDAwMDAsImRlbGV0ZSI6MzAwMDAwMDAwMDAwLCJ1cGRhdGUiOjEyMDAwMDAwMDAwMH19",
          "dependencies": [
            "module.vpc_example_complete-vpc.module.vpc.aws_eip.nat",
            "module.vpc_example_complete-vpc.module.vpc.aws_internet_gateway.this",
            "module.vpc_example_complete-vpc.module.vpc.aws_nat_gateway.this",
            "module.vpc_example_complete-vpc.module.vpc.aws_route_table.private",
            "module.vpc_example_complete-vpc.module.vpc.aws_subnet.public",
            "module.vpc_example_complete-vpc.module.vpc.aws_vpc.this",
            "module.vpc_example_complete-vpc.module.vpc.aws_vpc_ipv4_cidr_block_association.this"
          ]
        }
      ]
    },
    {
      "module": "module.vpc_example_complete-vpc.module.vpc",
      "mode": "managed",
      "type": "aws_route",
      "name": "public_internet_gateway",
      "provider": "module.vpc_example_complete-vpc.provider[\"registry.terraform.io/hashicorp/aws\"]",
      "instances": [
        {
          "index_key": 0,
          "schema_version": 0,
          "attributes": {
            "carrier_gateway_id": "",
            "core_network_arn": "",
            "destination_cidr_block": "0.0.0.0/0",
            "destination_ipv6_cidr_block": "",
            "destination_prefix_list_id": "",
            "egress_only_gateway_id": "",
            "gateway_id": "igw-0dd10824af25a5aaa",
            "id": "r-rtb-0b945c6bc8e05327d1080289494",
            "instance_id": "",
            "instance_owner_id": "",
            "local_gateway_id": "",
            "nat_gateway_id": "",
            "network_interface_id": "",
            "origin": "CreateRoute",
            "route_table_id": "rtb-0b945c6bc8e05327d",
            "state": "active",
            "timeouts": {
              "create": "5m",
              "delete": null,
              "update": null
            },
            "transit_gateway_id": "",
            "vpc_endpoint_id": "",
            "vpc_peering_connection_id": ""
          },
          "sensitive_attributes": [],
          "private": "eyJlMmJmYjczMC1lY2FhLTExZTYtOGY4OC0zNDM2M2JjN2M0YzAiOnsiY3JlYXRlIjozMDAwMDAwMDAwMDAsImRlbGV0ZSI6MzAwMDAwMDAwMDAwLCJ1cGRhdGUiOjEyMDAwMDAwMDAwMH19",
          "dependencies": [
            "module.vpc_example_complete-vpc.module.vpc.aws_internet_gateway.this",
            "module.vpc_example_complete-vpc.module.vpc.aws_route_table.public",
            "module.vpc_example_complete-vpc.module.vpc.aws_vpc.this",
            "module.vpc_example_complete-vpc.module.vpc.aws_vpc_ipv4_cidr_block_association.this"
          ]
        }
      ]
    },
    {
      "module": "module.vpc_example_complete-vpc.module.vpc",
      "mode": "managed",
      "type": "aws_route_table",
      "name": "intra",
      "provider": "module.vpc_example_complete-vpc.provider[\"registry.terraform.io/hashicorp/aws\"]",
      "instances": [
        {
          "index_key": 0,
          "schema_version": 0,
          "attributes": {
            "arn": "arn:aws:ec2:eu-west-1:728738226157:route-table/rtb-0ca9583368b0aaa8f",
            "id": "rtb-0ca9583368b0aaa8f",
            "owner_id": "728738226157",
            "propagating_vgws": [],
            "route": [],
            "tags": {
              "Example": "ex-Module-VPC",
              "GithubOrg": "terraform-aws-modules",
              "GithubRepo": "terraform-aws-vpc",
              "Name": "ex-Module-VPC-intra"
            },
            "tags_all": {
              "Example": "ex-Module-VPC",
              "GithubOrg": "terraform-aws-modules",
              "GithubRepo": "terraform-aws-vpc",
              "Name": "ex-Module-VPC-intra"
            },
            "timeouts": null,
            "vpc_id": "vpc-0a8f170855a8e6a90"
          },
          "sensitive_attributes": [],
          "private": "eyJlMmJmYjczMC1lY2FhLTExZTYtOGY4OC0zNDM2M2JjN2M0YzAiOnsiY3JlYXRlIjozMDAwMDAwMDAwMDAsImRlbGV0ZSI6MzAwMDAwMDAwMDAwLCJ1cGRhdGUiOjEyMDAwMDAwMDAwMH19",
          "dependencies": [
            "module.vpc_example_complete-vpc.module.vpc.aws_vpc.this",
            "module.vpc_example_complete-vpc.module.vpc.aws_vpc_ipv4_cidr_block_association.this"
          ]
        }
      ]
    },
    {
      "module": "module.vpc_example_complete-vpc.module.vpc",
      "mode": "managed",
      "type": "aws_route_table",
      "name": "private",
      "provider": "module.vpc_example_complete-vpc.provider[\"registry.terraform.io/hashicorp/aws\"]",
      "instances": [
        {
          "index_key": 0,
          "schema_version": 0,
          "attributes": {
            "arn": "arn:aws:ec2:eu-west-1:728738226157:route-table/rtb-02387fc033ad2454a",
            "id": "rtb-02387fc033ad2454a",
            "owner_id": "728738226157",
            "propagating_vgws": [],
            "route": [],
            "tags": {
              "Example": "ex-Module-VPC",
              "GithubOrg": "terraform-aws-modules",
              "GithubRepo": "terraform-aws-vpc",
              "Name": "ex-Module-VPC-private"
            },
            "tags_all": {
              "Example": "ex-Module-VPC",
              "GithubOrg": "terraform-aws-modules",
              "GithubRepo": "terraform-aws-vpc",
              "Name": "ex-Module-VPC-private"
            },
            "timeouts": null,
            "vpc_id": "vpc-0a8f170855a8e6a90"
          },
          "sensitive_attributes": [],
          "private": "eyJlMmJmYjczMC1lY2FhLTExZTYtOGY4OC0zNDM2M2JjN2M0YzAiOnsiY3JlYXRlIjozMDAwMDAwMDAwMDAsImRlbGV0ZSI6MzAwMDAwMDAwMDAwLCJ1cGRhdGUiOjEyMDAwMDAwMDAwMH19",
          "dependencies": [
            "module.vpc_example_complete-vpc.module.vpc.aws_vpc.this",
            "module.vpc_example_complete-vpc.module.vpc.aws_vpc_ipv4_cidr_block_association.this"
          ]
        }
      ]
    },
    {
      "module": "module.vpc_example_complete-vpc.module.vpc",
      "mode": "managed",
      "type": "aws_route_table",
      "name": "public",
      "provider": "module.vpc_example_complete-vpc.provider[\"registry.terraform.io/hashicorp/aws\"]",
      "instances": [
        {
          "index_key": 0,
          "schema_version": 0,
          "attributes": {
            "arn": "arn:aws:ec2:eu-west-1:728738226157:route-table/rtb-0b945c6bc8e05327d",
            "id": "rtb-0b945c6bc8e05327d",
            "owner_id": "728738226157",
            "propagating_vgws": [],
            "route": [],
            "tags": {
              "Example": "ex-Module-VPC",
              "GithubOrg": "terraform-aws-modules",
              "GithubRepo": "terraform-aws-vpc",
              "Name": "ex-Module-VPC-public"
            },
            "tags_all": {
              "Example": "ex-Module-VPC",
              "GithubOrg": "terraform-aws-modules",
              "GithubRepo": "terraform-aws-vpc",
              "Name": "ex-Module-VPC-public"
            },
            "timeouts": null,
            "vpc_id": "vpc-0a8f170855a8e6a90"
          },
          "sensitive_attributes": [],
          "private": "eyJlMmJmYjczMC1lY2FhLTExZTYtOGY4OC0zNDM2M2JjN2M0YzAiOnsiY3JlYXRlIjozMDAwMDAwMDAwMDAsImRlbGV0ZSI6MzAwMDAwMDAwMDAwLCJ1cGRhdGUiOjEyMDAwMDAwMDAwMH19",
          "dependencies": [
            "module.vpc_example_complete-vpc.module.vpc.aws_vpc.this",
            "module.vpc_example_complete-vpc.module.vpc.aws_vpc_ipv4_cidr_block_association.this"
          ]
        }
      ]
    },
    {
      "module": "module.vpc_example_complete-vpc.module.vpc",
      "mode": "managed",
      "type": "aws_route_table_association",
      "name": "database",
      "provider": "module.vpc_example_complete-vpc.provider[\"registry.terraform.io/hashicorp/aws\"]",
      "instances": [
        {
          "index_key": 0,
          "schema_version": 0,
          "attributes": {
            "gateway_id": "",
            "id": "rtbassoc-00437257705f3aeed",
            "route_table_id": "rtb-02387fc033ad2454a",
            "subnet_id": "subnet-0be63437e52ac465a"
          },
          "sensitive_attributes": [],
          "private": "bnVsbA==",
          "dependencies": [
            "module.vpc_example_complete-vpc.module.vpc.aws_route_table.database",
            "module.vpc_example_complete-vpc.module.vpc.aws_route_table.private",
            "module.vpc_example_complete-vpc.module.vpc.aws_subnet.database",
            "module.vpc_example_complete-vpc.module.vpc.aws_vpc.this",
            "module.vpc_example_complete-vpc.module.vpc.aws_vpc_ipv4_cidr_block_association.this"
          ]
        },
        {
          "index_key": 1,
          "schema_version": 0,
          "attributes": {
            "gateway_id": "",
            "id": "rtbassoc-0e3b374ea445b2ee5",
            "route_table_id": "rtb-02387fc033ad2454a",
            "subnet_id": "subnet-0847c832d4bfa5232"
          },
          "sensitive_attributes": [],
          "private": "bnVsbA==",
          "dependencies": [
            "module.vpc_example_complete-vpc.module.vpc.aws_route_table.database",
            "module.vpc_example_complete-vpc.module.vpc.aws_route_table.private",
            "module.vpc_example_complete-vpc.module.vpc.aws_subnet.database",
            "module.vpc_example_complete-vpc.module.vpc.aws_vpc.this",
            "module.vpc_example_complete-vpc.module.vpc.aws_vpc_ipv4_cidr_block_association.this"
          ]
        },
        {
          "index_key": 2,
          "schema_version": 0,
          "attributes": {
            "gateway_id": "",
            "id": "rtbassoc-0ac4540afd5e99903",
            "route_table_id": "rtb-02387fc033ad2454a",
            "subnet_id": "subnet-0b72c75cd6dfe313c"
          },
          "sensitive_attributes": [],
          "private": "bnVsbA==",
          "dependencies": [
            "module.vpc_example_complete-vpc.module.vpc.aws_route_table.database",
            "module.vpc_example_complete-vpc.module.vpc.aws_route_table.private",
            "module.vpc_example_complete-vpc.module.vpc.aws_subnet.database",
            "module.vpc_example_complete-vpc.module.vpc.aws_vpc.this",
            "module.vpc_example_complete-vpc.module.vpc.aws_vpc_ipv4_cidr_block_association.this"
          ]
        }
      ]
    },
    {
      "module": "module.vpc_example_complete-vpc.module.vpc",
      "mode": "managed",
      "type": "aws_route_table_association",
      "name": "elasticache",
      "provider": "module.vpc_example_complete-vpc.provider[\"registry.terraform.io/hashicorp/aws\"]",
      "instances": [
        {
          "index_key": 0,
          "schema_version": 0,
          "attributes": {
            "gateway_id": "",
            "id": "rtbassoc-0307083e92d006871",
            "route_table_id": "rtb-02387fc033ad2454a",
            "subnet_id": "subnet-0523840feffba8113"
          },
          "sensitive_attributes": [],
          "private": "bnVsbA==",
          "dependencies": [
            "module.vpc_example_complete-vpc.module.vpc.aws_route_table.elasticache",
            "module.vpc_example_complete-vpc.module.vpc.aws_route_table.private",
            "module.vpc_example_complete-vpc.module.vpc.aws_subnet.elasticache",
            "module.vpc_example_complete-vpc.module.vpc.aws_vpc.this",
            "module.vpc_example_complete-vpc.module.vpc.aws_vpc_ipv4_cidr_block_association.this"
          ]
        },
        {
          "index_key": 1,
          "schema_version": 0,
          "attributes": {
            "gateway_id": "",
            "id": "rtbassoc-018a67c8ad280b956",
            "route_table_id": "rtb-02387fc033ad2454a",
            "subnet_id": "subnet-0def3ff0602378e78"
          },
          "sensitive_attributes": [],
          "private": "bnVsbA==",
          "dependencies": [
            "module.vpc_example_complete-vpc.module.vpc.aws_route_table.elasticache",
            "module.vpc_example_complete-vpc.module.vpc.aws_route_table.private",
            "module.vpc_example_complete-vpc.module.vpc.aws_subnet.elasticache",
            "module.vpc_example_complete-vpc.module.vpc.aws_vpc.this",
            "module.vpc_example_complete-vpc.module.vpc.aws_vpc_ipv4_cidr_block_association.this"
          ]
        },
        {
          "index_key": 2,
          "schema_version": 0,
          "attributes": {
            "gateway_id": "",
            "id": "rtbassoc-0c8dd573309ee3360",
            "route_table_id": "rtb-02387fc033ad2454a",
            "subnet_id": "subnet-0e9006021dd030811"
          },
          "sensitive_attributes": [],
          "private": "bnVsbA==",
          "dependencies": [
            "module.vpc_example_complete-vpc.module.vpc.aws_route_table.elasticache",
            "module.vpc_example_complete-vpc.module.vpc.aws_route_table.private",
            "module.vpc_example_complete-vpc.module.vpc.aws_subnet.elasticache",
            "module.vpc_example_complete-vpc.module.vpc.aws_vpc.this",
            "module.vpc_example_complete-vpc.module.vpc.aws_vpc_ipv4_cidr_block_association.this"
          ]
        }
      ]
    },
    {
      "module": "module.vpc_example_complete-vpc.module.vpc",
      "mode": "managed",
      "type": "aws_route_table_association",
      "name": "intra",
      "provider": "module.vpc_example_complete-vpc.provider[\"registry.terraform.io/hashicorp/aws\"]",
      "instances": [
        {
          "index_key": 0,
          "schema_version": 0,
          "attributes": {
            "gateway_id": "",
            "id": "rtbassoc-0e8d3618df619385c",
            "route_table_id": "rtb-0ca9583368b0aaa8f",
            "subnet_id": "subnet-070a3a888b9c74fe2"
          },
          "sensitive_attributes": [],
          "private": "bnVsbA==",
          "dependencies": [
            "module.vpc_example_complete-vpc.module.vpc.aws_route_table.intra",
            "module.vpc_example_complete-vpc.module.vpc.aws_subnet.intra",
            "module.vpc_example_complete-vpc.module.vpc.aws_vpc.this",
            "module.vpc_example_complete-vpc.module.vpc.aws_vpc_ipv4_cidr_block_association.this"
          ]
        },
        {
          "index_key": 1,
          "schema_version": 0,
          "attributes": {
            "gateway_id": "",
            "id": "rtbassoc-0568c5a530b8a9b8f",
            "route_table_id": "rtb-0ca9583368b0aaa8f",
            "subnet_id": "subnet-065c1c15b2271cd55"
          },
          "sensitive_attributes": [],
          "private": "bnVsbA==",
          "dependencies": [
            "module.vpc_example_complete-vpc.module.vpc.aws_route_table.intra",
            "module.vpc_example_complete-vpc.module.vpc.aws_subnet.intra",
            "module.vpc_example_complete-vpc.module.vpc.aws_vpc.this",
            "module.vpc_example_complete-vpc.module.vpc.aws_vpc_ipv4_cidr_block_association.this"
          ]
        },
        {
          "index_key": 2,
          "schema_version": 0,
          "attributes": {
            "gateway_id": "",
            "id": "rtbassoc-09b2d06692b285707",
            "route_table_id": "rtb-0ca9583368b0aaa8f",
            "subnet_id": "subnet-06c45da6824075689"
          },
          "sensitive_attributes": [],
          "private": "bnVsbA==",
          "dependencies": [
            "module.vpc_example_complete-vpc.module.vpc.aws_route_table.intra",
            "module.vpc_example_complete-vpc.module.vpc.aws_subnet.intra",
            "module.vpc_example_complete-vpc.module.vpc.aws_vpc.this",
            "module.vpc_example_complete-vpc.module.vpc.aws_vpc_ipv4_cidr_block_association.this"
          ]
        }
      ]
    },
    {
      "module": "module.vpc_example_complete-vpc.module.vpc",
      "mode": "managed",
      "type": "aws_route_table_association",
      "name": "private",
      "provider": "module.vpc_example_complete-vpc.provider[\"registry.terraform.io/hashicorp/aws\"]",
      "instances": [
        {
          "index_key": 0,
          "schema_version": 0,
          "attributes": {
            "gateway_id": "",
            "id": "rtbassoc-05e7fcadddf4a3ae8",
            "route_table_id": "rtb-02387fc033ad2454a",
            "subnet_id": "subnet-00170a4f1c55b7675"
          },
          "sensitive_attributes": [],
          "private": "bnVsbA==",
          "dependencies": [
            "module.vpc_example_complete-vpc.module.vpc.aws_route_table.private",
            "module.vpc_example_complete-vpc.module.vpc.aws_subnet.private",
            "module.vpc_example_complete-vpc.module.vpc.aws_vpc.this",
            "module.vpc_example_complete-vpc.module.vpc.aws_vpc_ipv4_cidr_block_association.this"
          ]
        },
        {
          "index_key": 1,
          "schema_version": 0,
          "attributes": {
            "gateway_id": "",
            "id": "rtbassoc-00c2bca0357320873",
            "route_table_id": "rtb-02387fc033ad2454a",
            "subnet_id": "subnet-08453d3e1519e37bf"
          },
          "sensitive_attributes": [],
          "private": "bnVsbA==",
          "dependencies": [
            "module.vpc_example_complete-vpc.module.vpc.aws_route_table.private",
            "module.vpc_example_complete-vpc.module.vpc.aws_subnet.private",
            "module.vpc_example_complete-vpc.module.vpc.aws_vpc.this",
            "module.vpc_example_complete-vpc.module.vpc.aws_vpc_ipv4_cidr_block_association.this"
          ]
        },
        {
          "index_key": 2,
          "schema_version": 0,
          "attributes": {
            "gateway_id": "",
            "id": "rtbassoc-095024417833936db",
            "route_table_id": "rtb-02387fc033ad2454a",
            "subnet_id": "subnet-0d7f95a866ed2029e"
          },
          "sensitive_attributes": [],
          "private": "bnVsbA==",
          "dependencies": [
            "module.vpc_example_complete-vpc.module.vpc.aws_route_table.private",
            "module.vpc_example_complete-vpc.module.vpc.aws_subnet.private",
            "module.vpc_example_complete-vpc.module.vpc.aws_vpc.this",
            "module.vpc_example_complete-vpc.module.vpc.aws_vpc_ipv4_cidr_block_association.this"
          ]
        }
      ]
    },
    {
      "module": "module.vpc_example_complete-vpc.module.vpc",
      "mode": "managed",
      "type": "aws_route_table_association",
      "name": "public",
      "provider": "module.vpc_example_complete-vpc.provider[\"registry.terraform.io/hashicorp/aws\"]",
      "instances": [
        {
          "index_key": 0,
          "schema_version": 0,
          "attributes": {
            "gateway_id": "",
            "id": "rtbassoc-031f6de489224b4a7",
            "route_table_id": "rtb-0b945c6bc8e05327d",
            "subnet_id": "subnet-0ed24ef4438221097"
          },
          "sensitive_attributes": [],
          "private": "bnVsbA==",
          "dependencies": [
            "module.vpc_example_complete-vpc.module.vpc.aws_route_table.public",
            "module.vpc_example_complete-vpc.module.vpc.aws_subnet.public",
            "module.vpc_example_complete-vpc.module.vpc.aws_vpc.this",
            "module.vpc_example_complete-vpc.module.vpc.aws_vpc_ipv4_cidr_block_association.this"
          ]
        },
        {
          "index_key": 1,
          "schema_version": 0,
          "attributes": {
            "gateway_id": "",
            "id": "rtbassoc-04b6bd9cbb9441b56",
            "route_table_id": "rtb-0b945c6bc8e05327d",
            "subnet_id": "subnet-0da7f3b676743ebbe"
          },
          "sensitive_attributes": [],
          "private": "bnVsbA==",
          "dependencies": [
            "module.vpc_example_complete-vpc.module.vpc.aws_route_table.public",
            "module.vpc_example_complete-vpc.module.vpc.aws_subnet.public",
            "module.vpc_example_complete-vpc.module.vpc.aws_vpc.this",
            "module.vpc_example_complete-vpc.module.vpc.aws_vpc_ipv4_cidr_block_association.this"
          ]
        },
        {
          "index_key": 2,
          "schema_version": 0,
          "attributes": {
            "gateway_id": "",
            "id": "rtbassoc-047ea67a66c414307",
            "route_table_id": "rtb-0b945c6bc8e05327d",
            "subnet_id": "subnet-0ebc328e5a33c7695"
          },
          "sensitive_attributes": [],
          "private": "bnVsbA==",
          "dependencies": [
            "module.vpc_example_complete-vpc.module.vpc.aws_route_table.public",
            "module.vpc_example_complete-vpc.module.vpc.aws_subnet.public",
            "module.vpc_example_complete-vpc.module.vpc.aws_vpc.this",
            "module.vpc_example_complete-vpc.module.vpc.aws_vpc_ipv4_cidr_block_association.this"
          ]
        }
      ]
    },
    {
      "module": "module.vpc_example_complete-vpc.module.vpc",
      "mode": "managed",
      "type": "aws_route_table_association",
      "name": "redshift",
      "provider": "module.vpc_example_complete-vpc.provider[\"registry.terraform.io/hashicorp/aws\"]",
      "instances": [
        {
          "index_key": 0,
          "schema_version": 0,
          "attributes": {
            "gateway_id": "",
            "id": "rtbassoc-07ce6a87b507d184e",
            "route_table_id": "rtb-02387fc033ad2454a",
            "subnet_id": "subnet-0869cbac95850b89c"
          },
          "sensitive_attributes": [],
          "private": "bnVsbA==",
          "dependencies": [
            "module.vpc_example_complete-vpc.module.vpc.aws_route_table.private",
            "module.vpc_example_complete-vpc.module.vpc.aws_route_table.redshift",
            "module.vpc_example_complete-vpc.module.vpc.aws_subnet.redshift",
            "module.vpc_example_complete-vpc.module.vpc.aws_vpc.this",
            "module.vpc_example_complete-vpc.module.vpc.aws_vpc_ipv4_cidr_block_association.this"
          ]
        },
        {
          "index_key": 1,
          "schema_version": 0,
          "attributes": {
            "gateway_id": "",
            "id": "rtbassoc-053898407b06f0e79",
            "route_table_id": "rtb-02387fc033ad2454a",
            "subnet_id": "subnet-0ce8cb0861bab2678"
          },
          "sensitive_attributes": [],
          "private": "bnVsbA==",
          "dependencies": [
            "module.vpc_example_complete-vpc.module.vpc.aws_route_table.private",
            "module.vpc_example_complete-vpc.module.vpc.aws_route_table.redshift",
            "module.vpc_example_complete-vpc.module.vpc.aws_subnet.redshift",
            "module.vpc_example_complete-vpc.module.vpc.aws_vpc.this",
            "module.vpc_example_complete-vpc.module.vpc.aws_vpc_ipv4_cidr_block_association.this"
          ]
        },
        {
          "index_key": 2,
          "schema_version": 0,
          "attributes": {
            "gateway_id": "",
            "id": "rtbassoc-0a1cd62c78ea8fe39",
            "route_table_id": "rtb-02387fc033ad2454a",
            "subnet_id": "subnet-069721c1448f16bbc"
          },
          "sensitive_attributes": [],
          "private": "bnVsbA==",
          "dependencies": [
            "module.vpc_example_complete-vpc.module.vpc.aws_route_table.private",
            "module.vpc_example_complete-vpc.module.vpc.aws_route_table.redshift",
            "module.vpc_example_complete-vpc.module.vpc.aws_subnet.redshift",
            "module.vpc_example_complete-vpc.module.vpc.aws_vpc.this",
            "module.vpc_example_complete-vpc.module.vpc.aws_vpc_ipv4_cidr_block_association.this"
          ]
        }
      ]
    },
    {
      "module": "module.vpc_example_complete-vpc.module.vpc",
      "mode": "managed",
      "type": "aws_subnet",
      "name": "database",
      "provider": "module.vpc_example_complete-vpc.provider[\"registry.terraform.io/hashicorp/aws\"]",
      "instances": [
        {
          "index_key": 0,
          "schema_version": 1,
          "attributes": {
            "arn": "arn:aws:ec2:eu-west-1:728738226157:subnet/subnet-0be63437e52ac465a",
            "assign_ipv6_address_on_creation": false,
            "availability_zone": "eu-west-1a",
            "availability_zone_id": "euw1-az1",
            "cidr_block": "10.0.21.0/24",
            "customer_owned_ipv4_pool": "",
            "enable_dns64": false,
            "enable_resource_name_dns_a_record_on_launch": false,
            "enable_resource_name_dns_aaaa_record_on_launch": false,
            "id": "subnet-0be63437e52ac465a",
            "ipv6_cidr_block": "",
            "ipv6_cidr_block_association_id": "",
            "ipv6_native": false,
            "map_customer_owned_ip_on_launch": false,
            "map_public_ip_on_launch": false,
            "outpost_arn": "",
            "owner_id": "728738226157",
            "private_dns_hostname_type_on_launch": "ip-name",
            "tags": {
              "Example": "ex-Module-VPC",
              "GithubOrg": "terraform-aws-modules",
              "GithubRepo": "terraform-aws-vpc",
              "Name": "DB Subnet One"
            },
            "tags_all": {
              "Example": "ex-Module-VPC",
              "GithubOrg": "terraform-aws-modules",
              "GithubRepo": "terraform-aws-vpc",
              "Name": "DB Subnet One"
            },
            "timeouts": null,
            "vpc_id": "vpc-0a8f170855a8e6a90"
          },
          "sensitive_attributes": [],
          "private": "eyJlMmJmYjczMC1lY2FhLTExZTYtOGY4OC0zNDM2M2JjN2M0YzAiOnsiY3JlYXRlIjo2MDAwMDAwMDAwMDAsImRlbGV0ZSI6MTIwMDAwMDAwMDAwMH0sInNjaGVtYV92ZXJzaW9uIjoiMSJ9",
          "dependencies": [
            "module.vpc_example_complete-vpc.module.vpc.aws_vpc.this",
            "module.vpc_example_complete-vpc.module.vpc.aws_vpc_ipv4_cidr_block_association.this"
          ]
        },
        {
          "index_key": 1,
          "schema_version": 1,
          "attributes": {
            "arn": "arn:aws:ec2:eu-west-1:728738226157:subnet/subnet-0847c832d4bfa5232",
            "assign_ipv6_address_on_creation": false,
            "availability_zone": "eu-west-1b",
            "availability_zone_id": "euw1-az2",
            "cidr_block": "10.0.22.0/24",
            "customer_owned_ipv4_pool": "",
            "enable_dns64": false,
            "enable_resource_name_dns_a_record_on_launch": false,
            "enable_resource_name_dns_aaaa_record_on_launch": false,
            "id": "subnet-0847c832d4bfa5232",
            "ipv6_cidr_block": "",
            "ipv6_cidr_block_association_id": "",
            "ipv6_native": false,
            "map_customer_owned_ip_on_launch": false,
            "map_public_ip_on_launch": false,
            "outpost_arn": "",
            "owner_id": "728738226157",
            "private_dns_hostname_type_on_launch": "ip-name",
            "tags": {
              "Example": "ex-Module-VPC",
              "GithubOrg": "terraform-aws-modules",
              "GithubRepo": "terraform-aws-vpc",
              "Name": "ex-Module-VPC-db-eu-west-1b"
            },
            "tags_all": {
              "Example": "ex-Module-VPC",
              "GithubOrg": "terraform-aws-modules",
              "GithubRepo": "terraform-aws-vpc",
              "Name": "ex-Module-VPC-db-eu-west-1b"
            },
            "timeouts": null,
            "vpc_id": "vpc-0a8f170855a8e6a90"
          },
          "sensitive_attributes": [],
          "private": "eyJlMmJmYjczMC1lY2FhLTExZTYtOGY4OC0zNDM2M2JjN2M0YzAiOnsiY3JlYXRlIjo2MDAwMDAwMDAwMDAsImRlbGV0ZSI6MTIwMDAwMDAwMDAwMH0sInNjaGVtYV92ZXJzaW9uIjoiMSJ9",
          "dependencies": [
            "module.vpc_example_complete-vpc.module.vpc.aws_vpc.this",
            "module.vpc_example_complete-vpc.module.vpc.aws_vpc_ipv4_cidr_block_association.this"
          ]
        },
        {
          "index_key": 2,
          "schema_version": 1,
          "attributes": {
            "arn": "arn:aws:ec2:eu-west-1:728738226157:subnet/subnet-0b72c75cd6dfe313c",
            "assign_ipv6_address_on_creation": false,
            "availability_zone": "eu-west-1c",
            "availability_zone_id": "euw1-az3",
            "cidr_block": "10.0.23.0/24",
            "customer_owned_ipv4_pool": "",
            "enable_dns64": false,
            "enable_resource_name_dns_a_record_on_launch": false,
            "enable_resource_name_dns_aaaa_record_on_launch": false,
            "id": "subnet-0b72c75cd6dfe313c",
            "ipv6_cidr_block": "",
            "ipv6_cidr_block_association_id": "",
            "ipv6_native": false,
            "map_customer_owned_ip_on_launch": false,
            "map_public_ip_on_launch": false,
            "outpost_arn": "",
            "owner_id": "728738226157",
            "private_dns_hostname_type_on_launch": "ip-name",
            "tags": {
              "Example": "ex-Module-VPC",
              "GithubOrg": "terraform-aws-modules",
              "GithubRepo": "terraform-aws-vpc",
              "Name": "ex-Module-VPC-db-eu-west-1c"
            },
            "tags_all": {
              "Example": "ex-Module-VPC",
              "GithubOrg": "terraform-aws-modules",
              "GithubRepo": "terraform-aws-vpc",
              "Name": "ex-Module-VPC-db-eu-west-1c"
            },
            "timeouts": null,
            "vpc_id": "vpc-0a8f170855a8e6a90"
          },
          "sensitive_attributes": [],
          "private": "eyJlMmJmYjczMC1lY2FhLTExZTYtOGY4OC0zNDM2M2JjN2M0YzAiOnsiY3JlYXRlIjo2MDAwMDAwMDAwMDAsImRlbGV0ZSI6MTIwMDAwMDAwMDAwMH0sInNjaGVtYV92ZXJzaW9uIjoiMSJ9",
          "dependencies": [
            "module.vpc_example_complete-vpc.module.vpc.aws_vpc.this",
            "module.vpc_example_complete-vpc.module.vpc.aws_vpc_ipv4_cidr_block_association.this"
          ]
        }
      ]
    },
    {
      "module": "module.vpc_example_complete-vpc.module.vpc",
      "mode": "managed",
      "type": "aws_subnet",
      "name": "elasticache",
      "provider": "module.vpc_example_complete-vpc.provider[\"registry.terraform.io/hashicorp/aws\"]",
      "instances": [
        {
          "index_key": 0,
          "schema_version": 1,
          "attributes": {
            "arn": "arn:aws:ec2:eu-west-1:728738226157:subnet/subnet-0523840feffba8113",
            "assign_ipv6_address_on_creation": false,
            "availability_zone": "eu-west-1a",
            "availability_zone_id": "euw1-az1",
            "cidr_block": "10.0.31.0/24",
            "customer_owned_ipv4_pool": "",
            "enable_dns64": false,
            "enable_resource_name_dns_a_record_on_launch": false,
            "enable_resource_name_dns_aaaa_record_on_launch": false,
            "id": "subnet-0523840feffba8113",
            "ipv6_cidr_block": "",
            "ipv6_cidr_block_association_id": "",
            "ipv6_native": false,
            "map_customer_owned_ip_on_launch": false,
            "map_public_ip_on_launch": false,
            "outpost_arn": "",
            "owner_id": "728738226157",
            "private_dns_hostname_type_on_launch": "ip-name",
            "tags": {
              "Example": "ex-Module-VPC",
              "GithubOrg": "terraform-aws-modules",
              "GithubRepo": "terraform-aws-vpc",
              "Name": "Elasticache Subnet One"
            },
            "tags_all": {
              "Example": "ex-Module-VPC",
              "GithubOrg": "terraform-aws-modules",
              "GithubRepo": "terraform-aws-vpc",
              "Name": "Elasticache Subnet One"
            },
            "timeouts": null,
            "vpc_id": "vpc-0a8f170855a8e6a90"
          },
          "sensitive_attributes": [],
          "private": "eyJlMmJmYjczMC1lY2FhLTExZTYtOGY4OC0zNDM2M2JjN2M0YzAiOnsiY3JlYXRlIjo2MDAwMDAwMDAwMDAsImRlbGV0ZSI6MTIwMDAwMDAwMDAwMH0sInNjaGVtYV92ZXJzaW9uIjoiMSJ9",
          "dependencies": [
            "module.vpc_example_complete-vpc.module.vpc.aws_vpc.this",
            "module.vpc_example_complete-vpc.module.vpc.aws_vpc_ipv4_cidr_block_association.this"
          ]
        },
        {
          "index_key": 1,
          "schema_version": 1,
          "attributes": {
            "arn": "arn:aws:ec2:eu-west-1:728738226157:subnet/subnet-0def3ff0602378e78",
            "assign_ipv6_address_on_creation": false,
            "availability_zone": "eu-west-1b",
            "availability_zone_id": "euw1-az2",
            "cidr_block": "10.0.32.0/24",
            "customer_owned_ipv4_pool": "",
            "enable_dns64": false,
            "enable_resource_name_dns_a_record_on_launch": false,
            "enable_resource_name_dns_aaaa_record_on_launch": false,
            "id": "subnet-0def3ff0602378e78",
            "ipv6_cidr_block": "",
            "ipv6_cidr_block_association_id": "",
            "ipv6_native": false,
            "map_customer_owned_ip_on_launch": false,
            "map_public_ip_on_launch": false,
            "outpost_arn": "",
            "owner_id": "728738226157",
            "private_dns_hostname_type_on_launch": "ip-name",
            "tags": {
              "Example": "ex-Module-VPC",
              "GithubOrg": "terraform-aws-modules",
              "GithubRepo": "terraform-aws-vpc",
              "Name": "Elasticache Subnet Two"
            },
            "tags_all": {
              "Example": "ex-Module-VPC",
              "GithubOrg": "terraform-aws-modules",
              "GithubRepo": "terraform-aws-vpc",
              "Name": "Elasticache Subnet Two"
            },
            "timeouts": null,
            "vpc_id": "vpc-0a8f170855a8e6a90"
          },
          "sensitive_attributes": [],
          "private": "eyJlMmJmYjczMC1lY2FhLTExZTYtOGY4OC0zNDM2M2JjN2M0YzAiOnsiY3JlYXRlIjo2MDAwMDAwMDAwMDAsImRlbGV0ZSI6MTIwMDAwMDAwMDAwMH0sInNjaGVtYV92ZXJzaW9uIjoiMSJ9",
          "dependencies": [
            "module.vpc_example_complete-vpc.module.vpc.aws_vpc.this",
            "module.vpc_example_complete-vpc.module.vpc.aws_vpc_ipv4_cidr_block_association.this"
          ]
        },
        {
          "index_key": 2,
          "schema_version": 1,
          "attributes": {
            "arn": "arn:aws:ec2:eu-west-1:728738226157:subnet/subnet-0e9006021dd030811",
            "assign_ipv6_address_on_creation": false,
            "availability_zone": "eu-west-1c",
            "availability_zone_id": "euw1-az3",
            "cidr_block": "10.0.33.0/24",
            "customer_owned_ipv4_pool": "",
            "enable_dns64": false,
            "enable_resource_name_dns_a_record_on_launch": false,
            "enable_resource_name_dns_aaaa_record_on_launch": false,
            "id": "subnet-0e9006021dd030811",
            "ipv6_cidr_block": "",
            "ipv6_cidr_block_association_id": "",
            "ipv6_native": false,
            "map_customer_owned_ip_on_launch": false,
            "map_public_ip_on_launch": false,
            "outpost_arn": "",
            "owner_id": "728738226157",
            "private_dns_hostname_type_on_launch": "ip-name",
            "tags": {
              "Example": "ex-Module-VPC",
              "GithubOrg": "terraform-aws-modules",
              "GithubRepo": "terraform-aws-vpc",
              "Name": "ex-Module-VPC-elasticache-eu-west-1c"
            },
            "tags_all": {
              "Example": "ex-Module-VPC",
              "GithubOrg": "terraform-aws-modules",
              "GithubRepo": "terraform-aws-vpc",
              "Name": "ex-Module-VPC-elasticache-eu-west-1c"
            },
            "timeouts": null,
            "vpc_id": "vpc-0a8f170855a8e6a90"
          },
          "sensitive_attributes": [],
          "private": "eyJlMmJmYjczMC1lY2FhLTExZTYtOGY4OC0zNDM2M2JjN2M0YzAiOnsiY3JlYXRlIjo2MDAwMDAwMDAwMDAsImRlbGV0ZSI6MTIwMDAwMDAwMDAwMH0sInNjaGVtYV92ZXJzaW9uIjoiMSJ9",
          "dependencies": [
            "module.vpc_example_complete-vpc.module.vpc.aws_vpc.this",
            "module.vpc_example_complete-vpc.module.vpc.aws_vpc_ipv4_cidr_block_association.this"
          ]
        }
      ]
    },
    {
      "module": "module.vpc_example_complete-vpc.module.vpc",
      "mode": "managed",
      "type": "aws_subnet",
      "name": "intra",
      "provider": "module.vpc_example_complete-vpc.provider[\"registry.terraform.io/hashicorp/aws\"]",
      "instances": [
        {
          "index_key": 0,
          "schema_version": 1,
          "attributes": {
            "arn": "arn:aws:ec2:eu-west-1:728738226157:subnet/subnet-070a3a888b9c74fe2",
            "assign_ipv6_address_on_creation": false,
            "availability_zone": "eu-west-1a",
            "availability_zone_id": "euw1-az1",
            "cidr_block": "10.0.51.0/24",
            "customer_owned_ipv4_pool": "",
            "enable_dns64": false,
            "enable_resource_name_dns_a_record_on_launch": false,
            "enable_resource_name_dns_aaaa_record_on_launch": false,
            "id": "subnet-070a3a888b9c74fe2",
            "ipv6_cidr_block": "",
            "ipv6_cidr_block_association_id": "",
            "ipv6_native": false,
            "map_customer_owned_ip_on_launch": false,
            "map_public_ip_on_launch": false,
            "outpost_arn": "",
            "owner_id": "728738226157",
            "private_dns_hostname_type_on_launch": "ip-name",
            "tags": {
              "Example": "ex-Module-VPC",
              "GithubOrg": "terraform-aws-modules",
              "GithubRepo": "terraform-aws-vpc",
              "Name": "ex-Module-VPC-intra-eu-west-1a"
            },
            "tags_all": {
              "Example": "ex-Module-VPC",
              "GithubOrg": "terraform-aws-modules",
              "GithubRepo": "terraform-aws-vpc",
              "Name": "ex-Module-VPC-intra-eu-west-1a"
            },
            "timeouts": null,
            "vpc_id": "vpc-0a8f170855a8e6a90"
          },
          "sensitive_attributes": [],
          "private": "eyJlMmJmYjczMC1lY2FhLTExZTYtOGY4OC0zNDM2M2JjN2M0YzAiOnsiY3JlYXRlIjo2MDAwMDAwMDAwMDAsImRlbGV0ZSI6MTIwMDAwMDAwMDAwMH0sInNjaGVtYV92ZXJzaW9uIjoiMSJ9",
          "dependencies": [
            "module.vpc_example_complete-vpc.module.vpc.aws_vpc.this",
            "module.vpc_example_complete-vpc.module.vpc.aws_vpc_ipv4_cidr_block_association.this"
          ]
        },
        {
          "index_key": 1,
          "schema_version": 1,
          "attributes": {
            "arn": "arn:aws:ec2:eu-west-1:728738226157:subnet/subnet-065c1c15b2271cd55",
            "assign_ipv6_address_on_creation": false,
            "availability_zone": "eu-west-1b",
            "availability_zone_id": "euw1-az2",
            "cidr_block": "10.0.52.0/24",
            "customer_owned_ipv4_pool": "",
            "enable_dns64": false,
            "enable_resource_name_dns_a_record_on_launch": false,
            "enable_resource_name_dns_aaaa_record_on_launch": false,
            "id": "subnet-065c1c15b2271cd55",
            "ipv6_cidr_block": "",
            "ipv6_cidr_block_association_id": "",
            "ipv6_native": false,
            "map_customer_owned_ip_on_launch": false,
            "map_public_ip_on_launch": false,
            "outpost_arn": "",
            "owner_id": "728738226157",
            "private_dns_hostname_type_on_launch": "ip-name",
            "tags": {
              "Example": "ex-Module-VPC",
              "GithubOrg": "terraform-aws-modules",
              "GithubRepo": "terraform-aws-vpc",
              "Name": "ex-Module-VPC-intra-eu-west-1b"
            },
            "tags_all": {
              "Example": "ex-Module-VPC",
              "GithubOrg": "terraform-aws-modules",
              "GithubRepo": "terraform-aws-vpc",
              "Name": "ex-Module-VPC-intra-eu-west-1b"
            },
            "timeouts": null,
            "vpc_id": "vpc-0a8f170855a8e6a90"
          },
          "sensitive_attributes": [],
          "private": "eyJlMmJmYjczMC1lY2FhLTExZTYtOGY4OC0zNDM2M2JjN2M0YzAiOnsiY3JlYXRlIjo2MDAwMDAwMDAwMDAsImRlbGV0ZSI6MTIwMDAwMDAwMDAwMH0sInNjaGVtYV92ZXJzaW9uIjoiMSJ9",
          "dependencies": [
            "module.vpc_example_complete-vpc.module.vpc.aws_vpc.this",
            "module.vpc_example_complete-vpc.module.vpc.aws_vpc_ipv4_cidr_block_association.this"
          ]
        },
        {
          "index_key": 2,
          "schema_version": 1,
          "attributes": {
            "arn": "arn:aws:ec2:eu-west-1:728738226157:subnet/subnet-06c45da6824075689",
            "assign_ipv6_address_on_creation": false,
            "availability_zone": "eu-west-1c",
            "availability_zone_id": "euw1-az3",
            "cidr_block": "10.0.53.0/24",
            "customer_owned_ipv4_pool": "",
            "enable_dns64": false,
            "enable_resource_name_dns_a_record_on_launch": false,
            "enable_resource_name_dns_aaaa_record_on_launch": false,
            "id": "subnet-06c45da6824075689",
            "ipv6_cidr_block": "",
            "ipv6_cidr_block_association_id": "",
            "ipv6_native": false,
            "map_customer_owned_ip_on_launch": false,
            "map_public_ip_on_launch": false,
            "outpost_arn": "",
            "owner_id": "728738226157",
            "private_dns_hostname_type_on_launch": "ip-name",
            "tags": {
              "Example": "ex-Module-VPC",
              "GithubOrg": "terraform-aws-modules",
              "GithubRepo": "terraform-aws-vpc",
              "Name": "ex-Module-VPC-intra-eu-west-1c"
            },
            "tags_all": {
              "Example": "ex-Module-VPC",
              "GithubOrg": "terraform-aws-modules",
              "GithubRepo": "terraform-aws-vpc",
              "Name": "ex-Module-VPC-intra-eu-west-1c"
            },
            "timeouts": null,
            "vpc_id": "vpc-0a8f170855a8e6a90"
          },
          "sensitive_attributes": [],
          "private": "eyJlMmJmYjczMC1lY2FhLTExZTYtOGY4OC0zNDM2M2JjN2M0YzAiOnsiY3JlYXRlIjo2MDAwMDAwMDAwMDAsImRlbGV0ZSI6MTIwMDAwMDAwMDAwMH0sInNjaGVtYV92ZXJzaW9uIjoiMSJ9",
          "dependencies": [
            "module.vpc_example_complete-vpc.module.vpc.aws_vpc.this",
            "module.vpc_example_complete-vpc.module.vpc.aws_vpc_ipv4_cidr_block_association.this"
          ]
        }
      ]
    },
    {
      "module": "module.vpc_example_complete-vpc.module.vpc",
      "mode": "managed",
      "type": "aws_subnet",
      "name": "private",
      "provider": "module.vpc_example_complete-vpc.provider[\"registry.terraform.io/hashicorp/aws\"]",
      "instances": [
        {
          "index_key": 0,
          "schema_version": 1,
          "attributes": {
            "arn": "arn:aws:ec2:eu-west-1:728738226157:subnet/subnet-00170a4f1c55b7675",
            "assign_ipv6_address_on_creation": false,
            "availability_zone": "eu-west-1a",
            "availability_zone_id": "euw1-az1",
            "cidr_block": "10.0.1.0/24",
            "customer_owned_ipv4_pool": "",
            "enable_dns64": false,
            "enable_resource_name_dns_a_record_on_launch": false,
            "enable_resource_name_dns_aaaa_record_on_launch": false,
            "id": "subnet-00170a4f1c55b7675",
            "ipv6_cidr_block": "",
            "ipv6_cidr_block_association_id": "",
            "ipv6_native": false,
            "map_customer_owned_ip_on_launch": false,
            "map_public_ip_on_launch": false,
            "outpost_arn": "",
            "owner_id": "728738226157",
            "private_dns_hostname_type_on_launch": "ip-name",
            "tags": {
              "Example": "ex-Module-VPC",
              "GithubOrg": "terraform-aws-modules",
              "GithubRepo": "terraform-aws-vpc",
              "Name": "Private Subnet One"
            },
            "tags_all": {
              "Example": "ex-Module-VPC",
              "GithubOrg": "terraform-aws-modules",
              "GithubRepo": "terraform-aws-vpc",
              "Name": "Private Subnet One"
            },
            "timeouts": null,
            "vpc_id": "vpc-0a8f170855a8e6a90"
          },
          "sensitive_attributes": [],
          "private": "eyJlMmJmYjczMC1lY2FhLTExZTYtOGY4OC0zNDM2M2JjN2M0YzAiOnsiY3JlYXRlIjo2MDAwMDAwMDAwMDAsImRlbGV0ZSI6MTIwMDAwMDAwMDAwMH0sInNjaGVtYV92ZXJzaW9uIjoiMSJ9",
          "dependencies": [
            "module.vpc_example_complete-vpc.module.vpc.aws_vpc.this",
            "module.vpc_example_complete-vpc.module.vpc.aws_vpc_ipv4_cidr_block_association.this"
          ]
        },
        {
          "index_key": 1,
          "schema_version": 1,
          "attributes": {
            "arn": "arn:aws:ec2:eu-west-1:728738226157:subnet/subnet-08453d3e1519e37bf",
            "assign_ipv6_address_on_creation": false,
            "availability_zone": "eu-west-1b",
            "availability_zone_id": "euw1-az2",
            "cidr_block": "10.0.2.0/24",
            "customer_owned_ipv4_pool": "",
            "enable_dns64": false,
            "enable_resource_name_dns_a_record_on_launch": false,
            "enable_resource_name_dns_aaaa_record_on_launch": false,
            "id": "subnet-08453d3e1519e37bf",
            "ipv6_cidr_block": "",
            "ipv6_cidr_block_association_id": "",
            "ipv6_native": false,
            "map_customer_owned_ip_on_launch": false,
            "map_public_ip_on_launch": false,
            "outpost_arn": "",
            "owner_id": "728738226157",
            "private_dns_hostname_type_on_launch": "ip-name",
            "tags": {
              "Example": "ex-Module-VPC",
              "GithubOrg": "terraform-aws-modules",
              "GithubRepo": "terraform-aws-vpc",
              "Name": "Private Subnet Two"
            },
            "tags_all": {
              "Example": "ex-Module-VPC",
              "GithubOrg": "terraform-aws-modules",
              "GithubRepo": "terraform-aws-vpc",
              "Name": "Private Subnet Two"
            },
            "timeouts": null,
            "vpc_id": "vpc-0a8f170855a8e6a90"
          },
          "sensitive_attributes": [],
          "private": "eyJlMmJmYjczMC1lY2FhLTExZTYtOGY4OC0zNDM2M2JjN2M0YzAiOnsiY3JlYXRlIjo2MDAwMDAwMDAwMDAsImRlbGV0ZSI6MTIwMDAwMDAwMDAwMH0sInNjaGVtYV92ZXJzaW9uIjoiMSJ9",
          "dependencies": [
            "module.vpc_example_complete-vpc.module.vpc.aws_vpc.this",
            "module.vpc_example_complete-vpc.module.vpc.aws_vpc_ipv4_cidr_block_association.this"
          ]
        },
        {
          "index_key": 2,
          "schema_version": 1,
          "attributes": {
            "arn": "arn:aws:ec2:eu-west-1:728738226157:subnet/subnet-0d7f95a866ed2029e",
            "assign_ipv6_address_on_creation": false,
            "availability_zone": "eu-west-1c",
            "availability_zone_id": "euw1-az3",
            "cidr_block": "10.0.3.0/24",
            "customer_owned_ipv4_pool": "",
            "enable_dns64": false,
            "enable_resource_name_dns_a_record_on_launch": false,
            "enable_resource_name_dns_aaaa_record_on_launch": false,
            "id": "subnet-0d7f95a866ed2029e",
            "ipv6_cidr_block": "",
            "ipv6_cidr_block_association_id": "",
            "ipv6_native": false,
            "map_customer_owned_ip_on_launch": false,
            "map_public_ip_on_launch": false,
            "outpost_arn": "",
            "owner_id": "728738226157",
            "private_dns_hostname_type_on_launch": "ip-name",
            "tags": {
              "Example": "ex-Module-VPC",
              "GithubOrg": "terraform-aws-modules",
              "GithubRepo": "terraform-aws-vpc",
              "Name": "ex-Module-VPC-private-eu-west-1c"
            },
            "tags_all": {
              "Example": "ex-Module-VPC",
              "GithubOrg": "terraform-aws-modules",
              "GithubRepo": "terraform-aws-vpc",
              "Name": "ex-Module-VPC-private-eu-west-1c"
            },
            "timeouts": null,
            "vpc_id": "vpc-0a8f170855a8e6a90"
          },
          "sensitive_attributes": [],
          "private": "eyJlMmJmYjczMC1lY2FhLTExZTYtOGY4OC0zNDM2M2JjN2M0YzAiOnsiY3JlYXRlIjo2MDAwMDAwMDAwMDAsImRlbGV0ZSI6MTIwMDAwMDAwMDAwMH0sInNjaGVtYV92ZXJzaW9uIjoiMSJ9",
          "dependencies": [
            "module.vpc_example_complete-vpc.module.vpc.aws_vpc.this",
            "module.vpc_example_complete-vpc.module.vpc.aws_vpc_ipv4_cidr_block_association.this"
          ]
        }
      ]
    },
    {
      "module": "module.vpc_example_complete-vpc.module.vpc",
      "mode": "managed",
      "type": "aws_subnet",
      "name": "public",
      "provider": "module.vpc_example_complete-vpc.provider[\"registry.terraform.io/hashicorp/aws\"]",
      "instances": [
        {
          "index_key": 0,
          "schema_version": 1,
          "attributes": {
            "arn": "arn:aws:ec2:eu-west-1:728738226157:subnet/subnet-0ed24ef4438221097",
            "assign_ipv6_address_on_creation": false,
            "availability_zone": "eu-west-1a",
            "availability_zone_id": "euw1-az1",
            "cidr_block": "10.0.11.0/24",
            "customer_owned_ipv4_pool": "",
            "enable_dns64": false,
            "enable_resource_name_dns_a_record_on_launch": false,
            "enable_resource_name_dns_aaaa_record_on_launch": false,
            "id": "subnet-0ed24ef4438221097",
            "ipv6_cidr_block": "",
            "ipv6_cidr_block_association_id": "",
            "ipv6_native": false,
            "map_customer_owned_ip_on_launch": false,
            "map_public_ip_on_launch": true,
            "outpost_arn": "",
            "owner_id": "728738226157",
            "private_dns_hostname_type_on_launch": "ip-name",
            "tags": {
              "Example": "ex-Module-VPC",
              "GithubOrg": "terraform-aws-modules",
              "GithubRepo": "terraform-aws-vpc",
              "Name": "ex-Module-VPC-public-eu-west-1a"
            },
            "tags_all": {
              "Example": "ex-Module-VPC",
              "GithubOrg": "terraform-aws-modules",
              "GithubRepo": "terraform-aws-vpc",
              "Name": "ex-Module-VPC-public-eu-west-1a"
            },
            "timeouts": null,
            "vpc_id": "vpc-0a8f170855a8e6a90"
          },
          "sensitive_attributes": [],
          "private": "eyJlMmJmYjczMC1lY2FhLTExZTYtOGY4OC0zNDM2M2JjN2M0YzAiOnsiY3JlYXRlIjo2MDAwMDAwMDAwMDAsImRlbGV0ZSI6MTIwMDAwMDAwMDAwMH0sInNjaGVtYV92ZXJzaW9uIjoiMSJ9",
          "dependencies": [
            "module.vpc_example_complete-vpc.module.vpc.aws_vpc.this",
            "module.vpc_example_complete-vpc.module.vpc.aws_vpc_ipv4_cidr_block_association.this"
          ]
        },
        {
          "index_key": 1,
          "schema_version": 1,
          "attributes": {
            "arn": "arn:aws:ec2:eu-west-1:728738226157:subnet/subnet-0da7f3b676743ebbe",
            "assign_ipv6_address_on_creation": false,
            "availability_zone": "eu-west-1b",
            "availability_zone_id": "euw1-az2",
            "cidr_block": "10.0.12.0/24",
            "customer_owned_ipv4_pool": "",
            "enable_dns64": false,
            "enable_resource_name_dns_a_record_on_launch": false,
            "enable_resource_name_dns_aaaa_record_on_launch": false,
            "id": "subnet-0da7f3b676743ebbe",
            "ipv6_cidr_block": "",
            "ipv6_cidr_block_association_id": "",
            "ipv6_native": false,
            "map_customer_owned_ip_on_launch": false,
            "map_public_ip_on_launch": true,
            "outpost_arn": "",
            "owner_id": "728738226157",
            "private_dns_hostname_type_on_launch": "ip-name",
            "tags": {
              "Example": "ex-Module-VPC",
              "GithubOrg": "terraform-aws-modules",
              "GithubRepo": "terraform-aws-vpc",
              "Name": "ex-Module-VPC-public-eu-west-1b"
            },
            "tags_all": {
              "Example": "ex-Module-VPC",
              "GithubOrg": "terraform-aws-modules",
              "GithubRepo": "terraform-aws-vpc",
              "Name": "ex-Module-VPC-public-eu-west-1b"
            },
            "timeouts": null,
            "vpc_id": "vpc-0a8f170855a8e6a90"
          },
          "sensitive_attributes": [],
          "private": "eyJlMmJmYjczMC1lY2FhLTExZTYtOGY4OC0zNDM2M2JjN2M0YzAiOnsiY3JlYXRlIjo2MDAwMDAwMDAwMDAsImRlbGV0ZSI6MTIwMDAwMDAwMDAwMH0sInNjaGVtYV92ZXJzaW9uIjoiMSJ9",
          "dependencies": [
            "module.vpc_example_complete-vpc.module.vpc.aws_vpc.this",
            "module.vpc_example_complete-vpc.module.vpc.aws_vpc_ipv4_cidr_block_association.this"
          ]
        },
        {
          "index_key": 2,
          "schema_version": 1,
          "attributes": {
            "arn": "arn:aws:ec2:eu-west-1:728738226157:subnet/subnet-0ebc328e5a33c7695",
            "assign_ipv6_address_on_creation": false,
            "availability_zone": "eu-west-1c",
            "availability_zone_id": "euw1-az3",
            "cidr_block": "10.0.13.0/24",
            "customer_owned_ipv4_pool": "",
            "enable_dns64": false,
            "enable_resource_name_dns_a_record_on_launch": false,
            "enable_resource_name_dns_aaaa_record_on_launch": false,
            "id": "subnet-0ebc328e5a33c7695",
            "ipv6_cidr_block": "",
            "ipv6_cidr_block_association_id": "",
            "ipv6_native": false,
            "map_customer_owned_ip_on_launch": false,
            "map_public_ip_on_launch": true,
            "outpost_arn": "",
            "owner_id": "728738226157",
            "private_dns_hostname_type_on_launch": "ip-name",
            "tags": {
              "Example": "ex-Module-VPC",
              "GithubOrg": "terraform-aws-modules",
              "GithubRepo": "terraform-aws-vpc",
              "Name": "ex-Module-VPC-public-eu-west-1c"
            },
            "tags_all": {
              "Example": "ex-Module-VPC",
              "GithubOrg": "terraform-aws-modules",
              "GithubRepo": "terraform-aws-vpc",
              "Name": "ex-Module-VPC-public-eu-west-1c"
            },
            "timeouts": null,
            "vpc_id": "vpc-0a8f170855a8e6a90"
          },
          "sensitive_attributes": [],
          "private": "eyJlMmJmYjczMC1lY2FhLTExZTYtOGY4OC0zNDM2M2JjN2M0YzAiOnsiY3JlYXRlIjo2MDAwMDAwMDAwMDAsImRlbGV0ZSI6MTIwMDAwMDAwMDAwMH0sInNjaGVtYV92ZXJzaW9uIjoiMSJ9",
          "dependencies": [
            "module.vpc_example_complete-vpc.module.vpc.aws_vpc.this",
            "module.vpc_example_complete-vpc.module.vpc.aws_vpc_ipv4_cidr_block_association.this"
          ]
        }
      ]
    },
    {
      "module": "module.vpc_example_complete-vpc.module.vpc",
      "mode": "managed",
      "type": "aws_subnet",
      "name": "redshift",
      "provider": "module.vpc_example_complete-vpc.provider[\"registry.terraform.io/hashicorp/aws\"]",
      "instances": [
        {
          "index_key": 0,
          "schema_version": 1,
          "attributes": {
            "arn": "arn:aws:ec2:eu-west-1:728738226157:subnet/subnet-0869cbac95850b89c",
            "assign_ipv6_address_on_creation": false,
            "availability_zone": "eu-west-1a",
            "availability_zone_id": "euw1-az1",
            "cidr_block": "10.0.41.0/24",
            "customer_owned_ipv4_pool": "",
            "enable_dns64": false,
            "enable_resource_name_dns_a_record_on_launch": false,
            "enable_resource_name_dns_aaaa_record_on_launch": false,
            "id": "subnet-0869cbac95850b89c",
            "ipv6_cidr_block": "",
            "ipv6_cidr_block_association_id": "",
            "ipv6_native": false,
            "map_customer_owned_ip_on_launch": false,
            "map_public_ip_on_launch": false,
            "outpost_arn": "",
            "owner_id": "728738226157",
            "private_dns_hostname_type_on_launch": "ip-name",
            "tags": {
              "Example": "ex-Module-VPC",
              "GithubOrg": "terraform-aws-modules",
              "GithubRepo": "terraform-aws-vpc",
              "Name": "Redshift Subnet One"
            },
            "tags_all": {
              "Example": "ex-Module-VPC",
              "GithubOrg": "terraform-aws-modules",
              "GithubRepo": "terraform-aws-vpc",
              "Name": "Redshift Subnet One"
            },
            "timeouts": null,
            "vpc_id": "vpc-0a8f170855a8e6a90"
          },
          "sensitive_attributes": [],
          "private": "eyJlMmJmYjczMC1lY2FhLTExZTYtOGY4OC0zNDM2M2JjN2M0YzAiOnsiY3JlYXRlIjo2MDAwMDAwMDAwMDAsImRlbGV0ZSI6MTIwMDAwMDAwMDAwMH0sInNjaGVtYV92ZXJzaW9uIjoiMSJ9",
          "dependencies": [
            "module.vpc_example_complete-vpc.module.vpc.aws_vpc.this",
            "module.vpc_example_complete-vpc.module.vpc.aws_vpc_ipv4_cidr_block_association.this"
          ]
        },
        {
          "index_key": 1,
          "schema_version": 1,
          "attributes": {
            "arn": "arn:aws:ec2:eu-west-1:728738226157:subnet/subnet-0ce8cb0861bab2678",
            "assign_ipv6_address_on_creation": false,
            "availability_zone": "eu-west-1b",
            "availability_zone_id": "euw1-az2",
            "cidr_block": "10.0.42.0/24",
            "customer_owned_ipv4_pool": "",
            "enable_dns64": false,
            "enable_resource_name_dns_a_record_on_launch": false,
            "enable_resource_name_dns_aaaa_record_on_launch": false,
            "id": "subnet-0ce8cb0861bab2678",
            "ipv6_cidr_block": "",
            "ipv6_cidr_block_association_id": "",
            "ipv6_native": false,
            "map_customer_owned_ip_on_launch": false,
            "map_public_ip_on_launch": false,
            "outpost_arn": "",
            "owner_id": "728738226157",
            "private_dns_hostname_type_on_launch": "ip-name",
            "tags": {
              "Example": "ex-Module-VPC",
              "GithubOrg": "terraform-aws-modules",
              "GithubRepo": "terraform-aws-vpc",
              "Name": "Redshift Subnet Two"
            },
            "tags_all": {
              "Example": "ex-Module-VPC",
              "GithubOrg": "terraform-aws-modules",
              "GithubRepo": "terraform-aws-vpc",
              "Name": "Redshift Subnet Two"
            },
            "timeouts": null,
            "vpc_id": "vpc-0a8f170855a8e6a90"
          },
          "sensitive_attributes": [],
          "private": "eyJlMmJmYjczMC1lY2FhLTExZTYtOGY4OC0zNDM2M2JjN2M0YzAiOnsiY3JlYXRlIjo2MDAwMDAwMDAwMDAsImRlbGV0ZSI6MTIwMDAwMDAwMDAwMH0sInNjaGVtYV92ZXJzaW9uIjoiMSJ9",
          "dependencies": [
            "module.vpc_example_complete-vpc.module.vpc.aws_vpc.this",
            "module.vpc_example_complete-vpc.module.vpc.aws_vpc_ipv4_cidr_block_association.this"
          ]
        },
        {
          "index_key": 2,
          "schema_version": 1,
          "attributes": {
            "arn": "arn:aws:ec2:eu-west-1:728738226157:subnet/subnet-069721c1448f16bbc",
            "assign_ipv6_address_on_creation": false,
            "availability_zone": "eu-west-1c",
            "availability_zone_id": "euw1-az3",
            "cidr_block": "10.0.43.0/24",
            "customer_owned_ipv4_pool": "",
            "enable_dns64": false,
            "enable_resource_name_dns_a_record_on_launch": false,
            "enable_resource_name_dns_aaaa_record_on_launch": false,
            "id": "subnet-069721c1448f16bbc",
            "ipv6_cidr_block": "",
            "ipv6_cidr_block_association_id": "",
            "ipv6_native": false,
            "map_customer_owned_ip_on_launch": false,
            "map_public_ip_on_launch": false,
            "outpost_arn": "",
            "owner_id": "728738226157",
            "private_dns_hostname_type_on_launch": "ip-name",
            "tags": {
              "Example": "ex-Module-VPC",
              "GithubOrg": "terraform-aws-modules",
              "GithubRepo": "terraform-aws-vpc",
              "Name": "Redshift Subnet Three"
            },
            "tags_all": {
              "Example": "ex-Module-VPC",
              "GithubOrg": "terraform-aws-modules",
              "GithubRepo": "terraform-aws-vpc",
              "Name": "Redshift Subnet Three"
            },
            "timeouts": null,
            "vpc_id": "vpc-0a8f170855a8e6a90"
          },
          "sensitive_attributes": [],
          "private": "eyJlMmJmYjczMC1lY2FhLTExZTYtOGY4OC0zNDM2M2JjN2M0YzAiOnsiY3JlYXRlIjo2MDAwMDAwMDAwMDAsImRlbGV0ZSI6MTIwMDAwMDAwMDAwMH0sInNjaGVtYV92ZXJzaW9uIjoiMSJ9",
          "dependencies": [
            "module.vpc_example_complete-vpc.module.vpc.aws_vpc.this",
            "module.vpc_example_complete-vpc.module.vpc.aws_vpc_ipv4_cidr_block_association.this"
          ]
        }
      ]
    },
    {
      "module": "module.vpc_example_complete-vpc.module.vpc",
      "mode": "managed",
      "type": "aws_vpc",
      "name": "this",
      "provider": "module.vpc_example_complete-vpc.provider[\"registry.terraform.io/hashicorp/aws\"]",
      "instances": [
        {
          "index_key": 0,
          "schema_version": 1,
          "attributes": {
            "arn": "arn:aws:ec2:eu-west-1:728738226157:vpc/vpc-0a8f170855a8e6a90",
            "assign_generated_ipv6_cidr_block": false,
            "cidr_block": "10.0.0.0/16",
            "default_network_acl_id": "acl-044b93d4205eecfa4",
            "default_route_table_id": "rtb-0a2786781c6491849",
            "default_security_group_id": "sg-048a842b82bf5408d",
            "dhcp_options_id": "dopt-0e6dc87210af0dbe0",
            "enable_classiclink": false,
            "enable_classiclink_dns_support": false,
            "enable_dns_hostnames": true,
            "enable_dns_support": true,
            "enable_network_address_usage_metrics": false,
            "id": "vpc-0a8f170855a8e6a90",
            "instance_tenancy": "default",
            "ipv4_ipam_pool_id": null,
            "ipv4_netmask_length": null,
            "ipv6_association_id": "",
            "ipv6_cidr_block": "",
            "ipv6_cidr_block_network_border_group": "",
            "ipv6_ipam_pool_id": "",
            "ipv6_netmask_length": 0,
            "main_route_table_id": "rtb-0a2786781c6491849",
            "owner_id": "728738226157",
            "tags": {
              "Example": "ex-Module-VPC",
              "GithubOrg": "terraform-aws-modules",
              "GithubRepo": "terraform-aws-vpc",
              "Name": "ex-Module-VPC"
            },
            "tags_all": {
              "Example": "ex-Module-VPC",
              "GithubOrg": "terraform-aws-modules",
              "GithubRepo": "terraform-aws-vpc",
              "Name": "ex-Module-VPC"
            }
          },
          "sensitive_attributes": [],
          "private": "eyJzY2hlbWFfdmVyc2lvbiI6IjEifQ=="
        }
      ]
    },
    {
      "module": "module.vpc_example_complete-vpc.module.vpc",
      "mode": "managed",
      "type": "aws_vpc_dhcp_options",
      "name": "this",
      "provider": "module.vpc_example_complete-vpc.provider[\"registry.terraform.io/hashicorp/aws\"]",
      "instances": [
        {
          "index_key": 0,
          "schema_version": 0,
          "attributes": {
            "arn": "arn:aws:ec2:eu-west-1:728738226157:dhcp-options/dopt-0027deae88a6b558e",
            "domain_name": "service.consul",
            "domain_name_servers": [
              "127.0.0.1",
              "10.10.0.2"
            ],
            "id": "dopt-0027deae88a6b558e",
            "netbios_name_servers": [],
            "netbios_node_type": "",
            "ntp_servers": [],
            "owner_id": "728738226157",
            "tags": {
              "Example": "ex-Module-VPC",
              "GithubOrg": "terraform-aws-modules",
              "GithubRepo": "terraform-aws-vpc",
              "Name": "ex-Module-VPC"
            },
            "tags_all": {
              "Example": "ex-Module-VPC",
              "GithubOrg": "terraform-aws-modules",
              "GithubRepo": "terraform-aws-vpc",
              "Name": "ex-Module-VPC"
            }
          },
          "sensitive_attributes": [],
          "private": "bnVsbA=="
        }
      ]
    },
    {
      "module": "module.vpc_example_complete-vpc.module.vpc",
      "mode": "managed",
      "type": "aws_vpc_dhcp_options_association",
      "name": "this",
      "provider": "module.vpc_example_complete-vpc.provider[\"registry.terraform.io/hashicorp/aws\"]",
      "instances": [
        {
          "index_key": 0,
          "schema_version": 0,
          "attributes": {
            "dhcp_options_id": "dopt-0027deae88a6b558e",
            "id": "dopt-0027deae88a6b558e-vpc-0a8f170855a8e6a90",
            "vpc_id": "vpc-0a8f170855a8e6a90"
          },
          "sensitive_attributes": [],
          "private": "bnVsbA==",
          "dependencies": [
            "module.vpc_example_complete-vpc.module.vpc.aws_vpc.this",
            "module.vpc_example_complete-vpc.module.vpc.aws_vpc_dhcp_options.this",
            "module.vpc_example_complete-vpc.module.vpc.aws_vpc_ipv4_cidr_block_association.this"
          ]
        }
      ]
    },
    {
      "module": "module.vpc_example_complete-vpc.module.vpc",
      "mode": "managed",
      "type": "aws_vpn_gateway",
      "name": "this",
      "provider": "module.vpc_example_complete-vpc.provider[\"registry.terraform.io/hashicorp/aws\"]",
      "instances": [
        {
          "index_key": 0,
          "schema_version": 0,
          "attributes": {
            "amazon_side_asn": "64512",
            "arn": "arn:aws:ec2:eu-west-1:728738226157:vpn-gateway/vgw-062394e5462269423",
            "availability_zone": null,
            "id": "vgw-062394e5462269423",
            "tags": {
              "Example": "ex-Module-VPC",
              "GithubOrg": "terraform-aws-modules",
              "GithubRepo": "terraform-aws-vpc",
              "Name": "ex-Module-VPC"
            },
            "tags_all": {
              "Example": "ex-Module-VPC",
              "GithubOrg": "terraform-aws-modules",
              "GithubRepo": "terraform-aws-vpc",
              "Name": "ex-Module-VPC"
            },
            "vpc_id": "vpc-0a8f170855a8e6a90"
          },
          "sensitive_attributes": [],
          "private": "bnVsbA==",
          "dependencies": [
            "module.vpc_example_complete-vpc.module.vpc.aws_vpc.this",
            "module.vpc_example_complete-vpc.module.vpc.aws_vpc_ipv4_cidr_block_association.this"
          ]
        }
      ]
    },
    {
      "module": "module.vpc_example_complete-vpc.module.vpc_endpoints",
      "mode": "data",
      "type": "aws_vpc_endpoint_service",
      "name": "this",
      "provider": "module.vpc_example_complete-vpc.provider[\"registry.terraform.io/hashicorp/aws\"]",
      "instances": [
        {
          "index_key": "codedeploy",
          "schema_version": 0,
          "attributes": {
            "acceptance_required": false,
            "arn": "arn:aws:ec2:eu-west-1:728738226157:vpc-endpoint-service/vpce-svc-0a5edef53fd68ca53",
            "availability_zones": [
              "eu-west-1a",
              "eu-west-1b",
              "eu-west-1c"
            ],
            "base_endpoint_dns_names": [
              "codedeploy.eu-west-1.vpce.amazonaws.com"
            ],
            "filter": [
              {
                "name": "service-type",
                "values": [
                  "Interface"
                ]
              }
            ],
            "id": "2799286784",
            "manages_vpc_endpoints": false,
            "owner": "amazon",
            "private_dns_name": "codedeploy.eu-west-1.amazonaws.com",
            "service": "codedeploy",
            "service_id": "vpce-svc-0a5edef53fd68ca53",
            "service_name": "com.amazonaws.eu-west-1.codedeploy",
            "service_type": "Interface",
            "supported_ip_address_types": [
              "ipv4"
            ],
            "tags": {},
            "timeouts": null,
            "vpc_endpoint_policy_supported": true
          },
          "sensitive_attributes": []
        },
        {
          "index_key": "codedeploy_commands_secure",
          "schema_version": 0,
          "attributes": {
            "acceptance_required": false,
            "arn": "arn:aws:ec2:eu-west-1:728738226157:vpc-endpoint-service/vpce-svc-0d75ce4e0b4de060c",
            "availability_zones": [
              "eu-west-1a",
              "eu-west-1b",
              "eu-west-1c"
            ],
            "base_endpoint_dns_names": [
              "codedeploy-commands-secure.eu-west-1.vpce.amazonaws.com"
            ],
            "filter": [
              {
                "name": "service-type",
                "values": [
                  "Interface"
                ]
              }
            ],
            "id": "2353295253",
            "manages_vpc_endpoints": false,
            "owner": "amazon",
            "private_dns_name": "codedeploy-commands-secure.eu-west-1.amazonaws.com",
            "service": "codedeploy-commands-secure",
            "service_id": "vpce-svc-0d75ce4e0b4de060c",
            "service_name": "com.amazonaws.eu-west-1.codedeploy-commands-secure",
            "service_type": "Interface",
            "supported_ip_address_types": [
              "ipv4"
            ],
            "tags": {},
            "timeouts": null,
            "vpc_endpoint_policy_supported": true
          },
          "sensitive_attributes": []
        },
        {
          "index_key": "dynamodb",
          "schema_version": 0,
          "attributes": {
            "acceptance_required": false,
            "arn": "arn:aws:ec2:eu-west-1:728738226157:vpc-endpoint-service/vpce-svc-0b268581f4d7e2a7c",
            "availability_zones": [
              "eu-west-1a",
              "eu-west-1b",
              "eu-west-1c"
            ],
            "base_endpoint_dns_names": [
              "dynamodb.eu-west-1.amazonaws.com"
            ],
            "filter": [
              {
                "name": "service-type",
                "values": [
                  "Gateway"
                ]
              }
            ],
            "id": "3674500381",
            "manages_vpc_endpoints": false,
            "owner": "amazon",
            "private_dns_name": "",
            "service": "dynamodb",
            "service_id": "vpce-svc-0b268581f4d7e2a7c",
            "service_name": "com.amazonaws.eu-west-1.dynamodb",
            "service_type": "Gateway",
            "supported_ip_address_types": [
              "ipv4"
            ],
            "tags": {},
            "timeouts": null,
            "vpc_endpoint_policy_supported": true
          },
          "sensitive_attributes": []
        },
        {
          "index_key": "ec2",
          "schema_version": 0,
          "attributes": {
            "acceptance_required": false,
            "arn": "arn:aws:ec2:eu-west-1:728738226157:vpc-endpoint-service/vpce-svc-0ee6723c76642b3d8",
            "availability_zones": [
              "eu-west-1a",
              "eu-west-1b",
              "eu-west-1c"
            ],
            "base_endpoint_dns_names": [
              "ec2.eu-west-1.vpce.amazonaws.com"
            ],
            "filter": [
              {
                "name": "service-type",
                "values": [
                  "Interface"
                ]
              }
            ],
            "id": "3089909374",
            "manages_vpc_endpoints": false,
            "owner": "amazon",
            "private_dns_name": "ec2.eu-west-1.amazonaws.com",
            "service": "ec2",
            "service_id": "vpce-svc-0ee6723c76642b3d8",
            "service_name": "com.amazonaws.eu-west-1.ec2",
            "service_type": "Interface",
            "supported_ip_address_types": [
              "ipv4"
            ],
            "tags": {},
            "timeouts": null,
            "vpc_endpoint_policy_supported": true
          },
          "sensitive_attributes": []
        },
        {
          "index_key": "ec2messages",
          "schema_version": 0,
          "attributes": {
            "acceptance_required": false,
            "arn": "arn:aws:ec2:eu-west-1:728738226157:vpc-endpoint-service/vpce-svc-0f70e5d200f09304f",
            "availability_zones": [
              "eu-west-1a",
              "eu-west-1b",
              "eu-west-1c"
            ],
            "base_endpoint_dns_names": [
              "ec2messages.eu-west-1.vpce.amazonaws.com"
            ],
            "filter": [
              {
                "name": "service-type",
                "values": [
                  "Interface"
                ]
              }
            ],
            "id": "366631919",
            "manages_vpc_endpoints": false,
            "owner": "amazon",
            "private_dns_name": "ec2messages.eu-west-1.amazonaws.com",
            "service": "ec2messages",
            "service_id": "vpce-svc-0f70e5d200f09304f",
            "service_name": "com.amazonaws.eu-west-1.ec2messages",
            "service_type": "Interface",
            "supported_ip_address_types": [
              "ipv4"
            ],
            "tags": {},
            "timeouts": null,
            "vpc_endpoint_policy_supported": true
          },
          "sensitive_attributes": []
        },
        {
          "index_key": "ecr_api",
          "schema_version": 0,
          "attributes": {
            "acceptance_required": false,
            "arn": "arn:aws:ec2:eu-west-1:728738226157:vpc-endpoint-service/vpce-svc-0d2afce184de4e3a9",
            "availability_zones": [
              "eu-west-1a",
              "eu-west-1b",
              "eu-west-1c"
            ],
            "base_endpoint_dns_names": [
              "api.ecr.eu-west-1.vpce.amazonaws.com"
            ],
            "filter": [
              {
                "name": "service-type",
                "values": [
                  "Interface"
                ]
              }
            ],
            "id": "1751263368",
            "manages_vpc_endpoints": false,
            "owner": "amazon",
            "private_dns_name": "api.ecr.eu-west-1.amazonaws.com",
            "service": "ecr.api",
            "service_id": "vpce-svc-0d2afce184de4e3a9",
            "service_name": "com.amazonaws.eu-west-1.ecr.api",
            "service_type": "Interface",
            "supported_ip_address_types": [
              "ipv4"
            ],
            "tags": {},
            "timeouts": null,
            "vpc_endpoint_policy_supported": true
          },
          "sensitive_attributes": []
        },
        {
          "index_key": "ecr_dkr",
          "schema_version": 0,
          "attributes": {
            "acceptance_required": false,
            "arn": "arn:aws:ec2:eu-west-1:728738226157:vpc-endpoint-service/vpce-svc-078401ddb7d980b02",
            "availability_zones": [
              "eu-west-1a",
              "eu-west-1b",
              "eu-west-1c"
            ],
            "base_endpoint_dns_names": [
              "dkr.ecr.eu-west-1.vpce.amazonaws.com"
            ],
            "filter": [
              {
                "name": "service-type",
                "values": [
                  "Interface"
                ]
              }
            ],
            "id": "1308289045",
            "manages_vpc_endpoints": false,
            "owner": "amazon",
            "private_dns_name": "*.dkr.ecr.eu-west-1.amazonaws.com",
            "service": "ecr.dkr",
            "service_id": "vpce-svc-078401ddb7d980b02",
            "service_name": "com.amazonaws.eu-west-1.ecr.dkr",
            "service_type": "Interface",
            "supported_ip_address_types": [
              "ipv4"
            ],
            "tags": {},
            "timeouts": null,
            "vpc_endpoint_policy_supported": true
          },
          "sensitive_attributes": []
        },
        {
          "index_key": "ecs",
          "schema_version": 0,
          "attributes": {
            "acceptance_required": false,
            "arn": "arn:aws:ec2:eu-west-1:728738226157:vpc-endpoint-service/vpce-svc-021fa64b182a11812",
            "availability_zones": [
              "eu-west-1a",
              "eu-west-1b",
              "eu-west-1c"
            ],
            "base_endpoint_dns_names": [
              "ecs.eu-west-1.vpce.amazonaws.com"
            ],
            "filter": [
              {
                "name": "service-type",
                "values": [
                  "Interface"
                ]
              }
            ],
            "id": "3119986552",
            "manages_vpc_endpoints": false,
            "owner": "amazon",
            "private_dns_name": "ecs.eu-west-1.amazonaws.com",
            "service": "ecs",
            "service_id": "vpce-svc-021fa64b182a11812",
            "service_name": "com.amazonaws.eu-west-1.ecs",
            "service_type": "Interface",
            "supported_ip_address_types": [
              "ipv4"
            ],
            "tags": {},
            "timeouts": null,
            "vpc_endpoint_policy_supported": true
          },
          "sensitive_attributes": []
        },
        {
          "index_key": "kms",
          "schema_version": 0,
          "attributes": {
            "acceptance_required": false,
            "arn": "arn:aws:ec2:eu-west-1:728738226157:vpc-endpoint-service/vpce-svc-0ac563cfafe5cfad1",
            "availability_zones": [
              "eu-west-1a",
              "eu-west-1b",
              "eu-west-1c"
            ],
            "base_endpoint_dns_names": [
              "kms.eu-west-1.vpce.amazonaws.com"
            ],
            "filter": [
              {
                "name": "service-type",
                "values": [
                  "Interface"
                ]
              }
            ],
            "id": "770324476",
            "manages_vpc_endpoints": false,
            "owner": "amazon",
            "private_dns_name": "kms.eu-west-1.amazonaws.com",
            "service": "kms",
            "service_id": "vpce-svc-0ac563cfafe5cfad1",
            "service_name": "com.amazonaws.eu-west-1.kms",
            "service_type": "Interface",
            "supported_ip_address_types": [
              "ipv4"
            ],
            "tags": {},
            "timeouts": null,
            "vpc_endpoint_policy_supported": true
          },
          "sensitive_attributes": []
        },
        {
          "index_key": "lambda",
          "schema_version": 0,
          "attributes": {
            "acceptance_required": false,
            "arn": "arn:aws:ec2:eu-west-1:728738226157:vpc-endpoint-service/vpce-svc-07a38d7bf6bafef7f",
            "availability_zones": [
              "eu-west-1a",
              "eu-west-1b",
              "eu-west-1c"
            ],
            "base_endpoint_dns_names": [
              "lambda.eu-west-1.vpce.amazonaws.com"
            ],
            "filter": [
              {
                "name": "service-type",
                "values": [
                  "Interface"
                ]
              }
            ],
            "id": "2332288495",
            "manages_vpc_endpoints": false,
            "owner": "amazon",
            "private_dns_name": "lambda.eu-west-1.amazonaws.com",
            "service": "lambda",
            "service_id": "vpce-svc-07a38d7bf6bafef7f",
            "service_name": "com.amazonaws.eu-west-1.lambda",
            "service_type": "Interface",
            "supported_ip_address_types": [
              "ipv4"
            ],
            "tags": {},
            "timeouts": null,
            "vpc_endpoint_policy_supported": true
          },
          "sensitive_attributes": []
        },
        {
          "index_key": "s3",
          "schema_version": 0,
          "attributes": {
            "acceptance_required": false,
            "arn": "arn:aws:ec2:eu-west-1:728738226157:vpc-endpoint-service/vpce-svc-0baafdadd7fd9e20e",
            "availability_zones": [
              "eu-west-1a",
              "eu-west-1b",
              "eu-west-1c"
            ],
            "base_endpoint_dns_names": [
              "s3.eu-west-1.vpce.amazonaws.com"
            ],
            "filter": [
              {
                "name": "service-type",
                "values": [
                  "Interface"
                ]
              }
            ],
            "id": "3917145344",
            "manages_vpc_endpoints": false,
            "owner": "amazon",
            "private_dns_name": "",
            "service": "s3",
            "service_id": "vpce-svc-0baafdadd7fd9e20e",
            "service_name": "com.amazonaws.eu-west-1.s3",
            "service_type": "Interface",
            "supported_ip_address_types": [
              "ipv4"
            ],
            "tags": {},
            "timeouts": null,
            "vpc_endpoint_policy_supported": true
          },
          "sensitive_attributes": []
        },
        {
          "index_key": "ssm",
          "schema_version": 0,
          "attributes": {
            "acceptance_required": false,
            "arn": "arn:aws:ec2:eu-west-1:728738226157:vpc-endpoint-service/vpce-svc-0039038d504694533",
            "availability_zones": [
              "eu-west-1a",
              "eu-west-1b",
              "eu-west-1c"
            ],
            "base_endpoint_dns_names": [
              "ssm.eu-west-1.vpce.amazonaws.com"
            ],
            "filter": [
              {
                "name": "service-type",
                "values": [
                  "Interface"
                ]
              }
            ],
            "id": "294766472",
            "manages_vpc_endpoints": false,
            "owner": "amazon",
            "private_dns_name": "ssm.eu-west-1.amazonaws.com",
            "service": "ssm",
            "service_id": "vpce-svc-0039038d504694533",
            "service_name": "com.amazonaws.eu-west-1.ssm",
            "service_type": "Interface",
            "supported_ip_address_types": [
              "ipv4"
            ],
            "tags": {},
            "timeouts": null,
            "vpc_endpoint_policy_supported": true
          },
          "sensitive_attributes": []
        },
        {
          "index_key": "ssmmessages",
          "schema_version": 0,
          "attributes": {
            "acceptance_required": false,
            "arn": "arn:aws:ec2:eu-west-1:728738226157:vpc-endpoint-service/vpce-svc-0e78b58c016eeef2f",
            "availability_zones": [
              "eu-west-1a",
              "eu-west-1b",
              "eu-west-1c"
            ],
            "base_endpoint_dns_names": [
              "ssmmessages.eu-west-1.vpce.amazonaws.com"
            ],
            "filter": [
              {
                "name": "service-type",
                "values": [
                  "Interface"
                ]
              }
            ],
            "id": "3655096872",
            "manages_vpc_endpoints": false,
            "owner": "amazon",
            "private_dns_name": "ssmmessages.eu-west-1.amazonaws.com",
            "service": "ssmmessages",
            "service_id": "vpce-svc-0e78b58c016eeef2f",
            "service_name": "com.amazonaws.eu-west-1.ssmmessages",
            "service_type": "Interface",
            "supported_ip_address_types": [
              "ipv4"
            ],
            "tags": {},
            "timeouts": null,
            "vpc_endpoint_policy_supported": true
          },
          "sensitive_attributes": []
        }
      ]
    },
    {
      "module": "module.vpc_example_complete-vpc.module.vpc_endpoints",
      "mode": "managed",
      "type": "aws_vpc_endpoint",
      "name": "this",
      "provider": "module.vpc_example_complete-vpc.provider[\"registry.terraform.io/hashicorp/aws\"]",
      "instances": [
        {
          "index_key": "codedeploy",
          "schema_version": 0,
          "attributes": {
            "arn": "arn:aws:ec2:eu-west-1:728738226157:vpc-endpoint/vpce-0d3dfdd9c97fc72e2",
            "auto_accept": null,
            "cidr_blocks": [],
            "dns_entry": [
              {
                "dns_name": "vpce-0d3dfdd9c97fc72e2-3gbx9pad.codedeploy.eu-west-1.vpce.amazonaws.com",
                "hosted_zone_id": "Z38GZ743OKFT7T"
              },
              {
                "dns_name": "vpce-0d3dfdd9c97fc72e2-3gbx9pad-eu-west-1a.codedeploy.eu-west-1.vpce.amazonaws.com",
                "hosted_zone_id": "Z38GZ743OKFT7T"
              },
              {
                "dns_name": "vpce-0d3dfdd9c97fc72e2-3gbx9pad-eu-west-1b.codedeploy.eu-west-1.vpce.amazonaws.com",
                "hosted_zone_id": "Z38GZ743OKFT7T"
              },
              {
                "dns_name": "vpce-0d3dfdd9c97fc72e2-3gbx9pad-eu-west-1c.codedeploy.eu-west-1.vpce.amazonaws.com",
                "hosted_zone_id": "Z38GZ743OKFT7T"
              },
              {
                "dns_name": "codedeploy.eu-west-1.amazonaws.com",
                "hosted_zone_id": "Z0307337ZQ27V94X3VUH"
              }
            ],
            "dns_options": [
              {
                "dns_record_ip_type": "ipv4"
              }
            ],
            "id": "vpce-0d3dfdd9c97fc72e2",
            "ip_address_type": "ipv4",
            "network_interface_ids": [
              "eni-0932214db852e11ff",
              "eni-0abfb79097ea5c71f",
              "eni-0f1a9b77f76295590"
            ],
            "owner_id": "728738226157",
            "policy": "{\"Statement\":[{\"Action\":\"*\",\"Effect\":\"Allow\",\"Principal\":\"*\",\"Resource\":\"*\"}]}",
            "prefix_list_id": null,
            "private_dns_enabled": true,
            "requester_managed": false,
            "route_table_ids": [],
            "security_group_ids": [
              "sg-048a842b82bf5408d"
            ],
            "service_name": "com.amazonaws.eu-west-1.codedeploy",
            "state": "available",
            "subnet_ids": [
              "subnet-00170a4f1c55b7675",
              "subnet-08453d3e1519e37bf",
              "subnet-0d7f95a866ed2029e"
            ],
            "tags": {
              "Endpoint": "true",
              "Example": "ex-Module-VPC",
              "GithubOrg": "terraform-aws-modules",
              "GithubRepo": "terraform-aws-vpc",
              "Project": "Secret"
            },
            "tags_all": {
              "Endpoint": "true",
              "Example": "ex-Module-VPC",
              "GithubOrg": "terraform-aws-modules",
              "GithubRepo": "terraform-aws-vpc",
              "Project": "Secret"
            },
            "timeouts": {
              "create": "10m",
              "delete": "10m",
              "update": "10m"
            },
            "vpc_endpoint_type": "Interface",
            "vpc_id": "vpc-0a8f170855a8e6a90"
          },
          "sensitive_attributes": [],
          "private": "eyJlMmJmYjczMC1lY2FhLTExZTYtOGY4OC0zNDM2M2JjN2M0YzAiOnsiY3JlYXRlIjo2MDAwMDAwMDAwMDAsImRlbGV0ZSI6NjAwMDAwMDAwMDAwLCJ1cGRhdGUiOjYwMDAwMDAwMDAwMH19",
          "dependencies": [
            "module.vpc_example_complete-vpc.aws_security_group.vpc_tls",
            "module.vpc_example_complete-vpc.data.aws_iam_policy_document.dynamodb_endpoint_policy",
            "module.vpc_example_complete-vpc.data.aws_iam_policy_document.generic_endpoint_policy",
            "module.vpc_example_complete-vpc.data.aws_security_group.default",
            "module.vpc_example_complete-vpc.module.vpc.aws_route_table.intra",
            "module.vpc_example_complete-vpc.module.vpc.aws_route_table.private",
            "module.vpc_example_complete-vpc.module.vpc.aws_route_table.public",
            "module.vpc_example_complete-vpc.module.vpc.aws_subnet.private",
            "module.vpc_example_complete-vpc.module.vpc.aws_vpc.this",
            "module.vpc_example_complete-vpc.module.vpc.aws_vpc_ipv4_cidr_block_association.this",
            "module.vpc_example_complete-vpc.module.vpc_endpoints.data.aws_vpc_endpoint_service.this"
          ]
        },
        {
          "index_key": "codedeploy_commands_secure",
          "schema_version": 0,
          "attributes": {
            "arn": "arn:aws:ec2:eu-west-1:728738226157:vpc-endpoint/vpce-0a13fe540822c3d41",
            "auto_accept": null,
            "cidr_blocks": [],
            "dns_entry": [
              {
                "dns_name": "vpce-0a13fe540822c3d41-2htagiwd.codedeploy-commands-secure.eu-west-1.vpce.amazonaws.com",
                "hosted_zone_id": "Z38GZ743OKFT7T"
              },
              {
                "dns_name": "vpce-0a13fe540822c3d41-2htagiwd-eu-west-1a.codedeploy-commands-secure.eu-west-1.vpce.amazonaws.com",
                "hosted_zone_id": "Z38GZ743OKFT7T"
              },
              {
                "dns_name": "vpce-0a13fe540822c3d41-2htagiwd-eu-west-1c.codedeploy-commands-secure.eu-west-1.vpce.amazonaws.com",
                "hosted_zone_id": "Z38GZ743OKFT7T"
              },
              {
                "dns_name": "vpce-0a13fe540822c3d41-2htagiwd-eu-west-1b.codedeploy-commands-secure.eu-west-1.vpce.amazonaws.com",
                "hosted_zone_id": "Z38GZ743OKFT7T"
              },
              {
                "dns_name": "codedeploy-commands-secure.eu-west-1.amazonaws.com",
                "hosted_zone_id": "Z0307952IAIX7YXIJ2VO"
              }
            ],
            "dns_options": [
              {
                "dns_record_ip_type": "ipv4"
              }
            ],
            "id": "vpce-0a13fe540822c3d41",
            "ip_address_type": "ipv4",
            "network_interface_ids": [
              "eni-002f99df779581e9e",
              "eni-0a4d09af356547ad4",
              "eni-0adbdcf8ce4c6ca14"
            ],
            "owner_id": "728738226157",
            "policy": "{\"Statement\":[{\"Action\":\"*\",\"Effect\":\"Allow\",\"Principal\":\"*\",\"Resource\":\"*\"}]}",
            "prefix_list_id": null,
            "private_dns_enabled": true,
            "requester_managed": false,
            "route_table_ids": [],
            "security_group_ids": [
              "sg-048a842b82bf5408d"
            ],
            "service_name": "com.amazonaws.eu-west-1.codedeploy-commands-secure",
            "state": "available",
            "subnet_ids": [
              "subnet-00170a4f1c55b7675",
              "subnet-08453d3e1519e37bf",
              "subnet-0d7f95a866ed2029e"
            ],
            "tags": {
              "Endpoint": "true",
              "Example": "ex-Module-VPC",
              "GithubOrg": "terraform-aws-modules",
              "GithubRepo": "terraform-aws-vpc",
              "Project": "Secret"
            },
            "tags_all": {
              "Endpoint": "true",
              "Example": "ex-Module-VPC",
              "GithubOrg": "terraform-aws-modules",
              "GithubRepo": "terraform-aws-vpc",
              "Project": "Secret"
            },
            "timeouts": {
              "create": "10m",
              "delete": "10m",
              "update": "10m"
            },
            "vpc_endpoint_type": "Interface",
            "vpc_id": "vpc-0a8f170855a8e6a90"
          },
          "sensitive_attributes": [],
          "private": "eyJlMmJmYjczMC1lY2FhLTExZTYtOGY4OC0zNDM2M2JjN2M0YzAiOnsiY3JlYXRlIjo2MDAwMDAwMDAwMDAsImRlbGV0ZSI6NjAwMDAwMDAwMDAwLCJ1cGRhdGUiOjYwMDAwMDAwMDAwMH19",
          "dependencies": [
            "module.vpc_example_complete-vpc.aws_security_group.vpc_tls",
            "module.vpc_example_complete-vpc.data.aws_iam_policy_document.dynamodb_endpoint_policy",
            "module.vpc_example_complete-vpc.data.aws_iam_policy_document.generic_endpoint_policy",
            "module.vpc_example_complete-vpc.data.aws_security_group.default",
            "module.vpc_example_complete-vpc.module.vpc.aws_route_table.intra",
            "module.vpc_example_complete-vpc.module.vpc.aws_route_table.private",
            "module.vpc_example_complete-vpc.module.vpc.aws_route_table.public",
            "module.vpc_example_complete-vpc.module.vpc.aws_subnet.private",
            "module.vpc_example_complete-vpc.module.vpc.aws_vpc.this",
            "module.vpc_example_complete-vpc.module.vpc.aws_vpc_ipv4_cidr_block_association.this",
            "module.vpc_example_complete-vpc.module.vpc_endpoints.data.aws_vpc_endpoint_service.this"
          ]
        },
        {
          "index_key": "dynamodb",
          "schema_version": 0,
          "attributes": {
            "arn": "arn:aws:ec2:eu-west-1:728738226157:vpc-endpoint/vpce-0afd6fd66dcb7c519",
            "auto_accept": null,
            "cidr_blocks": [
              "52.94.5.0/24",
              "35.71.73.0/24",
              "52.119.240.0/21",
              "35.71.74.0/23",
              "52.94.24.0/23"
            ],
            "dns_entry": [],
            "dns_options": [],
            "id": "vpce-0afd6fd66dcb7c519",
            "ip_address_type": "",
            "network_interface_ids": [],
            "owner_id": "728738226157",
            "policy": "{\"Statement\":[{\"Action\":\"dynamodb:*\",\"Condition\":{\"StringNotEquals\":{\"aws:sourceVpce\":\"vpc-0a8f170855a8e6a90\"}},\"Effect\":\"Deny\",\"Principal\":\"*\",\"Resource\":\"*\",\"Sid\":\"\"}],\"Version\":\"2012-10-17\"}",
            "prefix_list_id": "pl-6fa54006",
            "private_dns_enabled": false,
            "requester_managed": false,
            "route_table_ids": [
              "rtb-02387fc033ad2454a",
              "rtb-0b945c6bc8e05327d",
              "rtb-0ca9583368b0aaa8f"
            ],
            "security_group_ids": [],
            "service_name": "com.amazonaws.eu-west-1.dynamodb",
            "state": "available",
            "subnet_ids": [],
            "tags": {
              "Endpoint": "true",
              "Example": "ex-Module-VPC",
              "GithubOrg": "terraform-aws-modules",
              "GithubRepo": "terraform-aws-vpc",
              "Name": "dynamodb-vpc-endpoint",
              "Project": "Secret"
            },
            "tags_all": {
              "Endpoint": "true",
              "Example": "ex-Module-VPC",
              "GithubOrg": "terraform-aws-modules",
              "GithubRepo": "terraform-aws-vpc",
              "Name": "dynamodb-vpc-endpoint",
              "Project": "Secret"
            },
            "timeouts": {
              "create": "10m",
              "delete": "10m",
              "update": "10m"
            },
            "vpc_endpoint_type": "Gateway",
            "vpc_id": "vpc-0a8f170855a8e6a90"
          },
          "sensitive_attributes": [],
          "private": "eyJlMmJmYjczMC1lY2FhLTExZTYtOGY4OC0zNDM2M2JjN2M0YzAiOnsiY3JlYXRlIjo2MDAwMDAwMDAwMDAsImRlbGV0ZSI6NjAwMDAwMDAwMDAwLCJ1cGRhdGUiOjYwMDAwMDAwMDAwMH19",
          "dependencies": [
            "module.vpc_example_complete-vpc.aws_security_group.vpc_tls",
            "module.vpc_example_complete-vpc.data.aws_iam_policy_document.dynamodb_endpoint_policy",
            "module.vpc_example_complete-vpc.data.aws_iam_policy_document.generic_endpoint_policy",
            "module.vpc_example_complete-vpc.data.aws_security_group.default",
            "module.vpc_example_complete-vpc.module.vpc.aws_route_table.intra",
            "module.vpc_example_complete-vpc.module.vpc.aws_route_table.private",
            "module.vpc_example_complete-vpc.module.vpc.aws_route_table.public",
            "module.vpc_example_complete-vpc.module.vpc.aws_subnet.private",
            "module.vpc_example_complete-vpc.module.vpc.aws_vpc.this",
            "module.vpc_example_complete-vpc.module.vpc.aws_vpc_ipv4_cidr_block_association.this",
            "module.vpc_example_complete-vpc.module.vpc_endpoints.data.aws_vpc_endpoint_service.this"
          ]
        },
        {
          "index_key": "ec2",
          "schema_version": 0,
          "attributes": {
            "arn": "arn:aws:ec2:eu-west-1:728738226157:vpc-endpoint/vpce-0791375e07cfdbf7d",
            "auto_accept": null,
            "cidr_blocks": [],
            "dns_entry": [
              {
                "dns_name": "vpce-0791375e07cfdbf7d-126u9dz9.ec2.eu-west-1.vpce.amazonaws.com",
                "hosted_zone_id": "Z38GZ743OKFT7T"
              },
              {
                "dns_name": "vpce-0791375e07cfdbf7d-126u9dz9-eu-west-1c.ec2.eu-west-1.vpce.amazonaws.com",
                "hosted_zone_id": "Z38GZ743OKFT7T"
              },
              {
                "dns_name": "vpce-0791375e07cfdbf7d-126u9dz9-eu-west-1b.ec2.eu-west-1.vpce.amazonaws.com",
                "hosted_zone_id": "Z38GZ743OKFT7T"
              },
              {
                "dns_name": "vpce-0791375e07cfdbf7d-126u9dz9-eu-west-1a.ec2.eu-west-1.vpce.amazonaws.com",
                "hosted_zone_id": "Z38GZ743OKFT7T"
              },
              {
                "dns_name": "ec2.eu-west-1.amazonaws.com",
                "hosted_zone_id": "Z02981053SSPIMY0Y6M1Y"
              },
              {
                "dns_name": "ec2.eu-west-1.api.aws",
                "hosted_zone_id": "Z063200526TW8JFRWDPGW"
              }
            ],
            "dns_options": [
              {
                "dns_record_ip_type": "ipv4"
              }
            ],
            "id": "vpce-0791375e07cfdbf7d",
            "ip_address_type": "ipv4",
            "network_interface_ids": [
              "eni-04a14a1a9d36f7307",
              "eni-0b7b9ea1f4c0940fb",
              "eni-0de160c7cd9a7e211"
            ],
            "owner_id": "728738226157",
            "policy": "{\"Statement\":[{\"Action\":\"*\",\"Effect\":\"Allow\",\"Principal\":\"*\",\"Resource\":\"*\"}]}",
            "prefix_list_id": null,
            "private_dns_enabled": true,
            "requester_managed": false,
            "route_table_ids": [],
            "security_group_ids": [
              "sg-048a842b82bf5408d",
              "sg-06dee61f9aafb26fa"
            ],
            "service_name": "com.amazonaws.eu-west-1.ec2",
            "state": "available",
            "subnet_ids": [
              "subnet-00170a4f1c55b7675",
              "subnet-08453d3e1519e37bf",
              "subnet-0d7f95a866ed2029e"
            ],
            "tags": {
              "Endpoint": "true",
              "Example": "ex-Module-VPC",
              "GithubOrg": "terraform-aws-modules",
              "GithubRepo": "terraform-aws-vpc",
              "Project": "Secret"
            },
            "tags_all": {
              "Endpoint": "true",
              "Example": "ex-Module-VPC",
              "GithubOrg": "terraform-aws-modules",
              "GithubRepo": "terraform-aws-vpc",
              "Project": "Secret"
            },
            "timeouts": {
              "create": "10m",
              "delete": "10m",
              "update": "10m"
            },
            "vpc_endpoint_type": "Interface",
            "vpc_id": "vpc-0a8f170855a8e6a90"
          },
          "sensitive_attributes": [],
          "private": "eyJlMmJmYjczMC1lY2FhLTExZTYtOGY4OC0zNDM2M2JjN2M0YzAiOnsiY3JlYXRlIjo2MDAwMDAwMDAwMDAsImRlbGV0ZSI6NjAwMDAwMDAwMDAwLCJ1cGRhdGUiOjYwMDAwMDAwMDAwMH19",
          "dependencies": [
            "module.vpc_example_complete-vpc.aws_security_group.vpc_tls",
            "module.vpc_example_complete-vpc.data.aws_iam_policy_document.dynamodb_endpoint_policy",
            "module.vpc_example_complete-vpc.data.aws_iam_policy_document.generic_endpoint_policy",
            "module.vpc_example_complete-vpc.data.aws_security_group.default",
            "module.vpc_example_complete-vpc.module.vpc.aws_route_table.intra",
            "module.vpc_example_complete-vpc.module.vpc.aws_route_table.private",
            "module.vpc_example_complete-vpc.module.vpc.aws_route_table.public",
            "module.vpc_example_complete-vpc.module.vpc.aws_subnet.private",
            "module.vpc_example_complete-vpc.module.vpc.aws_vpc.this",
            "module.vpc_example_complete-vpc.module.vpc.aws_vpc_ipv4_cidr_block_association.this",
            "module.vpc_example_complete-vpc.module.vpc_endpoints.data.aws_vpc_endpoint_service.this"
          ]
        },
        {
          "index_key": "ec2messages",
          "schema_version": 0,
          "attributes": {
            "arn": "arn:aws:ec2:eu-west-1:728738226157:vpc-endpoint/vpce-07d99133c6cf6221f",
            "auto_accept": null,
            "cidr_blocks": [],
            "dns_entry": [
              {
                "dns_name": "vpce-07d99133c6cf6221f-uekyyekn.ec2messages.eu-west-1.vpce.amazonaws.com",
                "hosted_zone_id": "Z38GZ743OKFT7T"
              },
              {
                "dns_name": "vpce-07d99133c6cf6221f-uekyyekn-eu-west-1c.ec2messages.eu-west-1.vpce.amazonaws.com",
                "hosted_zone_id": "Z38GZ743OKFT7T"
              },
              {
                "dns_name": "vpce-07d99133c6cf6221f-uekyyekn-eu-west-1a.ec2messages.eu-west-1.vpce.amazonaws.com",
                "hosted_zone_id": "Z38GZ743OKFT7T"
              },
              {
                "dns_name": "vpce-07d99133c6cf6221f-uekyyekn-eu-west-1b.ec2messages.eu-west-1.vpce.amazonaws.com",
                "hosted_zone_id": "Z38GZ743OKFT7T"
              },
              {
                "dns_name": "ec2messages.eu-west-1.amazonaws.com",
                "hosted_zone_id": "Z029824134UL088Q9X6O8"
              }
            ],
            "dns_options": [
              {
                "dns_record_ip_type": "ipv4"
              }
            ],
            "id": "vpce-07d99133c6cf6221f",
            "ip_address_type": "ipv4",
            "network_interface_ids": [
              "eni-040f9b4ca248d2436",
              "eni-04cd35a9628d02af1",
              "eni-092967f186cdfef3e"
            ],
            "owner_id": "728738226157",
            "policy": "{\"Statement\":[{\"Action\":\"*\",\"Effect\":\"Allow\",\"Principal\":\"*\",\"Resource\":\"*\"}]}",
            "prefix_list_id": null,
            "private_dns_enabled": true,
            "requester_managed": false,
            "route_table_ids": [],
            "security_group_ids": [
              "sg-048a842b82bf5408d"
            ],
            "service_name": "com.amazonaws.eu-west-1.ec2messages",
            "state": "available",
            "subnet_ids": [
              "subnet-00170a4f1c55b7675",
              "subnet-08453d3e1519e37bf",
              "subnet-0d7f95a866ed2029e"
            ],
            "tags": {
              "Endpoint": "true",
              "Example": "ex-Module-VPC",
              "GithubOrg": "terraform-aws-modules",
              "GithubRepo": "terraform-aws-vpc",
              "Project": "Secret"
            },
            "tags_all": {
              "Endpoint": "true",
              "Example": "ex-Module-VPC",
              "GithubOrg": "terraform-aws-modules",
              "GithubRepo": "terraform-aws-vpc",
              "Project": "Secret"
            },
            "timeouts": {
              "create": "10m",
              "delete": "10m",
              "update": "10m"
            },
            "vpc_endpoint_type": "Interface",
            "vpc_id": "vpc-0a8f170855a8e6a90"
          },
          "sensitive_attributes": [],
          "private": "eyJlMmJmYjczMC1lY2FhLTExZTYtOGY4OC0zNDM2M2JjN2M0YzAiOnsiY3JlYXRlIjo2MDAwMDAwMDAwMDAsImRlbGV0ZSI6NjAwMDAwMDAwMDAwLCJ1cGRhdGUiOjYwMDAwMDAwMDAwMH19",
          "dependencies": [
            "module.vpc_example_complete-vpc.aws_security_group.vpc_tls",
            "module.vpc_example_complete-vpc.data.aws_iam_policy_document.dynamodb_endpoint_policy",
            "module.vpc_example_complete-vpc.data.aws_iam_policy_document.generic_endpoint_policy",
            "module.vpc_example_complete-vpc.data.aws_security_group.default",
            "module.vpc_example_complete-vpc.module.vpc.aws_route_table.intra",
            "module.vpc_example_complete-vpc.module.vpc.aws_route_table.private",
            "module.vpc_example_complete-vpc.module.vpc.aws_route_table.public",
            "module.vpc_example_complete-vpc.module.vpc.aws_subnet.private",
            "module.vpc_example_complete-vpc.module.vpc.aws_vpc.this",
            "module.vpc_example_complete-vpc.module.vpc.aws_vpc_ipv4_cidr_block_association.this",
            "module.vpc_example_complete-vpc.module.vpc_endpoints.data.aws_vpc_endpoint_service.this"
          ]
        },
        {
          "index_key": "ecr_api",
          "schema_version": 0,
          "attributes": {
            "arn": "arn:aws:ec2:eu-west-1:728738226157:vpc-endpoint/vpce-051b84747f9153067",
            "auto_accept": null,
            "cidr_blocks": [],
            "dns_entry": [
              {
                "dns_name": "vpce-051b84747f9153067-93o5ybhx.api.ecr.eu-west-1.vpce.amazonaws.com",
                "hosted_zone_id": "Z38GZ743OKFT7T"
              },
              {
                "dns_name": "vpce-051b84747f9153067-93o5ybhx-eu-west-1a.api.ecr.eu-west-1.vpce.amazonaws.com",
                "hosted_zone_id": "Z38GZ743OKFT7T"
              },
              {
                "dns_name": "vpce-051b84747f9153067-93o5ybhx-eu-west-1c.api.ecr.eu-west-1.vpce.amazonaws.com",
                "hosted_zone_id": "Z38GZ743OKFT7T"
              },
              {
                "dns_name": "vpce-051b84747f9153067-93o5ybhx-eu-west-1b.api.ecr.eu-west-1.vpce.amazonaws.com",
                "hosted_zone_id": "Z38GZ743OKFT7T"
              },
              {
                "dns_name": "api.ecr.eu-west-1.amazonaws.com",
                "hosted_zone_id": "Z02008243FGBY6ZEICVHC"
              }
            ],
            "dns_options": [
              {
                "dns_record_ip_type": "ipv4"
              }
            ],
            "id": "vpce-051b84747f9153067",
            "ip_address_type": "ipv4",
            "network_interface_ids": [
              "eni-0174110fdc7fa254b",
              "eni-08a0127631a30524a",
              "eni-0a1c463b2db987a36"
            ],
            "owner_id": "728738226157",
            "policy": "{\"Statement\":[{\"Action\":\"*\",\"Condition\":{\"StringNotEquals\":{\"aws:SourceVpc\":\"vpc-0a8f170855a8e6a90\"}},\"Effect\":\"Deny\",\"Principal\":\"*\",\"Resource\":\"*\",\"Sid\":\"\"}],\"Version\":\"2012-10-17\"}",
            "prefix_list_id": null,
            "private_dns_enabled": true,
            "requester_managed": false,
            "route_table_ids": [],
            "security_group_ids": [
              "sg-048a842b82bf5408d"
            ],
            "service_name": "com.amazonaws.eu-west-1.ecr.api",
            "state": "available",
            "subnet_ids": [
              "subnet-00170a4f1c55b7675",
              "subnet-08453d3e1519e37bf",
              "subnet-0d7f95a866ed2029e"
            ],
            "tags": {
              "Endpoint": "true",
              "Example": "ex-Module-VPC",
              "GithubOrg": "terraform-aws-modules",
              "GithubRepo": "terraform-aws-vpc",
              "Project": "Secret"
            },
            "tags_all": {
              "Endpoint": "true",
              "Example": "ex-Module-VPC",
              "GithubOrg": "terraform-aws-modules",
              "GithubRepo": "terraform-aws-vpc",
              "Project": "Secret"
            },
            "timeouts": {
              "create": "10m",
              "delete": "10m",
              "update": "10m"
            },
            "vpc_endpoint_type": "Interface",
            "vpc_id": "vpc-0a8f170855a8e6a90"
          },
          "sensitive_attributes": [],
          "private": "eyJlMmJmYjczMC1lY2FhLTExZTYtOGY4OC0zNDM2M2JjN2M0YzAiOnsiY3JlYXRlIjo2MDAwMDAwMDAwMDAsImRlbGV0ZSI6NjAwMDAwMDAwMDAwLCJ1cGRhdGUiOjYwMDAwMDAwMDAwMH19",
          "dependencies": [
            "module.vpc_example_complete-vpc.aws_security_group.vpc_tls",
            "module.vpc_example_complete-vpc.data.aws_iam_policy_document.dynamodb_endpoint_policy",
            "module.vpc_example_complete-vpc.data.aws_iam_policy_document.generic_endpoint_policy",
            "module.vpc_example_complete-vpc.data.aws_security_group.default",
            "module.vpc_example_complete-vpc.module.vpc.aws_route_table.intra",
            "module.vpc_example_complete-vpc.module.vpc.aws_route_table.private",
            "module.vpc_example_complete-vpc.module.vpc.aws_route_table.public",
            "module.vpc_example_complete-vpc.module.vpc.aws_subnet.private",
            "module.vpc_example_complete-vpc.module.vpc.aws_vpc.this",
            "module.vpc_example_complete-vpc.module.vpc.aws_vpc_ipv4_cidr_block_association.this",
            "module.vpc_example_complete-vpc.module.vpc_endpoints.data.aws_vpc_endpoint_service.this"
          ]
        },
        {
          "index_key": "ecr_dkr",
          "schema_version": 0,
          "attributes": {
            "arn": "arn:aws:ec2:eu-west-1:728738226157:vpc-endpoint/vpce-0ba74ec8e937e445d",
            "auto_accept": null,
            "cidr_blocks": [],
            "dns_entry": [
              {
                "dns_name": "vpce-0ba74ec8e937e445d-gg8j7xf1.dkr.ecr.eu-west-1.vpce.amazonaws.com",
                "hosted_zone_id": "Z38GZ743OKFT7T"
              },
              {
                "dns_name": "vpce-0ba74ec8e937e445d-gg8j7xf1-eu-west-1b.dkr.ecr.eu-west-1.vpce.amazonaws.com",
                "hosted_zone_id": "Z38GZ743OKFT7T"
              },
              {
                "dns_name": "vpce-0ba74ec8e937e445d-gg8j7xf1-eu-west-1a.dkr.ecr.eu-west-1.vpce.amazonaws.com",
                "hosted_zone_id": "Z38GZ743OKFT7T"
              },
              {
                "dns_name": "vpce-0ba74ec8e937e445d-gg8j7xf1-eu-west-1c.dkr.ecr.eu-west-1.vpce.amazonaws.com",
                "hosted_zone_id": "Z38GZ743OKFT7T"
              },
              {
                "dns_name": "dkr.ecr.eu-west-1.amazonaws.com",
                "hosted_zone_id": "Z030840828S09VVHC3049"
              },
              {
                "dns_name": "*.dkr.ecr.eu-west-1.amazonaws.com",
                "hosted_zone_id": "Z030840828S09VVHC3049"
              }
            ],
            "dns_options": [
              {
                "dns_record_ip_type": "ipv4"
              }
            ],
            "id": "vpce-0ba74ec8e937e445d",
            "ip_address_type": "ipv4",
            "network_interface_ids": [
              "eni-00d8642e439126682",
              "eni-0234e449753bd8ee1",
              "eni-030771c95c87b9bfa"
            ],
            "owner_id": "728738226157",
            "policy": "{\"Statement\":[{\"Action\":\"*\",\"Condition\":{\"StringNotEquals\":{\"aws:SourceVpc\":\"vpc-0a8f170855a8e6a90\"}},\"Effect\":\"Deny\",\"Principal\":\"*\",\"Resource\":\"*\",\"Sid\":\"\"}],\"Version\":\"2012-10-17\"}",
            "prefix_list_id": null,
            "private_dns_enabled": true,
            "requester_managed": false,
            "route_table_ids": [],
            "security_group_ids": [
              "sg-048a842b82bf5408d"
            ],
            "service_name": "com.amazonaws.eu-west-1.ecr.dkr",
            "state": "available",
            "subnet_ids": [
              "subnet-00170a4f1c55b7675",
              "subnet-08453d3e1519e37bf",
              "subnet-0d7f95a866ed2029e"
            ],
            "tags": {
              "Endpoint": "true",
              "Example": "ex-Module-VPC",
              "GithubOrg": "terraform-aws-modules",
              "GithubRepo": "terraform-aws-vpc",
              "Project": "Secret"
            },
            "tags_all": {
              "Endpoint": "true",
              "Example": "ex-Module-VPC",
              "GithubOrg": "terraform-aws-modules",
              "GithubRepo": "terraform-aws-vpc",
              "Project": "Secret"
            },
            "timeouts": {
              "create": "10m",
              "delete": "10m",
              "update": "10m"
            },
            "vpc_endpoint_type": "Interface",
            "vpc_id": "vpc-0a8f170855a8e6a90"
          },
          "sensitive_attributes": [],
          "private": "eyJlMmJmYjczMC1lY2FhLTExZTYtOGY4OC0zNDM2M2JjN2M0YzAiOnsiY3JlYXRlIjo2MDAwMDAwMDAwMDAsImRlbGV0ZSI6NjAwMDAwMDAwMDAwLCJ1cGRhdGUiOjYwMDAwMDAwMDAwMH19",
          "dependencies": [
            "module.vpc_example_complete-vpc.aws_security_group.vpc_tls",
            "module.vpc_example_complete-vpc.data.aws_iam_policy_document.dynamodb_endpoint_policy",
            "module.vpc_example_complete-vpc.data.aws_iam_policy_document.generic_endpoint_policy",
            "module.vpc_example_complete-vpc.data.aws_security_group.default",
            "module.vpc_example_complete-vpc.module.vpc.aws_route_table.intra",
            "module.vpc_example_complete-vpc.module.vpc.aws_route_table.private",
            "module.vpc_example_complete-vpc.module.vpc.aws_route_table.public",
            "module.vpc_example_complete-vpc.module.vpc.aws_subnet.private",
            "module.vpc_example_complete-vpc.module.vpc.aws_vpc.this",
            "module.vpc_example_complete-vpc.module.vpc.aws_vpc_ipv4_cidr_block_association.this",
            "module.vpc_example_complete-vpc.module.vpc_endpoints.data.aws_vpc_endpoint_service.this"
          ]
        },
        {
          "index_key": "ecs",
          "schema_version": 0,
          "attributes": {
            "arn": "arn:aws:ec2:eu-west-1:728738226157:vpc-endpoint/vpce-0792d59bbd069442a",
            "auto_accept": null,
            "cidr_blocks": [],
            "dns_entry": [
              {
                "dns_name": "vpce-0792d59bbd069442a-zhkm5qnt.ecs.eu-west-1.vpce.amazonaws.com",
                "hosted_zone_id": "Z38GZ743OKFT7T"
              },
              {
                "dns_name": "vpce-0792d59bbd069442a-zhkm5qnt-eu-west-1b.ecs.eu-west-1.vpce.amazonaws.com",
                "hosted_zone_id": "Z38GZ743OKFT7T"
              },
              {
                "dns_name": "vpce-0792d59bbd069442a-zhkm5qnt-eu-west-1c.ecs.eu-west-1.vpce.amazonaws.com",
                "hosted_zone_id": "Z38GZ743OKFT7T"
              },
              {
                "dns_name": "vpce-0792d59bbd069442a-zhkm5qnt-eu-west-1a.ecs.eu-west-1.vpce.amazonaws.com",
                "hosted_zone_id": "Z38GZ743OKFT7T"
              },
              {
                "dns_name": "ecs.eu-west-1.amazonaws.com",
                "hosted_zone_id": "Z03079542B6FHGGFCPSNB"
              }
            ],
            "dns_options": [
              {
                "dns_record_ip_type": "ipv4"
              }
            ],
            "id": "vpce-0792d59bbd069442a",
            "ip_address_type": "ipv4",
            "network_interface_ids": [
              "eni-00d89cf56bfed75ff",
              "eni-080a2a4a29adb2308",
              "eni-0c492ac9cc2f500ef"
            ],
            "owner_id": "728738226157",
            "policy": "{\"Statement\":[{\"Action\":\"*\",\"Effect\":\"Allow\",\"Principal\":\"*\",\"Resource\":\"*\"}]}",
            "prefix_list_id": null,
            "private_dns_enabled": true,
            "requester_managed": false,
            "route_table_ids": [],
            "security_group_ids": [
              "sg-048a842b82bf5408d"
            ],
            "service_name": "com.amazonaws.eu-west-1.ecs",
            "state": "available",
            "subnet_ids": [
              "subnet-00170a4f1c55b7675",
              "subnet-08453d3e1519e37bf",
              "subnet-0d7f95a866ed2029e"
            ],
            "tags": {
              "Endpoint": "true",
              "Example": "ex-Module-VPC",
              "GithubOrg": "terraform-aws-modules",
              "GithubRepo": "terraform-aws-vpc",
              "Project": "Secret"
            },
            "tags_all": {
              "Endpoint": "true",
              "Example": "ex-Module-VPC",
              "GithubOrg": "terraform-aws-modules",
              "GithubRepo": "terraform-aws-vpc",
              "Project": "Secret"
            },
            "timeouts": {
              "create": "10m",
              "delete": "10m",
              "update": "10m"
            },
            "vpc_endpoint_type": "Interface",
            "vpc_id": "vpc-0a8f170855a8e6a90"
          },
          "sensitive_attributes": [],
          "private": "eyJlMmJmYjczMC1lY2FhLTExZTYtOGY4OC0zNDM2M2JjN2M0YzAiOnsiY3JlYXRlIjo2MDAwMDAwMDAwMDAsImRlbGV0ZSI6NjAwMDAwMDAwMDAwLCJ1cGRhdGUiOjYwMDAwMDAwMDAwMH19",
          "dependencies": [
            "module.vpc_example_complete-vpc.aws_security_group.vpc_tls",
            "module.vpc_example_complete-vpc.data.aws_iam_policy_document.dynamodb_endpoint_policy",
            "module.vpc_example_complete-vpc.data.aws_iam_policy_document.generic_endpoint_policy",
            "module.vpc_example_complete-vpc.data.aws_security_group.default",
            "module.vpc_example_complete-vpc.module.vpc.aws_route_table.intra",
            "module.vpc_example_complete-vpc.module.vpc.aws_route_table.private",
            "module.vpc_example_complete-vpc.module.vpc.aws_route_table.public",
            "module.vpc_example_complete-vpc.module.vpc.aws_subnet.private",
            "module.vpc_example_complete-vpc.module.vpc.aws_vpc.this",
            "module.vpc_example_complete-vpc.module.vpc.aws_vpc_ipv4_cidr_block_association.this",
            "module.vpc_example_complete-vpc.module.vpc_endpoints.data.aws_vpc_endpoint_service.this"
          ]
        },
        {
          "index_key": "kms",
          "schema_version": 0,
          "attributes": {
            "arn": "arn:aws:ec2:eu-west-1:728738226157:vpc-endpoint/vpce-04bde4c66242275d1",
            "auto_accept": null,
            "cidr_blocks": [],
            "dns_entry": [
              {
                "dns_name": "vpce-04bde4c66242275d1-e52gsjj8.kms.eu-west-1.vpce.amazonaws.com",
                "hosted_zone_id": "Z38GZ743OKFT7T"
              },
              {
                "dns_name": "vpce-04bde4c66242275d1-e52gsjj8-eu-west-1a.kms.eu-west-1.vpce.amazonaws.com",
                "hosted_zone_id": "Z38GZ743OKFT7T"
              },
              {
                "dns_name": "vpce-04bde4c66242275d1-e52gsjj8-eu-west-1c.kms.eu-west-1.vpce.amazonaws.com",
                "hosted_zone_id": "Z38GZ743OKFT7T"
              },
              {
                "dns_name": "vpce-04bde4c66242275d1-e52gsjj8-eu-west-1b.kms.eu-west-1.vpce.amazonaws.com",
                "hosted_zone_id": "Z38GZ743OKFT7T"
              },
              {
                "dns_name": "kms.eu-west-1.amazonaws.com",
                "hosted_zone_id": "Z03073831LVT6K7JW21YT"
              }
            ],
            "dns_options": [
              {
                "dns_record_ip_type": "ipv4"
              }
            ],
            "id": "vpce-04bde4c66242275d1",
            "ip_address_type": "ipv4",
            "network_interface_ids": [
              "eni-00f49caeb58326765",
              "eni-062175c7f362d679a",
              "eni-081a2b95105cf0094"
            ],
            "owner_id": "728738226157",
            "policy": "{\"Statement\":[{\"Action\":\"*\",\"Effect\":\"Allow\",\"Principal\":\"*\",\"Resource\":\"*\"}]}",
            "prefix_list_id": null,
            "private_dns_enabled": true,
            "requester_managed": false,
            "route_table_ids": [],
            "security_group_ids": [
              "sg-048a842b82bf5408d",
              "sg-06dee61f9aafb26fa"
            ],
            "service_name": "com.amazonaws.eu-west-1.kms",
            "state": "available",
            "subnet_ids": [
              "subnet-00170a4f1c55b7675",
              "subnet-08453d3e1519e37bf",
              "subnet-0d7f95a866ed2029e"
            ],
            "tags": {
              "Endpoint": "true",
              "Example": "ex-Module-VPC",
              "GithubOrg": "terraform-aws-modules",
              "GithubRepo": "terraform-aws-vpc",
              "Project": "Secret"
            },
            "tags_all": {
              "Endpoint": "true",
              "Example": "ex-Module-VPC",
              "GithubOrg": "terraform-aws-modules",
              "GithubRepo": "terraform-aws-vpc",
              "Project": "Secret"
            },
            "timeouts": {
              "create": "10m",
              "delete": "10m",
              "update": "10m"
            },
            "vpc_endpoint_type": "Interface",
            "vpc_id": "vpc-0a8f170855a8e6a90"
          },
          "sensitive_attributes": [],
          "private": "eyJlMmJmYjczMC1lY2FhLTExZTYtOGY4OC0zNDM2M2JjN2M0YzAiOnsiY3JlYXRlIjo2MDAwMDAwMDAwMDAsImRlbGV0ZSI6NjAwMDAwMDAwMDAwLCJ1cGRhdGUiOjYwMDAwMDAwMDAwMH19",
          "dependencies": [
            "module.vpc_example_complete-vpc.aws_security_group.vpc_tls",
            "module.vpc_example_complete-vpc.data.aws_iam_policy_document.dynamodb_endpoint_policy",
            "module.vpc_example_complete-vpc.data.aws_iam_policy_document.generic_endpoint_policy",
            "module.vpc_example_complete-vpc.data.aws_security_group.default",
            "module.vpc_example_complete-vpc.module.vpc.aws_route_table.intra",
            "module.vpc_example_complete-vpc.module.vpc.aws_route_table.private",
            "module.vpc_example_complete-vpc.module.vpc.aws_route_table.public",
            "module.vpc_example_complete-vpc.module.vpc.aws_subnet.private",
            "module.vpc_example_complete-vpc.module.vpc.aws_vpc.this",
            "module.vpc_example_complete-vpc.module.vpc.aws_vpc_ipv4_cidr_block_association.this",
            "module.vpc_example_complete-vpc.module.vpc_endpoints.data.aws_vpc_endpoint_service.this"
          ]
        },
        {
          "index_key": "lambda",
          "schema_version": 0,
          "attributes": {
            "arn": "arn:aws:ec2:eu-west-1:728738226157:vpc-endpoint/vpce-0776681c0080c243a",
            "auto_accept": null,
            "cidr_blocks": [],
            "dns_entry": [
              {
                "dns_name": "vpce-0776681c0080c243a-mq4k86zr.lambda.eu-west-1.vpce.amazonaws.com",
                "hosted_zone_id": "Z38GZ743OKFT7T"
              },
              {
                "dns_name": "vpce-0776681c0080c243a-mq4k86zr-eu-west-1c.lambda.eu-west-1.vpce.amazonaws.com",
                "hosted_zone_id": "Z38GZ743OKFT7T"
              },
              {
                "dns_name": "vpce-0776681c0080c243a-mq4k86zr-eu-west-1a.lambda.eu-west-1.vpce.amazonaws.com",
                "hosted_zone_id": "Z38GZ743OKFT7T"
              },
              {
                "dns_name": "vpce-0776681c0080c243a-mq4k86zr-eu-west-1b.lambda.eu-west-1.vpce.amazonaws.com",
                "hosted_zone_id": "Z38GZ743OKFT7T"
              },
              {
                "dns_name": "lambda.eu-west-1.amazonaws.com",
                "hosted_zone_id": "Z02989681G849R3G1HTRT"
              },
              {
                "dns_name": "lambda.eu-west-1.api.aws",
                "hosted_zone_id": "Z065497418BAZ1NRSOSMR"
              }
            ],
            "dns_options": [
              {
                "dns_record_ip_type": "ipv4"
              }
            ],
            "id": "vpce-0776681c0080c243a",
            "ip_address_type": "ipv4",
            "network_interface_ids": [
              "eni-06ddb5cac35cd78d5",
              "eni-0ee8295ead54ad517",
              "eni-0f97f7aa53d400650"
            ],
            "owner_id": "728738226157",
            "policy": "{\"Statement\":[{\"Action\":\"*\",\"Effect\":\"Allow\",\"Principal\":\"*\",\"Resource\":\"*\"}]}",
            "prefix_list_id": null,
            "private_dns_enabled": true,
            "requester_managed": false,
            "route_table_ids": [],
            "security_group_ids": [
              "sg-048a842b82bf5408d"
            ],
            "service_name": "com.amazonaws.eu-west-1.lambda",
            "state": "available",
            "subnet_ids": [
              "subnet-00170a4f1c55b7675",
              "subnet-08453d3e1519e37bf",
              "subnet-0d7f95a866ed2029e"
            ],
            "tags": {
              "Endpoint": "true",
              "Example": "ex-Module-VPC",
              "GithubOrg": "terraform-aws-modules",
              "GithubRepo": "terraform-aws-vpc",
              "Project": "Secret"
            },
            "tags_all": {
              "Endpoint": "true",
              "Example": "ex-Module-VPC",
              "GithubOrg": "terraform-aws-modules",
              "GithubRepo": "terraform-aws-vpc",
              "Project": "Secret"
            },
            "timeouts": {
              "create": "10m",
              "delete": "10m",
              "update": "10m"
            },
            "vpc_endpoint_type": "Interface",
            "vpc_id": "vpc-0a8f170855a8e6a90"
          },
          "sensitive_attributes": [],
          "private": "eyJlMmJmYjczMC1lY2FhLTExZTYtOGY4OC0zNDM2M2JjN2M0YzAiOnsiY3JlYXRlIjo2MDAwMDAwMDAwMDAsImRlbGV0ZSI6NjAwMDAwMDAwMDAwLCJ1cGRhdGUiOjYwMDAwMDAwMDAwMH19",
          "dependencies": [
            "module.vpc_example_complete-vpc.aws_security_group.vpc_tls",
            "module.vpc_example_complete-vpc.data.aws_iam_policy_document.dynamodb_endpoint_policy",
            "module.vpc_example_complete-vpc.data.aws_iam_policy_document.generic_endpoint_policy",
            "module.vpc_example_complete-vpc.data.aws_security_group.default",
            "module.vpc_example_complete-vpc.module.vpc.aws_route_table.intra",
            "module.vpc_example_complete-vpc.module.vpc.aws_route_table.private",
            "module.vpc_example_complete-vpc.module.vpc.aws_route_table.public",
            "module.vpc_example_complete-vpc.module.vpc.aws_subnet.private",
            "module.vpc_example_complete-vpc.module.vpc.aws_vpc.this",
            "module.vpc_example_complete-vpc.module.vpc.aws_vpc_ipv4_cidr_block_association.this",
            "module.vpc_example_complete-vpc.module.vpc_endpoints.data.aws_vpc_endpoint_service.this"
          ]
        },
        {
          "index_key": "s3",
          "schema_version": 0,
          "attributes": {
            "arn": "arn:aws:ec2:eu-west-1:728738226157:vpc-endpoint/vpce-0750d132656e5e808",
            "auto_accept": null,
            "cidr_blocks": [
              "18.34.32.0/20",
              "3.5.64.0/21",
              "3.5.72.0/23",
              "52.92.0.0/17",
              "52.218.0.0/17"
            ],
            "dns_entry": [],
            "dns_options": [
              {
                "dns_record_ip_type": "ipv4"
              }
            ],
            "id": "vpce-0750d132656e5e808",
            "ip_address_type": "ipv4",
            "network_interface_ids": [],
            "owner_id": "728738226157",
            "policy": "{\"Statement\":[{\"Action\":\"*\",\"Effect\":\"Allow\",\"Principal\":\"*\",\"Resource\":\"*\"}]}",
            "prefix_list_id": "pl-6da54004",
            "private_dns_enabled": false,
            "requester_managed": false,
            "route_table_ids": [],
            "security_group_ids": [
              "sg-048a842b82bf5408d"
            ],
            "service_name": "com.amazonaws.eu-west-1.s3",
            "state": "available",
            "subnet_ids": [],
            "tags": {
              "Endpoint": "true",
              "Example": "ex-Module-VPC",
              "GithubOrg": "terraform-aws-modules",
              "GithubRepo": "terraform-aws-vpc",
              "Name": "s3-vpc-endpoint",
              "Project": "Secret"
            },
            "tags_all": {
              "Endpoint": "true",
              "Example": "ex-Module-VPC",
              "GithubOrg": "terraform-aws-modules",
              "GithubRepo": "terraform-aws-vpc",
              "Name": "s3-vpc-endpoint",
              "Project": "Secret"
            },
            "timeouts": {
              "create": "10m",
              "delete": "10m",
              "update": "10m"
            },
            "vpc_endpoint_type": "Interface",
            "vpc_id": "vpc-0a8f170855a8e6a90"
          },
          "sensitive_attributes": [],
          "private": "eyJlMmJmYjczMC1lY2FhLTExZTYtOGY4OC0zNDM2M2JjN2M0YzAiOnsiY3JlYXRlIjo2MDAwMDAwMDAwMDAsImRlbGV0ZSI6NjAwMDAwMDAwMDAwLCJ1cGRhdGUiOjYwMDAwMDAwMDAwMH19",
          "dependencies": [
            "module.vpc_example_complete-vpc.aws_security_group.vpc_tls",
            "module.vpc_example_complete-vpc.data.aws_iam_policy_document.dynamodb_endpoint_policy",
            "module.vpc_example_complete-vpc.data.aws_iam_policy_document.generic_endpoint_policy",
            "module.vpc_example_complete-vpc.data.aws_security_group.default",
            "module.vpc_example_complete-vpc.module.vpc.aws_route_table.intra",
            "module.vpc_example_complete-vpc.module.vpc.aws_route_table.private",
            "module.vpc_example_complete-vpc.module.vpc.aws_route_table.public",
            "module.vpc_example_complete-vpc.module.vpc.aws_subnet.private",
            "module.vpc_example_complete-vpc.module.vpc.aws_vpc.this",
            "module.vpc_example_complete-vpc.module.vpc.aws_vpc_ipv4_cidr_block_association.this",
            "module.vpc_example_complete-vpc.module.vpc_endpoints.data.aws_vpc_endpoint_service.this"
          ]
        },
        {
          "index_key": "ssm",
          "schema_version": 0,
          "attributes": {
            "arn": "arn:aws:ec2:eu-west-1:728738226157:vpc-endpoint/vpce-092bbbe4f7072e30e",
            "auto_accept": null,
            "cidr_blocks": [],
            "dns_entry": [
              {
                "dns_name": "vpce-092bbbe4f7072e30e-mupa9l6j.ssm.eu-west-1.vpce.amazonaws.com",
                "hosted_zone_id": "Z38GZ743OKFT7T"
              },
              {
                "dns_name": "vpce-092bbbe4f7072e30e-mupa9l6j-eu-west-1c.ssm.eu-west-1.vpce.amazonaws.com",
                "hosted_zone_id": "Z38GZ743OKFT7T"
              },
              {
                "dns_name": "vpce-092bbbe4f7072e30e-mupa9l6j-eu-west-1b.ssm.eu-west-1.vpce.amazonaws.com",
                "hosted_zone_id": "Z38GZ743OKFT7T"
              },
              {
                "dns_name": "vpce-092bbbe4f7072e30e-mupa9l6j-eu-west-1a.ssm.eu-west-1.vpce.amazonaws.com",
                "hosted_zone_id": "Z38GZ743OKFT7T"
              },
              {
                "dns_name": "ssm.eu-west-1.amazonaws.com",
                "hosted_zone_id": "Z0632327155GK1C3UQCJT"
              }
            ],
            "dns_options": [
              {
                "dns_record_ip_type": "ipv4"
              }
            ],
            "id": "vpce-092bbbe4f7072e30e",
            "ip_address_type": "ipv4",
            "network_interface_ids": [
              "eni-076a176d2fe1f0ea9",
              "eni-0a2b108c34b575407",
              "eni-0a3c80f5aedc6f595"
            ],
            "owner_id": "728738226157",
            "policy": "{\"Statement\":[{\"Action\":\"*\",\"Effect\":\"Allow\",\"Principal\":\"*\",\"Resource\":\"*\"}]}",
            "prefix_list_id": null,
            "private_dns_enabled": true,
            "requester_managed": false,
            "route_table_ids": [],
            "security_group_ids": [
              "sg-048a842b82bf5408d",
              "sg-06dee61f9aafb26fa"
            ],
            "service_name": "com.amazonaws.eu-west-1.ssm",
            "state": "available",
            "subnet_ids": [
              "subnet-00170a4f1c55b7675",
              "subnet-08453d3e1519e37bf",
              "subnet-0d7f95a866ed2029e"
            ],
            "tags": {
              "Endpoint": "true",
              "Example": "ex-Module-VPC",
              "GithubOrg": "terraform-aws-modules",
              "GithubRepo": "terraform-aws-vpc",
              "Project": "Secret"
            },
            "tags_all": {
              "Endpoint": "true",
              "Example": "ex-Module-VPC",
              "GithubOrg": "terraform-aws-modules",
              "GithubRepo": "terraform-aws-vpc",
              "Project": "Secret"
            },
            "timeouts": {
              "create": "10m",
              "delete": "10m",
              "update": "10m"
            },
            "vpc_endpoint_type": "Interface",
            "vpc_id": "vpc-0a8f170855a8e6a90"
          },
          "sensitive_attributes": [],
          "private": "eyJlMmJmYjczMC1lY2FhLTExZTYtOGY4OC0zNDM2M2JjN2M0YzAiOnsiY3JlYXRlIjo2MDAwMDAwMDAwMDAsImRlbGV0ZSI6NjAwMDAwMDAwMDAwLCJ1cGRhdGUiOjYwMDAwMDAwMDAwMH19",
          "dependencies": [
            "module.vpc_example_complete-vpc.aws_security_group.vpc_tls",
            "module.vpc_example_complete-vpc.data.aws_iam_policy_document.dynamodb_endpoint_policy",
            "module.vpc_example_complete-vpc.data.aws_iam_policy_document.generic_endpoint_policy",
            "module.vpc_example_complete-vpc.data.aws_security_group.default",
            "module.vpc_example_complete-vpc.module.vpc.aws_route_table.intra",
            "module.vpc_example_complete-vpc.module.vpc.aws_route_table.private",
            "module.vpc_example_complete-vpc.module.vpc.aws_route_table.public",
            "module.vpc_example_complete-vpc.module.vpc.aws_subnet.private",
            "module.vpc_example_complete-vpc.module.vpc.aws_vpc.this",
            "module.vpc_example_complete-vpc.module.vpc.aws_vpc_ipv4_cidr_block_association.this",
            "module.vpc_example_complete-vpc.module.vpc_endpoints.data.aws_vpc_endpoint_service.this"
          ]
        },
        {
          "index_key": "ssmmessages",
          "schema_version": 0,
          "attributes": {
            "arn": "arn:aws:ec2:eu-west-1:728738226157:vpc-endpoint/vpce-0a427fed0aa38c292",
            "auto_accept": null,
            "cidr_blocks": [],
            "dns_entry": [
              {
                "dns_name": "vpce-0a427fed0aa38c292-lnafxmct.ssmmessages.eu-west-1.vpce.amazonaws.com",
                "hosted_zone_id": "Z38GZ743OKFT7T"
              },
              {
                "dns_name": "vpce-0a427fed0aa38c292-lnafxmct-eu-west-1b.ssmmessages.eu-west-1.vpce.amazonaws.com",
                "hosted_zone_id": "Z38GZ743OKFT7T"
              },
              {
                "dns_name": "vpce-0a427fed0aa38c292-lnafxmct-eu-west-1a.ssmmessages.eu-west-1.vpce.amazonaws.com",
                "hosted_zone_id": "Z38GZ743OKFT7T"
              },
              {
                "dns_name": "vpce-0a427fed0aa38c292-lnafxmct-eu-west-1c.ssmmessages.eu-west-1.vpce.amazonaws.com",
                "hosted_zone_id": "Z38GZ743OKFT7T"
              },
              {
                "dns_name": "ssmmessages.eu-west-1.amazonaws.com",
                "hosted_zone_id": "Z02250223PH3HAECJGON7"
              }
            ],
            "dns_options": [
              {
                "dns_record_ip_type": "ipv4"
              }
            ],
            "id": "vpce-0a427fed0aa38c292",
            "ip_address_type": "ipv4",
            "network_interface_ids": [
              "eni-049e0b46653882dd9",
              "eni-059916051d17c6147",
              "eni-096085669119ea220"
            ],
            "owner_id": "728738226157",
            "policy": "{\"Statement\":[{\"Action\":\"*\",\"Effect\":\"Allow\",\"Principal\":\"*\",\"Resource\":\"*\"}]}",
            "prefix_list_id": null,
            "private_dns_enabled": true,
            "requester_managed": false,
            "route_table_ids": [],
            "security_group_ids": [
              "sg-048a842b82bf5408d"
            ],
            "service_name": "com.amazonaws.eu-west-1.ssmmessages",
            "state": "available",
            "subnet_ids": [
              "subnet-00170a4f1c55b7675",
              "subnet-08453d3e1519e37bf",
              "subnet-0d7f95a866ed2029e"
            ],
            "tags": {
              "Endpoint": "true",
              "Example": "ex-Module-VPC",
              "GithubOrg": "terraform-aws-modules",
              "GithubRepo": "terraform-aws-vpc",
              "Project": "Secret"
            },
            "tags_all": {
              "Endpoint": "true",
              "Example": "ex-Module-VPC",
              "GithubOrg": "terraform-aws-modules",
              "GithubRepo": "terraform-aws-vpc",
              "Project": "Secret"
            },
            "timeouts": {
              "create": "10m",
              "delete": "10m",
              "update": "10m"
            },
            "vpc_endpoint_type": "Interface",
            "vpc_id": "vpc-0a8f170855a8e6a90"
          },
          "sensitive_attributes": [],
          "private": "eyJlMmJmYjczMC1lY2FhLTExZTYtOGY4OC0zNDM2M2JjN2M0YzAiOnsiY3JlYXRlIjo2MDAwMDAwMDAwMDAsImRlbGV0ZSI6NjAwMDAwMDAwMDAwLCJ1cGRhdGUiOjYwMDAwMDAwMDAwMH19",
          "dependencies": [
            "module.vpc_example_complete-vpc.aws_security_group.vpc_tls",
            "module.vpc_example_complete-vpc.data.aws_iam_policy_document.dynamodb_endpoint_policy",
            "module.vpc_example_complete-vpc.data.aws_iam_policy_document.generic_endpoint_policy",
            "module.vpc_example_complete-vpc.data.aws_security_group.default",
            "module.vpc_example_complete-vpc.module.vpc.aws_route_table.intra",
            "module.vpc_example_complete-vpc.module.vpc.aws_route_table.private",
            "module.vpc_example_complete-vpc.module.vpc.aws_route_table.public",
            "module.vpc_example_complete-vpc.module.vpc.aws_subnet.private",
            "module.vpc_example_complete-vpc.module.vpc.aws_vpc.this",
            "module.vpc_example_complete-vpc.module.vpc.aws_vpc_ipv4_cidr_block_association.this",
            "module.vpc_example_complete-vpc.module.vpc_endpoints.data.aws_vpc_endpoint_service.this"
          ]
        }
      ]
    }
  ]
}
