{
  "version": 4,
  "terraform_version": "1.2.7",
  "serial": 39,
  "lineage": "16d0cec0-09eb-cf1f-402c-9b860892a8e6",
  "outputs": {},
  "resources": [
    {
      "module": "module.s3-bucket_example_complete",
      "mode": "data",
      "type": "aws_caller_identity",
      "name": "current",
      "provider": "module.s3-bucket_example_complete.provider[\"registry.terraform.io/hashicorp/aws\"]",
      "instances": [
        {
          "schema_version": 0,
          "attributes": {
            "account_id": "728738226157",
            "arn": "arn:aws:iam::728738226157:user/devops-Aman",
            "id": "728738226157",
            "user_id": "AIDA2TLBO37WV7FYZNIV2"
          },
          "sensitive_attributes": []
        }
      ]
    },
    {
      "module": "module.s3-bucket_example_complete",
      "mode": "data",
      "type": "aws_canonical_user_id",
      "name": "current",
      "provider": "module.s3-bucket_example_complete.provider[\"registry.terraform.io/hashicorp/aws\"]",
      "instances": [
        {
          "schema_version": 0,
          "attributes": {
            "display_name": "sohamvs1999",
            "id": "c9a240ae011e17836a58d535d340b75bd7f293b47ffd734d6531c34f7a04a452"
          },
          "sensitive_attributes": []
        }
      ]
    },
    {
      "module": "module.s3-bucket_example_complete",
      "mode": "data",
      "type": "aws_cloudfront_log_delivery_canonical_user_id",
      "name": "cloudfront",
      "provider": "module.s3-bucket_example_complete.provider[\"registry.terraform.io/hashicorp/aws\"]",
      "instances": [
        {
          "schema_version": 0,
          "attributes": {
            "id": "c4c1ede66af53448b93c283ce9448c4ba468c9432aa01d700d3878632f77d2d0",
            "region": null
          },
          "sensitive_attributes": []
        }
      ]
    },
    {
      "module": "module.s3-bucket_example_complete",
      "mode": "data",
      "type": "aws_iam_policy_document",
      "name": "bucket_policy",
      "provider": "module.s3-bucket_example_complete.provider[\"registry.terraform.io/hashicorp/aws\"]",
      "instances": [
        {
          "schema_version": 0,
          "attributes": {
            "id": "1140129908",
            "json": "{\n  \"Version\": \"2012-10-17\",\n  \"Statement\": [\n    {\n      \"Sid\": \"\",\n      \"Effect\": \"Allow\",\n      \"Action\": \"s3:ListBucket\",\n      \"Resource\": \"arn:aws:s3:::s3-bucket-capable-shrimp\",\n      \"Principal\": {\n        \"AWS\": \"arn:aws:iam::728738226157:role/terraform-20221114093010055800000001\"\n      }\n    }\n  ]\n}",
            "override_json": null,
            "override_policy_documents": null,
            "policy_id": null,
            "source_json": null,
            "source_policy_documents": null,
            "statement": [
              {
                "actions": [
                  "s3:ListBucket"
                ],
                "condition": [],
                "effect": "Allow",
                "not_actions": [],
                "not_principals": [],
                "not_resources": [],
                "principals": [
                  {
                    "identifiers": [
                      "arn:aws:iam::728738226157:role/terraform-20221114093010055800000001"
                    ],
                    "type": "AWS"
                  }
                ],
                "resources": [
                  "arn:aws:s3:::s3-bucket-capable-shrimp"
                ],
                "sid": ""
              }
            ],
            "version": "2012-10-17"
          },
          "sensitive_attributes": []
        }
      ]
    },
    {
      "module": "module.s3-bucket_example_complete",
      "mode": "managed",
      "type": "aws_iam_role",
      "name": "this",
      "provider": "module.s3-bucket_example_complete.provider[\"registry.terraform.io/hashicorp/aws\"]",
      "instances": [
        {
          "schema_version": 0,
          "attributes": {
            "arn": "arn:aws:iam::728738226157:role/terraform-20221114093010055800000001",
            "assume_role_policy": "{\"Statement\":[{\"Action\":\"sts:AssumeRole\",\"Effect\":\"Allow\",\"Principal\":{\"Service\":\"ec2.amazonaws.com\"},\"Sid\":\"\"}],\"Version\":\"2012-10-17\"}",
            "create_date": "2022-11-14T09:30:10Z",
            "description": "",
            "force_detach_policies": false,
            "id": "terraform-20221114093010055800000001",
            "inline_policy": [],
            "managed_policy_arns": [],
            "max_session_duration": 3600,
            "name": "terraform-20221114093010055800000001",
            "name_prefix": "terraform-",
            "path": "/",
            "permissions_boundary": null,
            "tags": null,
            "tags_all": {},
            "unique_id": "AROA2TLBO37WZ4QBWYCSN"
          },
          "sensitive_attributes": [],
          "private": "bnVsbA=="
        }
      ]
    },
    {
      "module": "module.s3-bucket_example_complete",
      "mode": "managed",
      "type": "aws_kms_key",
      "name": "objects",
      "provider": "module.s3-bucket_example_complete.provider[\"registry.terraform.io/hashicorp/aws\"]",
      "instances": [
        {
          "schema_version": 0,
          "attributes": {
            "arn": "arn:aws:kms:eu-west-1:728738226157:key/4930426a-2147-43e0-a8ef-b58dc74a5ec0",
            "bypass_policy_lockout_safety_check": false,
            "custom_key_store_id": "",
            "customer_master_key_spec": "SYMMETRIC_DEFAULT",
            "deletion_window_in_days": 7,
            "description": "KMS key is used to encrypt bucket objects",
            "enable_key_rotation": false,
            "id": "4930426a-2147-43e0-a8ef-b58dc74a5ec0",
            "is_enabled": true,
            "key_id": "4930426a-2147-43e0-a8ef-b58dc74a5ec0",
            "key_usage": "ENCRYPT_DECRYPT",
            "multi_region": false,
            "policy": "{\"Id\":\"key-default-1\",\"Statement\":[{\"Action\":\"kms:*\",\"Effect\":\"Allow\",\"Principal\":{\"AWS\":\"arn:aws:iam::728738226157:root\"},\"Resource\":\"*\",\"Sid\":\"Enable IAM User Permissions\"}],\"Version\":\"2012-10-17\"}",
            "tags": null,
            "tags_all": {}
          },
          "sensitive_attributes": [],
          "private": "bnVsbA=="
        }
      ]
    },
    {
      "module": "module.s3-bucket_example_complete",
      "mode": "managed",
      "type": "random_pet",
      "name": "this",
      "provider": "provider[\"registry.terraform.io/hashicorp/random\"]",
      "instances": [
        {
          "schema_version": 0,
          "attributes": {
            "id": "capable-shrimp",
            "keepers": null,
            "length": 2,
            "prefix": null,
            "separator": "-"
          },
          "sensitive_attributes": []
        }
      ]
    },
    {
      "module": "module.s3-bucket_example_complete.module.cloudfront_log_bucket",
      "mode": "data",
      "type": "aws_caller_identity",
      "name": "current",
      "provider": "module.s3-bucket_example_complete.provider[\"registry.terraform.io/hashicorp/aws\"]",
      "instances": [
        {
          "schema_version": 0,
          "attributes": {
            "account_id": "728738226157",
            "arn": "arn:aws:iam::728738226157:user/devops-Aman",
            "id": "728738226157",
            "user_id": "AIDA2TLBO37WV7FYZNIV2"
          },
          "sensitive_attributes": []
        }
      ]
    },
    {
      "module": "module.s3-bucket_example_complete.module.cloudfront_log_bucket",
      "mode": "data",
      "type": "aws_canonical_user_id",
      "name": "this",
      "provider": "module.s3-bucket_example_complete.provider[\"registry.terraform.io/hashicorp/aws\"]",
      "instances": [
        {
          "schema_version": 0,
          "attributes": {
            "display_name": "sohamvs1999",
            "id": "c9a240ae011e17836a58d535d340b75bd7f293b47ffd734d6531c34f7a04a452"
          },
          "sensitive_attributes": []
        }
      ]
    },
    {
      "module": "module.s3-bucket_example_complete.module.cloudfront_log_bucket",
      "mode": "managed",
      "type": "aws_s3_bucket",
      "name": "this",
      "provider": "module.s3-bucket_example_complete.provider[\"registry.terraform.io/hashicorp/aws\"]",
      "instances": [
        {
          "index_key": 0,
          "schema_version": 0,
          "attributes": {
            "acceleration_status": "",
            "acl": null,
            "arn": "arn:aws:s3:::cloudfront-logs-capable-shrimp",
            "bucket": "cloudfront-logs-capable-shrimp",
            "bucket_domain_name": "cloudfront-logs-capable-shrimp.s3.amazonaws.com",
            "bucket_prefix": null,
            "bucket_regional_domain_name": "cloudfront-logs-capable-shrimp.s3.eu-west-1.amazonaws.com",
            "cors_rule": [],
            "force_destroy": true,
            "grant": [
              {
                "id": "c9a240ae011e17836a58d535d340b75bd7f293b47ffd734d6531c34f7a04a452",
                "permissions": [
                  "FULL_CONTROL"
                ],
                "type": "CanonicalUser",
                "uri": ""
              }
            ],
            "hosted_zone_id": "Z1BKCTXD74EZPE",
            "id": "cloudfront-logs-capable-shrimp",
            "lifecycle_rule": [],
            "logging": [],
            "object_lock_configuration": [],
            "object_lock_enabled": false,
            "policy": "",
            "region": "eu-west-1",
            "replication_configuration": [],
            "request_payer": "BucketOwner",
            "server_side_encryption_configuration": [],
            "tags": null,
            "tags_all": {},
            "timeouts": null,
            "versioning": [
              {
                "enabled": false,
                "mfa_delete": false
              }
            ],
            "website": [],
            "website_domain": null,
            "website_endpoint": null
          },
          "sensitive_attributes": [],
          "private": "eyJlMmJmYjczMC1lY2FhLTExZTYtOGY4OC0zNDM2M2JjN2M0YzAiOnsiY3JlYXRlIjoxMjAwMDAwMDAwMDAwLCJkZWxldGUiOjM2MDAwMDAwMDAwMDAsInJlYWQiOjEyMDAwMDAwMDAwMDAsInVwZGF0ZSI6MTIwMDAwMDAwMDAwMH19",
          "dependencies": [
            "module.s3-bucket_example_complete.random_pet.this"
          ]
        }
      ]
    },
    {
      "module": "module.s3-bucket_example_complete.module.cloudfront_log_bucket",
      "mode": "managed",
      "type": "aws_s3_bucket_acl",
      "name": "this",
      "provider": "module.s3-bucket_example_complete.provider[\"registry.terraform.io/hashicorp/aws\"]",
      "instances": [
        {
          "index_key": 0,
          "schema_version": 0,
          "attributes": {
            "access_control_policy": [
              {
                "grant": [
                  {
                    "grantee": [
                      {
                        "display_name": "awslogsdelivery+s3_us-east-1",
                        "email_address": "",
                        "id": "c4c1ede66af53448b93c283ce9448c4ba468c9432aa01d700d3878632f77d2d0",
                        "type": "CanonicalUser",
                        "uri": ""
                      }
                    ],
                    "permission": "FULL_CONTROL"
                  },
                  {
                    "grantee": [
                      {
                        "display_name": "sohamvs1999",
                        "email_address": "",
                        "id": "c9a240ae011e17836a58d535d340b75bd7f293b47ffd734d6531c34f7a04a452",
                        "type": "CanonicalUser",
                        "uri": ""
                      }
                    ],
                    "permission": "FULL_CONTROL"
                  }
                ],
                "owner": [
                  {
                    "display_name": "sohamvs1999",
                    "id": "c9a240ae011e17836a58d535d340b75bd7f293b47ffd734d6531c34f7a04a452"
                  }
                ]
              }
            ],
            "acl": "",
            "bucket": "cloudfront-logs-capable-shrimp",
            "expected_bucket_owner": "",
            "id": "cloudfront-logs-capable-shrimp"
          },
          "sensitive_attributes": [],
          "private": "bnVsbA==",
          "dependencies": [
            "module.s3-bucket_example_complete.data.aws_canonical_user_id.current",
            "module.s3-bucket_example_complete.data.aws_cloudfront_log_delivery_canonical_user_id.cloudfront",
            "module.s3-bucket_example_complete.module.cloudfront_log_bucket.aws_s3_bucket.this",
            "module.s3-bucket_example_complete.module.cloudfront_log_bucket.data.aws_canonical_user_id.this",
            "module.s3-bucket_example_complete.random_pet.this"
          ]
        }
      ]
    },
    {
      "module": "module.s3-bucket_example_complete.module.cloudfront_log_bucket",
      "mode": "managed",
      "type": "aws_s3_bucket_public_access_block",
      "name": "this",
      "provider": "module.s3-bucket_example_complete.provider[\"registry.terraform.io/hashicorp/aws\"]",
      "instances": [
        {
          "index_key": 0,
          "schema_version": 0,
          "attributes": {
            "block_public_acls": false,
            "block_public_policy": false,
            "bucket": "cloudfront-logs-capable-shrimp",
            "id": "cloudfront-logs-capable-shrimp",
            "ignore_public_acls": false,
            "restrict_public_buckets": false
          },
          "sensitive_attributes": [],
          "private": "bnVsbA==",
          "dependencies": [
            "module.s3-bucket_example_complete.module.cloudfront_log_bucket.aws_s3_bucket.this",
            "module.s3-bucket_example_complete.module.cloudfront_log_bucket.aws_s3_bucket_policy.this",
            "module.s3-bucket_example_complete.random_pet.this"
          ]
        }
      ]
    },
    {
      "module": "module.s3-bucket_example_complete.module.log_bucket",
      "mode": "data",
      "type": "aws_caller_identity",
      "name": "current",
      "provider": "module.s3-bucket_example_complete.provider[\"registry.terraform.io/hashicorp/aws\"]",
      "instances": [
        {
          "schema_version": 0,
          "attributes": {
            "account_id": "728738226157",
            "arn": "arn:aws:iam::728738226157:user/devops-Aman",
            "id": "728738226157",
            "user_id": "AIDA2TLBO37WV7FYZNIV2"
          },
          "sensitive_attributes": []
        }
      ]
    },
    {
      "module": "module.s3-bucket_example_complete.module.log_bucket",
      "mode": "data",
      "type": "aws_canonical_user_id",
      "name": "this",
      "provider": "module.s3-bucket_example_complete.provider[\"registry.terraform.io/hashicorp/aws\"]",
      "instances": [
        {
          "schema_version": 0,
          "attributes": {
            "display_name": "sohamvs1999",
            "id": "c9a240ae011e17836a58d535d340b75bd7f293b47ffd734d6531c34f7a04a452"
          },
          "sensitive_attributes": []
        }
      ]
    },
    {
      "module": "module.s3-bucket_example_complete.module.log_bucket",
      "mode": "data",
      "type": "aws_elb_service_account",
      "name": "this",
      "provider": "module.s3-bucket_example_complete.provider[\"registry.terraform.io/hashicorp/aws\"]",
      "instances": [
        {
          "index_key": 0,
          "schema_version": 0,
          "attributes": {
            "arn": "arn:aws:iam::156460612806:root",
            "id": "156460612806",
            "region": null
          },
          "sensitive_attributes": []
        }
      ]
    },
    {
      "module": "module.s3-bucket_example_complete.module.log_bucket",
      "mode": "data",
      "type": "aws_iam_policy_document",
      "name": "combined",
      "provider": "module.s3-bucket_example_complete.provider[\"registry.terraform.io/hashicorp/aws\"]",
      "instances": [
        {
          "index_key": 0,
          "schema_version": 0,
          "attributes": {
            "id": "2463369404",
            "json": "{\n  \"Version\": \"2012-10-17\",\n  \"Statement\": [\n    {\n      \"Sid\": \"\",\n      \"Effect\": \"Allow\",\n      \"Action\": \"s3:PutObject\",\n      \"Resource\": \"arn:aws:s3:::logs-capable-shrimp/*\",\n      \"Principal\": {\n        \"AWS\": \"arn:aws:iam::156460612806:root\"\n      }\n    },\n    {\n      \"Sid\": \"AWSLogDeliveryWrite\",\n      \"Effect\": \"Allow\",\n      \"Action\": \"s3:PutObject\",\n      \"Resource\": \"arn:aws:s3:::logs-capable-shrimp/*\",\n      \"Principal\": {\n        \"Service\": \"delivery.logs.amazonaws.com\"\n      },\n      \"Condition\": {\n        \"StringEquals\": {\n          \"s3:x-amz-acl\": [\n            \"bucket-owner-full-control\"\n          ]\n        }\n      }\n    },\n    {\n      \"Sid\": \"AWSLogDeliveryAclCheck\",\n      \"Effect\": \"Allow\",\n      \"Action\": \"s3:GetBucketAcl\",\n      \"Resource\": \"arn:aws:s3:::logs-capable-shrimp\",\n      \"Principal\": {\n        \"Service\": \"delivery.logs.amazonaws.com\"\n      }\n    },\n    {\n      \"Sid\": \"denyOutdatedTLS\",\n      \"Effect\": \"Deny\",\n      \"Action\": \"s3:*\",\n      \"Resource\": [\n        \"arn:aws:s3:::logs-capable-shrimp/*\",\n        \"arn:aws:s3:::logs-capable-shrimp\"\n      ],\n      \"Principal\": \"*\",\n      \"Condition\": {\n        \"NumericLessThan\": {\n          \"s3:TlsVersion\": [\n            \"1.2\"\n          ]\n        }\n      }\n    },\n    {\n      \"Sid\": \"denyInsecureTransport\",\n      \"Effect\": \"Deny\",\n      \"Action\": \"s3:*\",\n      \"Resource\": [\n        \"arn:aws:s3:::logs-capable-shrimp/*\",\n        \"arn:aws:s3:::logs-capable-shrimp\"\n      ],\n      \"Principal\": \"*\",\n      \"Condition\": {\n        \"Bool\": {\n          \"aws:SecureTransport\": [\n            \"false\"\n          ]\n        }\n      }\n    }\n  ]\n}",
            "override_json": null,
            "override_policy_documents": null,
            "policy_id": null,
            "source_json": null,
            "source_policy_documents": [
              "{\n  \"Version\": \"2012-10-17\",\n  \"Statement\": [\n    {\n      \"Sid\": \"\",\n      \"Effect\": \"Allow\",\n      \"Action\": \"s3:PutObject\",\n      \"Resource\": \"arn:aws:s3:::logs-capable-shrimp/*\",\n      \"Principal\": {\n        \"AWS\": \"arn:aws:iam::156460612806:root\"\n      }\n    }\n  ]\n}",
              "{\n  \"Version\": \"2012-10-17\",\n  \"Statement\": [\n    {\n      \"Sid\": \"AWSLogDeliveryWrite\",\n      \"Effect\": \"Allow\",\n      \"Action\": \"s3:PutObject\",\n      \"Resource\": \"arn:aws:s3:::logs-capable-shrimp/*\",\n      \"Principal\": {\n        \"Service\": \"delivery.logs.amazonaws.com\"\n      },\n      \"Condition\": {\n        \"StringEquals\": {\n          \"s3:x-amz-acl\": \"bucket-owner-full-control\"\n        }\n      }\n    },\n    {\n      \"Sid\": \"AWSLogDeliveryAclCheck\",\n      \"Effect\": \"Allow\",\n      \"Action\": \"s3:GetBucketAcl\",\n      \"Resource\": \"arn:aws:s3:::logs-capable-shrimp\",\n      \"Principal\": {\n        \"Service\": \"delivery.logs.amazonaws.com\"\n      }\n    }\n  ]\n}",
              "{\n  \"Version\": \"2012-10-17\",\n  \"Statement\": [\n    {\n      \"Sid\": \"denyOutdatedTLS\",\n      \"Effect\": \"Deny\",\n      \"Action\": \"s3:*\",\n      \"Resource\": [\n        \"arn:aws:s3:::logs-capable-shrimp/*\",\n        \"arn:aws:s3:::logs-capable-shrimp\"\n      ],\n      \"Principal\": \"*\",\n      \"Condition\": {\n        \"NumericLessThan\": {\n          \"s3:TlsVersion\": \"1.2\"\n        }\n      }\n    }\n  ]\n}",
              "{\n  \"Version\": \"2012-10-17\",\n  \"Statement\": [\n    {\n      \"Sid\": \"denyInsecureTransport\",\n      \"Effect\": \"Deny\",\n      \"Action\": \"s3:*\",\n      \"Resource\": [\n        \"arn:aws:s3:::logs-capable-shrimp/*\",\n        \"arn:aws:s3:::logs-capable-shrimp\"\n      ],\n      \"Principal\": \"*\",\n      \"Condition\": {\n        \"Bool\": {\n          \"aws:SecureTransport\": \"false\"\n        }\n      }\n    }\n  ]\n}"
            ],
            "statement": null,
            "version": "2012-10-17"
          },
          "sensitive_attributes": []
        }
      ]
    },
    {
      "module": "module.s3-bucket_example_complete.module.log_bucket",
      "mode": "data",
      "type": "aws_iam_policy_document",
      "name": "deny_insecure_transport",
      "provider": "module.s3-bucket_example_complete.provider[\"registry.terraform.io/hashicorp/aws\"]",
      "instances": [
        {
          "index_key": 0,
          "schema_version": 0,
          "attributes": {
            "id": "2883551834",
            "json": "{\n  \"Version\": \"2012-10-17\",\n  \"Statement\": [\n    {\n      \"Sid\": \"denyInsecureTransport\",\n      \"Effect\": \"Deny\",\n      \"Action\": \"s3:*\",\n      \"Resource\": [\n        \"arn:aws:s3:::logs-capable-shrimp/*\",\n        \"arn:aws:s3:::logs-capable-shrimp\"\n      ],\n      \"Principal\": \"*\",\n      \"Condition\": {\n        \"Bool\": {\n          \"aws:SecureTransport\": \"false\"\n        }\n      }\n    }\n  ]\n}",
            "override_json": null,
            "override_policy_documents": null,
            "policy_id": null,
            "source_json": null,
            "source_policy_documents": null,
            "statement": [
              {
                "actions": [
                  "s3:*"
                ],
                "condition": [
                  {
                    "test": "Bool",
                    "values": [
                      "false"
                    ],
                    "variable": "aws:SecureTransport"
                  }
                ],
                "effect": "Deny",
                "not_actions": [],
                "not_principals": [],
                "not_resources": [],
                "principals": [
                  {
                    "identifiers": [
                      "*"
                    ],
                    "type": "*"
                  }
                ],
                "resources": [
                  "arn:aws:s3:::logs-capable-shrimp",
                  "arn:aws:s3:::logs-capable-shrimp/*"
                ],
                "sid": "denyInsecureTransport"
              }
            ],
            "version": "2012-10-17"
          },
          "sensitive_attributes": []
        }
      ]
    },
    {
      "module": "module.s3-bucket_example_complete.module.log_bucket",
      "mode": "data",
      "type": "aws_iam_policy_document",
      "name": "elb_log_delivery",
      "provider": "module.s3-bucket_example_complete.provider[\"registry.terraform.io/hashicorp/aws\"]",
      "instances": [
        {
          "index_key": 0,
          "schema_version": 0,
          "attributes": {
            "id": "2550691306",
            "json": "{\n  \"Version\": \"2012-10-17\",\n  \"Statement\": [\n    {\n      \"Sid\": \"\",\n      \"Effect\": \"Allow\",\n      \"Action\": \"s3:PutObject\",\n      \"Resource\": \"arn:aws:s3:::logs-capable-shrimp/*\",\n      \"Principal\": {\n        \"AWS\": \"arn:aws:iam::156460612806:root\"\n      }\n    }\n  ]\n}",
            "override_json": null,
            "override_policy_documents": null,
            "policy_id": null,
            "source_json": null,
            "source_policy_documents": null,
            "statement": [
              {
                "actions": [
                  "s3:PutObject"
                ],
                "condition": [],
                "effect": "Allow",
                "not_actions": [],
                "not_principals": [],
                "not_resources": [],
                "principals": [
                  {
                    "identifiers": [
                      "arn:aws:iam::156460612806:root"
                    ],
                    "type": "AWS"
                  }
                ],
                "resources": [
                  "arn:aws:s3:::logs-capable-shrimp/*"
                ],
                "sid": ""
              }
            ],
            "version": "2012-10-17"
          },
          "sensitive_attributes": []
        }
      ]
    },
    {
      "module": "module.s3-bucket_example_complete.module.log_bucket",
      "mode": "data",
      "type": "aws_iam_policy_document",
      "name": "lb_log_delivery",
      "provider": "module.s3-bucket_example_complete.provider[\"registry.terraform.io/hashicorp/aws\"]",
      "instances": [
        {
          "index_key": 0,
          "schema_version": 0,
          "attributes": {
            "id": "1457382160",
            "json": "{\n  \"Version\": \"2012-10-17\",\n  \"Statement\": [\n    {\n      \"Sid\": \"AWSLogDeliveryWrite\",\n      \"Effect\": \"Allow\",\n      \"Action\": \"s3:PutObject\",\n      \"Resource\": \"arn:aws:s3:::logs-capable-shrimp/*\",\n      \"Principal\": {\n        \"Service\": \"delivery.logs.amazonaws.com\"\n      },\n      \"Condition\": {\n        \"StringEquals\": {\n          \"s3:x-amz-acl\": \"bucket-owner-full-control\"\n        }\n      }\n    },\n    {\n      \"Sid\": \"AWSLogDeliveryAclCheck\",\n      \"Effect\": \"Allow\",\n      \"Action\": \"s3:GetBucketAcl\",\n      \"Resource\": \"arn:aws:s3:::logs-capable-shrimp\",\n      \"Principal\": {\n        \"Service\": \"delivery.logs.amazonaws.com\"\n      }\n    }\n  ]\n}",
            "override_json": null,
            "override_policy_documents": null,
            "policy_id": null,
            "source_json": null,
            "source_policy_documents": null,
            "statement": [
              {
                "actions": [
                  "s3:PutObject"
                ],
                "condition": [
                  {
                    "test": "StringEquals",
                    "values": [
                      "bucket-owner-full-control"
                    ],
                    "variable": "s3:x-amz-acl"
                  }
                ],
                "effect": "Allow",
                "not_actions": [],
                "not_principals": [],
                "not_resources": [],
                "principals": [
                  {
                    "identifiers": [
                      "delivery.logs.amazonaws.com"
                    ],
                    "type": "Service"
                  }
                ],
                "resources": [
                  "arn:aws:s3:::logs-capable-shrimp/*"
                ],
                "sid": "AWSLogDeliveryWrite"
              },
              {
                "actions": [
                  "s3:GetBucketAcl"
                ],
                "condition": [],
                "effect": "Allow",
                "not_actions": [],
                "not_principals": [],
                "not_resources": [],
                "principals": [
                  {
                    "identifiers": [
                      "delivery.logs.amazonaws.com"
                    ],
                    "type": "Service"
                  }
                ],
                "resources": [
                  "arn:aws:s3:::logs-capable-shrimp"
                ],
                "sid": "AWSLogDeliveryAclCheck"
              }
            ],
            "version": "2012-10-17"
          },
          "sensitive_attributes": []
        }
      ]
    },
    {
      "module": "module.s3-bucket_example_complete.module.log_bucket",
      "mode": "data",
      "type": "aws_iam_policy_document",
      "name": "require_latest_tls",
      "provider": "module.s3-bucket_example_complete.provider[\"registry.terraform.io/hashicorp/aws\"]",
      "instances": [
        {
          "index_key": 0,
          "schema_version": 0,
          "attributes": {
            "id": "4030791210",
            "json": "{\n  \"Version\": \"2012-10-17\",\n  \"Statement\": [\n    {\n      \"Sid\": \"denyOutdatedTLS\",\n      \"Effect\": \"Deny\",\n      \"Action\": \"s3:*\",\n      \"Resource\": [\n        \"arn:aws:s3:::logs-capable-shrimp/*\",\n        \"arn:aws:s3:::logs-capable-shrimp\"\n      ],\n      \"Principal\": \"*\",\n      \"Condition\": {\n        \"NumericLessThan\": {\n          \"s3:TlsVersion\": \"1.2\"\n        }\n      }\n    }\n  ]\n}",
            "override_json": null,
            "override_policy_documents": null,
            "policy_id": null,
            "source_json": null,
            "source_policy_documents": null,
            "statement": [
              {
                "actions": [
                  "s3:*"
                ],
                "condition": [
                  {
                    "test": "NumericLessThan",
                    "values": [
                      "1.2"
                    ],
                    "variable": "s3:TlsVersion"
                  }
                ],
                "effect": "Deny",
                "not_actions": [],
                "not_principals": [],
                "not_resources": [],
                "principals": [
                  {
                    "identifiers": [
                      "*"
                    ],
                    "type": "*"
                  }
                ],
                "resources": [
                  "arn:aws:s3:::logs-capable-shrimp",
                  "arn:aws:s3:::logs-capable-shrimp/*"
                ],
                "sid": "denyOutdatedTLS"
              }
            ],
            "version": "2012-10-17"
          },
          "sensitive_attributes": []
        }
      ]
    },
    {
      "module": "module.s3-bucket_example_complete.module.log_bucket",
      "mode": "managed",
      "type": "aws_s3_bucket",
      "name": "this",
      "provider": "module.s3-bucket_example_complete.provider[\"registry.terraform.io/hashicorp/aws\"]",
      "instances": [
        {
          "index_key": 0,
          "schema_version": 0,
          "attributes": {
            "acceleration_status": "",
            "acl": null,
            "arn": "arn:aws:s3:::logs-capable-shrimp",
            "bucket": "logs-capable-shrimp",
            "bucket_domain_name": "logs-capable-shrimp.s3.amazonaws.com",
            "bucket_prefix": null,
            "bucket_regional_domain_name": "logs-capable-shrimp.s3.eu-west-1.amazonaws.com",
            "cors_rule": [],
            "force_destroy": true,
            "grant": [
              {
                "id": "c9a240ae011e17836a58d535d340b75bd7f293b47ffd734d6531c34f7a04a452",
                "permissions": [
                  "FULL_CONTROL"
                ],
                "type": "CanonicalUser",
                "uri": ""
              }
            ],
            "hosted_zone_id": "Z1BKCTXD74EZPE",
            "id": "logs-capable-shrimp",
            "lifecycle_rule": [],
            "logging": [],
            "object_lock_configuration": [],
            "object_lock_enabled": false,
            "policy": "",
            "region": "eu-west-1",
            "replication_configuration": [],
            "request_payer": "BucketOwner",
            "server_side_encryption_configuration": [],
            "tags": null,
            "tags_all": {},
            "timeouts": null,
            "versioning": [
              {
                "enabled": false,
                "mfa_delete": false
              }
            ],
            "website": [],
            "website_domain": null,
            "website_endpoint": null
          },
          "sensitive_attributes": [],
          "private": "eyJlMmJmYjczMC1lY2FhLTExZTYtOGY4OC0zNDM2M2JjN2M0YzAiOnsiY3JlYXRlIjoxMjAwMDAwMDAwMDAwLCJkZWxldGUiOjM2MDAwMDAwMDAwMDAsInJlYWQiOjEyMDAwMDAwMDAwMDAsInVwZGF0ZSI6MTIwMDAwMDAwMDAwMH19",
          "dependencies": [
            "module.s3-bucket_example_complete.random_pet.this"
          ]
        }
      ]
    },
    {
      "module": "module.s3-bucket_example_complete.module.log_bucket",
      "mode": "managed",
      "type": "aws_s3_bucket_acl",
      "name": "this",
      "provider": "module.s3-bucket_example_complete.provider[\"registry.terraform.io/hashicorp/aws\"]",
      "instances": [
        {
          "index_key": 0,
          "schema_version": 0,
          "attributes": {
            "access_control_policy": [
              {
                "grant": [
                  {
                    "grantee": [
                      {
                        "display_name": "",
                        "email_address": "",
                        "id": "",
                        "type": "Group",
                        "uri": "http://acs.amazonaws.com/groups/s3/LogDelivery"
                      }
                    ],
                    "permission": "READ_ACP"
                  },
                  {
                    "grantee": [
                      {
                        "display_name": "",
                        "email_address": "",
                        "id": "",
                        "type": "Group",
                        "uri": "http://acs.amazonaws.com/groups/s3/LogDelivery"
                      }
                    ],
                    "permission": "WRITE"
                  },
                  {
                    "grantee": [
                      {
                        "display_name": "sohamvs1999",
                        "email_address": "",
                        "id": "c9a240ae011e17836a58d535d340b75bd7f293b47ffd734d6531c34f7a04a452",
                        "type": "CanonicalUser",
                        "uri": ""
                      }
                    ],
                    "permission": "FULL_CONTROL"
                  }
                ],
                "owner": [
                  {
                    "display_name": "sohamvs1999",
                    "id": "c9a240ae011e17836a58d535d340b75bd7f293b47ffd734d6531c34f7a04a452"
                  }
                ]
              }
            ],
            "acl": "log-delivery-write",
            "bucket": "logs-capable-shrimp",
            "expected_bucket_owner": "",
            "id": "logs-capable-shrimp,log-delivery-write"
          },
          "sensitive_attributes": [],
          "private": "bnVsbA==",
          "dependencies": [
            "module.s3-bucket_example_complete.module.log_bucket.aws_s3_bucket.this",
            "module.s3-bucket_example_complete.module.log_bucket.data.aws_canonical_user_id.this",
            "module.s3-bucket_example_complete.random_pet.this"
          ]
        }
      ]
    },
    {
      "module": "module.s3-bucket_example_complete.module.log_bucket",
      "mode": "managed",
      "type": "aws_s3_bucket_policy",
      "name": "this",
      "provider": "module.s3-bucket_example_complete.provider[\"registry.terraform.io/hashicorp/aws\"]",
      "instances": [
        {
          "index_key": 0,
          "schema_version": 0,
          "attributes": {
            "bucket": "logs-capable-shrimp",
            "id": "logs-capable-shrimp",
            "policy": "{\n  \"Version\": \"2012-10-17\",\n  \"Statement\": [\n    {\n      \"Sid\": \"\",\n      \"Effect\": \"Allow\",\n      \"Action\": \"s3:PutObject\",\n      \"Resource\": \"arn:aws:s3:::logs-capable-shrimp/*\",\n      \"Principal\": {\n        \"AWS\": \"arn:aws:iam::156460612806:root\"\n      }\n    },\n    {\n      \"Sid\": \"AWSLogDeliveryWrite\",\n      \"Effect\": \"Allow\",\n      \"Action\": \"s3:PutObject\",\n      \"Resource\": \"arn:aws:s3:::logs-capable-shrimp/*\",\n      \"Principal\": {\n        \"Service\": \"delivery.logs.amazonaws.com\"\n      },\n      \"Condition\": {\n        \"StringEquals\": {\n          \"s3:x-amz-acl\": [\n            \"bucket-owner-full-control\"\n          ]\n        }\n      }\n    },\n    {\n      \"Sid\": \"AWSLogDeliveryAclCheck\",\n      \"Effect\": \"Allow\",\n      \"Action\": \"s3:GetBucketAcl\",\n      \"Resource\": \"arn:aws:s3:::logs-capable-shrimp\",\n      \"Principal\": {\n        \"Service\": \"delivery.logs.amazonaws.com\"\n      }\n    },\n    {\n      \"Sid\": \"denyOutdatedTLS\",\n      \"Effect\": \"Deny\",\n      \"Action\": \"s3:*\",\n      \"Resource\": [\n        \"arn:aws:s3:::logs-capable-shrimp/*\",\n        \"arn:aws:s3:::logs-capable-shrimp\"\n      ],\n      \"Principal\": \"*\",\n      \"Condition\": {\n        \"NumericLessThan\": {\n          \"s3:TlsVersion\": [\n            \"1.2\"\n          ]\n        }\n      }\n    },\n    {\n      \"Sid\": \"denyInsecureTransport\",\n      \"Effect\": \"Deny\",\n      \"Action\": \"s3:*\",\n      \"Resource\": [\n        \"arn:aws:s3:::logs-capable-shrimp/*\",\n        \"arn:aws:s3:::logs-capable-shrimp\"\n      ],\n      \"Principal\": \"*\",\n      \"Condition\": {\n        \"Bool\": {\n          \"aws:SecureTransport\": [\n            \"false\"\n          ]\n        }\n      }\n    }\n  ]\n}"
          },
          "sensitive_attributes": [],
          "private": "bnVsbA==",
          "dependencies": [
            "module.s3-bucket_example_complete.module.log_bucket.aws_s3_bucket.this",
            "module.s3-bucket_example_complete.module.log_bucket.data.aws_elb_service_account.this",
            "module.s3-bucket_example_complete.module.log_bucket.data.aws_iam_policy_document.combined",
            "module.s3-bucket_example_complete.module.log_bucket.data.aws_iam_policy_document.deny_insecure_transport",
            "module.s3-bucket_example_complete.module.log_bucket.data.aws_iam_policy_document.elb_log_delivery",
            "module.s3-bucket_example_complete.module.log_bucket.data.aws_iam_policy_document.inventory_destination_policy",
            "module.s3-bucket_example_complete.module.log_bucket.data.aws_iam_policy_document.lb_log_delivery",
            "module.s3-bucket_example_complete.module.log_bucket.data.aws_iam_policy_document.require_latest_tls",
            "module.s3-bucket_example_complete.random_pet.this"
          ]
        }
      ]
    },
    {
      "module": "module.s3-bucket_example_complete.module.log_bucket",
      "mode": "managed",
      "type": "aws_s3_bucket_public_access_block",
      "name": "this",
      "provider": "module.s3-bucket_example_complete.provider[\"registry.terraform.io/hashicorp/aws\"]",
      "instances": [
        {
          "index_key": 0,
          "schema_version": 0,
          "attributes": {
            "block_public_acls": false,
            "block_public_policy": false,
            "bucket": "logs-capable-shrimp",
            "id": "logs-capable-shrimp",
            "ignore_public_acls": false,
            "restrict_public_buckets": false
          },
          "sensitive_attributes": [],
          "private": "bnVsbA==",
          "dependencies": [
            "module.s3-bucket_example_complete.module.log_bucket.aws_s3_bucket.this",
            "module.s3-bucket_example_complete.module.log_bucket.aws_s3_bucket_policy.this",
            "module.s3-bucket_example_complete.module.log_bucket.data.aws_elb_service_account.this",
            "module.s3-bucket_example_complete.module.log_bucket.data.aws_iam_policy_document.combined",
            "module.s3-bucket_example_complete.module.log_bucket.data.aws_iam_policy_document.deny_insecure_transport",
            "module.s3-bucket_example_complete.module.log_bucket.data.aws_iam_policy_document.elb_log_delivery",
            "module.s3-bucket_example_complete.module.log_bucket.data.aws_iam_policy_document.inventory_destination_policy",
            "module.s3-bucket_example_complete.module.log_bucket.data.aws_iam_policy_document.lb_log_delivery",
            "module.s3-bucket_example_complete.module.log_bucket.data.aws_iam_policy_document.require_latest_tls",
            "module.s3-bucket_example_complete.random_pet.this"
          ]
        }
      ]
    },
    {
      "module": "module.s3-bucket_example_complete.module.s3_bucket",
      "mode": "data",
      "type": "aws_caller_identity",
      "name": "current",
      "provider": "module.s3-bucket_example_complete.provider[\"registry.terraform.io/hashicorp/aws\"]",
      "instances": [
        {
          "schema_version": 0,
          "attributes": {
            "account_id": "728738226157",
            "arn": "arn:aws:iam::728738226157:user/devops-Aman",
            "id": "728738226157",
            "user_id": "AIDA2TLBO37WV7FYZNIV2"
          },
          "sensitive_attributes": []
        }
      ]
    },
    {
      "module": "module.s3-bucket_example_complete.module.s3_bucket",
      "mode": "data",
      "type": "aws_canonical_user_id",
      "name": "this",
      "provider": "module.s3-bucket_example_complete.provider[\"registry.terraform.io/hashicorp/aws\"]",
      "instances": [
        {
          "schema_version": 0,
          "attributes": {
            "display_name": "sohamvs1999",
            "id": "c9a240ae011e17836a58d535d340b75bd7f293b47ffd734d6531c34f7a04a452"
          },
          "sensitive_attributes": []
        }
      ]
    },
    {
      "module": "module.s3-bucket_example_complete.module.s3_bucket",
      "mode": "data",
      "type": "aws_iam_policy_document",
      "name": "combined",
      "provider": "module.s3-bucket_example_complete.provider[\"registry.terraform.io/hashicorp/aws\"]",
      "instances": [
        {
          "index_key": 0,
          "schema_version": 0,
          "attributes": {
            "id": "3836534861",
            "json": "{\n  \"Version\": \"2012-10-17\",\n  \"Statement\": [\n    {\n      \"Sid\": \"denyOutdatedTLS\",\n      \"Effect\": \"Deny\",\n      \"Action\": \"s3:*\",\n      \"Resource\": [\n        \"arn:aws:s3:::s3-bucket-capable-shrimp/*\",\n        \"arn:aws:s3:::s3-bucket-capable-shrimp\"\n      ],\n      \"Principal\": \"*\",\n      \"Condition\": {\n        \"NumericLessThan\": {\n          \"s3:TlsVersion\": [\n            \"1.2\"\n          ]\n        }\n      }\n    },\n    {\n      \"Sid\": \"denyInsecureTransport\",\n      \"Effect\": \"Deny\",\n      \"Action\": \"s3:*\",\n      \"Resource\": [\n        \"arn:aws:s3:::s3-bucket-capable-shrimp/*\",\n        \"arn:aws:s3:::s3-bucket-capable-shrimp\"\n      ],\n      \"Principal\": \"*\",\n      \"Condition\": {\n        \"Bool\": {\n          \"aws:SecureTransport\": [\n            \"false\"\n          ]\n        }\n      }\n    },\n    {\n      \"Sid\": \"\",\n      \"Effect\": \"Allow\",\n      \"Action\": \"s3:ListBucket\",\n      \"Resource\": \"arn:aws:s3:::s3-bucket-capable-shrimp\",\n      \"Principal\": {\n        \"AWS\": \"arn:aws:iam::728738226157:role/terraform-20221114093010055800000001\"\n      }\n    }\n  ]\n}",
            "override_json": null,
            "override_policy_documents": null,
            "policy_id": null,
            "source_json": null,
            "source_policy_documents": [
              "{\n  \"Version\": \"2012-10-17\",\n  \"Statement\": [\n    {\n      \"Sid\": \"denyOutdatedTLS\",\n      \"Effect\": \"Deny\",\n      \"Action\": \"s3:*\",\n      \"Resource\": [\n        \"arn:aws:s3:::s3-bucket-capable-shrimp/*\",\n        \"arn:aws:s3:::s3-bucket-capable-shrimp\"\n      ],\n      \"Principal\": \"*\",\n      \"Condition\": {\n        \"NumericLessThan\": {\n          \"s3:TlsVersion\": \"1.2\"\n        }\n      }\n    }\n  ]\n}",
              "{\n  \"Version\": \"2012-10-17\",\n  \"Statement\": [\n    {\n      \"Sid\": \"denyInsecureTransport\",\n      \"Effect\": \"Deny\",\n      \"Action\": \"s3:*\",\n      \"Resource\": [\n        \"arn:aws:s3:::s3-bucket-capable-shrimp/*\",\n        \"arn:aws:s3:::s3-bucket-capable-shrimp\"\n      ],\n      \"Principal\": \"*\",\n      \"Condition\": {\n        \"Bool\": {\n          \"aws:SecureTransport\": \"false\"\n        }\n      }\n    }\n  ]\n}",
              "{\n  \"Version\": \"2012-10-17\",\n  \"Statement\": [\n    {\n      \"Sid\": \"\",\n      \"Effect\": \"Allow\",\n      \"Action\": \"s3:ListBucket\",\n      \"Resource\": \"arn:aws:s3:::s3-bucket-capable-shrimp\",\n      \"Principal\": {\n        \"AWS\": \"arn:aws:iam::728738226157:role/terraform-20221114093010055800000001\"\n      }\n    }\n  ]\n}"
            ],
            "statement": null,
            "version": "2012-10-17"
          },
          "sensitive_attributes": []
        }
      ]
    },
    {
      "module": "module.s3-bucket_example_complete.module.s3_bucket",
      "mode": "data",
      "type": "aws_iam_policy_document",
      "name": "deny_insecure_transport",
      "provider": "module.s3-bucket_example_complete.provider[\"registry.terraform.io/hashicorp/aws\"]",
      "instances": [
        {
          "index_key": 0,
          "schema_version": 0,
          "attributes": {
            "id": "2877074609",
            "json": "{\n  \"Version\": \"2012-10-17\",\n  \"Statement\": [\n    {\n      \"Sid\": \"denyInsecureTransport\",\n      \"Effect\": \"Deny\",\n      \"Action\": \"s3:*\",\n      \"Resource\": [\n        \"arn:aws:s3:::s3-bucket-capable-shrimp/*\",\n        \"arn:aws:s3:::s3-bucket-capable-shrimp\"\n      ],\n      \"Principal\": \"*\",\n      \"Condition\": {\n        \"Bool\": {\n          \"aws:SecureTransport\": \"false\"\n        }\n      }\n    }\n  ]\n}",
            "override_json": null,
            "override_policy_documents": null,
            "policy_id": null,
            "source_json": null,
            "source_policy_documents": null,
            "statement": [
              {
                "actions": [
                  "s3:*"
                ],
                "condition": [
                  {
                    "test": "Bool",
                    "values": [
                      "false"
                    ],
                    "variable": "aws:SecureTransport"
                  }
                ],
                "effect": "Deny",
                "not_actions": [],
                "not_principals": [],
                "not_resources": [],
                "principals": [
                  {
                    "identifiers": [
                      "*"
                    ],
                    "type": "*"
                  }
                ],
                "resources": [
                  "arn:aws:s3:::s3-bucket-capable-shrimp",
                  "arn:aws:s3:::s3-bucket-capable-shrimp/*"
                ],
                "sid": "denyInsecureTransport"
              }
            ],
            "version": "2012-10-17"
          },
          "sensitive_attributes": []
        }
      ]
    },
    {
      "module": "module.s3-bucket_example_complete.module.s3_bucket",
      "mode": "data",
      "type": "aws_iam_policy_document",
      "name": "require_latest_tls",
      "provider": "module.s3-bucket_example_complete.provider[\"registry.terraform.io/hashicorp/aws\"]",
      "instances": [
        {
          "index_key": 0,
          "schema_version": 0,
          "attributes": {
            "id": "3275943977",
            "json": "{\n  \"Version\": \"2012-10-17\",\n  \"Statement\": [\n    {\n      \"Sid\": \"denyOutdatedTLS\",\n      \"Effect\": \"Deny\",\n      \"Action\": \"s3:*\",\n      \"Resource\": [\n        \"arn:aws:s3:::s3-bucket-capable-shrimp/*\",\n        \"arn:aws:s3:::s3-bucket-capable-shrimp\"\n      ],\n      \"Principal\": \"*\",\n      \"Condition\": {\n        \"NumericLessThan\": {\n          \"s3:TlsVersion\": \"1.2\"\n        }\n      }\n    }\n  ]\n}",
            "override_json": null,
            "override_policy_documents": null,
            "policy_id": null,
            "source_json": null,
            "source_policy_documents": null,
            "statement": [
              {
                "actions": [
                  "s3:*"
                ],
                "condition": [
                  {
                    "test": "NumericLessThan",
                    "values": [
                      "1.2"
                    ],
                    "variable": "s3:TlsVersion"
                  }
                ],
                "effect": "Deny",
                "not_actions": [],
                "not_principals": [],
                "not_resources": [],
                "principals": [
                  {
                    "identifiers": [
                      "*"
                    ],
                    "type": "*"
                  }
                ],
                "resources": [
                  "arn:aws:s3:::s3-bucket-capable-shrimp",
                  "arn:aws:s3:::s3-bucket-capable-shrimp/*"
                ],
                "sid": "denyOutdatedTLS"
              }
            ],
            "version": "2012-10-17"
          },
          "sensitive_attributes": []
        }
      ]
    },
    {
      "module": "module.s3-bucket_example_complete.module.s3_bucket",
      "mode": "managed",
      "type": "aws_s3_bucket",
      "name": "this",
      "provider": "module.s3-bucket_example_complete.provider[\"registry.terraform.io/hashicorp/aws\"]",
      "instances": [
        {
          "index_key": 0,
          "schema_version": 0,
          "attributes": {
            "acceleration_status": "",
            "acl": null,
            "arn": "arn:aws:s3:::s3-bucket-capable-shrimp",
            "bucket": "s3-bucket-capable-shrimp",
            "bucket_domain_name": "s3-bucket-capable-shrimp.s3.amazonaws.com",
            "bucket_prefix": null,
            "bucket_regional_domain_name": "s3-bucket-capable-shrimp.s3.eu-west-1.amazonaws.com",
            "cors_rule": [],
            "force_destroy": true,
            "grant": [
              {
                "id": "c9a240ae011e17836a58d535d340b75bd7f293b47ffd734d6531c34f7a04a452",
                "permissions": [
                  "FULL_CONTROL"
                ],
                "type": "CanonicalUser",
                "uri": ""
              }
            ],
            "hosted_zone_id": "Z1BKCTXD74EZPE",
            "id": "s3-bucket-capable-shrimp",
            "lifecycle_rule": [],
            "logging": [],
            "object_lock_configuration": [
              {
                "object_lock_enabled": "Enabled",
                "rule": []
              }
            ],
            "object_lock_enabled": true,
            "policy": "",
            "region": "eu-west-1",
            "replication_configuration": [],
            "request_payer": "BucketOwner",
            "server_side_encryption_configuration": [],
            "tags": {
              "Owner": "Anton"
            },
            "tags_all": {
              "Owner": "Anton"
            },
            "timeouts": null,
            "versioning": [
              {
                "enabled": true,
                "mfa_delete": false
              }
            ],
            "website": [],
            "website_domain": null,
            "website_endpoint": null
          },
          "sensitive_attributes": [],
          "private": "eyJlMmJmYjczMC1lY2FhLTExZTYtOGY4OC0zNDM2M2JjN2M0YzAiOnsiY3JlYXRlIjoxMjAwMDAwMDAwMDAwLCJkZWxldGUiOjM2MDAwMDAwMDAwMDAsInJlYWQiOjEyMDAwMDAwMDAwMDAsInVwZGF0ZSI6MTIwMDAwMDAwMDAwMH19",
          "dependencies": [
            "module.s3-bucket_example_complete.random_pet.this"
          ]
        }
      ]
    },
    {
      "module": "module.s3-bucket_example_complete.module.s3_bucket",
      "mode": "managed",
      "type": "aws_s3_bucket_accelerate_configuration",
      "name": "this",
      "provider": "module.s3-bucket_example_complete.provider[\"registry.terraform.io/hashicorp/aws\"]",
      "instances": [
        {
          "index_key": 0,
          "schema_version": 0,
          "attributes": {
            "bucket": "s3-bucket-capable-shrimp",
            "expected_bucket_owner": "728738226157",
            "id": "s3-bucket-capable-shrimp,728738226157",
            "status": "Suspended"
          },
          "sensitive_attributes": [],
          "private": "bnVsbA==",
          "dependencies": [
            "module.s3-bucket_example_complete.data.aws_caller_identity.current",
            "module.s3-bucket_example_complete.module.s3_bucket.aws_s3_bucket.this",
            "module.s3-bucket_example_complete.random_pet.this"
          ]
        }
      ]
    },
    {
      "module": "module.s3-bucket_example_complete.module.s3_bucket",
      "mode": "managed",
      "type": "aws_s3_bucket_acl",
      "name": "this",
      "provider": "module.s3-bucket_example_complete.provider[\"registry.terraform.io/hashicorp/aws\"]",
      "instances": [
        {
          "index_key": 0,
          "schema_version": 0,
          "attributes": {
            "access_control_policy": [
              {
                "grant": [
                  {
                    "grantee": [
                      {
                        "display_name": "sohamvs1999",
                        "email_address": "",
                        "id": "c9a240ae011e17836a58d535d340b75bd7f293b47ffd734d6531c34f7a04a452",
                        "type": "CanonicalUser",
                        "uri": ""
                      }
                    ],
                    "permission": "FULL_CONTROL"
                  }
                ],
                "owner": [
                  {
                    "display_name": "sohamvs1999",
                    "id": "c9a240ae011e17836a58d535d340b75bd7f293b47ffd734d6531c34f7a04a452"
                  }
                ]
              }
            ],
            "acl": "private",
            "bucket": "s3-bucket-capable-shrimp",
            "expected_bucket_owner": "728738226157",
            "id": "s3-bucket-capable-shrimp,728738226157,private"
          },
          "sensitive_attributes": [],
          "private": "bnVsbA==",
          "dependencies": [
            "module.s3-bucket_example_complete.data.aws_caller_identity.current",
            "module.s3-bucket_example_complete.module.s3_bucket.aws_s3_bucket.this",
            "module.s3-bucket_example_complete.module.s3_bucket.data.aws_canonical_user_id.this",
            "module.s3-bucket_example_complete.random_pet.this"
          ]
        }
      ]
    },
    {
      "module": "module.s3-bucket_example_complete.module.s3_bucket",
      "mode": "managed",
      "type": "aws_s3_bucket_cors_configuration",
      "name": "this",
      "provider": "module.s3-bucket_example_complete.provider[\"registry.terraform.io/hashicorp/aws\"]",
      "instances": [
        {
          "index_key": 0,
          "schema_version": 0,
          "attributes": {
            "bucket": "s3-bucket-capable-shrimp",
            "cors_rule": [
              {
                "allowed_headers": [
                  "*"
                ],
                "allowed_methods": [
                  "POST",
                  "PUT"
                ],
                "allowed_origins": [
                  "https://modules.tf",
                  "https://terraform-aws-modules.modules.tf"
                ],
                "expose_headers": [
                  "ETag"
                ],
                "id": "",
                "max_age_seconds": 3000
              },
              {
                "allowed_headers": [
                  "*"
                ],
                "allowed_methods": [
                  "PUT"
                ],
                "allowed_origins": [
                  "https://example.com"
                ],
                "expose_headers": [
                  "ETag"
                ],
                "id": "",
                "max_age_seconds": 3000
              }
            ],
            "expected_bucket_owner": "728738226157",
            "id": "s3-bucket-capable-shrimp,728738226157"
          },
          "sensitive_attributes": [],
          "private": "bnVsbA==",
          "dependencies": [
            "module.s3-bucket_example_complete.data.aws_caller_identity.current",
            "module.s3-bucket_example_complete.module.s3_bucket.aws_s3_bucket.this",
            "module.s3-bucket_example_complete.random_pet.this"
          ]
        }
      ]
    },
    {
      "module": "module.s3-bucket_example_complete.module.s3_bucket",
      "mode": "managed",
      "type": "aws_s3_bucket_intelligent_tiering_configuration",
      "name": "this",
      "provider": "module.s3-bucket_example_complete.provider[\"registry.terraform.io/hashicorp/aws\"]",
      "instances": [
        {
          "index_key": "documents",
          "schema_version": 0,
          "attributes": {
            "bucket": "s3-bucket-capable-shrimp",
            "filter": [
              {
                "prefix": "documents/",
                "tags": null
              }
            ],
            "id": "s3-bucket-capable-shrimp:documents",
            "name": "documents",
            "status": "Disabled",
            "tiering": [
              {
                "access_tier": "ARCHIVE_ACCESS",
                "days": 125
              },
              {
                "access_tier": "DEEP_ARCHIVE_ACCESS",
                "days": 200
              }
            ]
          },
          "sensitive_attributes": [],
          "private": "bnVsbA==",
          "dependencies": [
            "module.s3-bucket_example_complete.module.s3_bucket.aws_s3_bucket.this",
            "module.s3-bucket_example_complete.random_pet.this"
          ]
        },
        {
          "index_key": "general",
          "schema_version": 0,
          "attributes": {
            "bucket": "s3-bucket-capable-shrimp",
            "filter": [
              {
                "prefix": "/",
                "tags": {
                  "Environment": "dev"
                }
              }
            ],
            "id": "s3-bucket-capable-shrimp:general",
            "name": "general",
            "status": "Enabled",
            "tiering": [
              {
                "access_tier": "ARCHIVE_ACCESS",
                "days": 180
              }
            ]
          },
          "sensitive_attributes": [],
          "private": "bnVsbA==",
          "dependencies": [
            "module.s3-bucket_example_complete.module.s3_bucket.aws_s3_bucket.this",
            "module.s3-bucket_example_complete.random_pet.this"
          ]
        }
      ]
    },
    {
      "module": "module.s3-bucket_example_complete.module.s3_bucket",
      "mode": "managed",
      "type": "aws_s3_bucket_lifecycle_configuration",
      "name": "this",
      "provider": "module.s3-bucket_example_complete.provider[\"registry.terraform.io/hashicorp/aws\"]",
      "instances": [
        {
          "index_key": 0,
          "schema_version": 0,
          "attributes": {
            "bucket": "s3-bucket-capable-shrimp",
            "expected_bucket_owner": "728738226157",
            "id": "s3-bucket-capable-shrimp,728738226157",
            "rule": [
              {
                "abort_incomplete_multipart_upload": [],
                "expiration": [],
                "filter": [
                  {
                    "and": [
                      {
                        "object_size_greater_than": 0,
                        "object_size_less_than": 0,
                        "prefix": "",
                        "tags": {
                          "another": "value2",
                          "some": "value"
                        }
                      }
                    ],
                    "object_size_greater_than": "",
                    "object_size_less_than": "",
                    "prefix": "",
                    "tag": []
                  }
                ],
                "id": "log",
                "noncurrent_version_expiration": [],
                "noncurrent_version_transition": [],
                "prefix": "",
                "status": "Enabled",
                "transition": [
                  {
                    "date": "",
                    "days": 30,
                    "storage_class": "ONEZONE_IA"
                  },
                  {
                    "date": "",
                    "days": 60,
                    "storage_class": "GLACIER"
                  }
                ]
              },
              {
                "abort_incomplete_multipart_upload": [
                  {
                    "days_after_initiation": 7
                  }
                ],
                "expiration": [],
                "filter": [
                  {
                    "and": [],
                    "object_size_greater_than": null,
                    "object_size_less_than": null,
                    "prefix": null,
                    "tag": []
                  }
                ],
                "id": "log1",
                "noncurrent_version_expiration": [
                  {
                    "newer_noncurrent_versions": "",
                    "noncurrent_days": 300
                  }
                ],
                "noncurrent_version_transition": [
                  {
                    "newer_noncurrent_versions": "",
                    "noncurrent_days": 30,
                    "storage_class": "STANDARD_IA"
                  },
                  {
                    "newer_noncurrent_versions": "",
                    "noncurrent_days": 60,
                    "storage_class": "ONEZONE_IA"
                  },
                  {
                    "newer_noncurrent_versions": "",
                    "noncurrent_days": 90,
                    "storage_class": "GLACIER"
                  }
                ],
                "prefix": "",
                "status": "Enabled",
                "transition": []
              },
              {
                "abort_incomplete_multipart_upload": [],
                "expiration": [],
                "filter": [
                  {
                    "and": [
                      {
                        "object_size_greater_than": 200000,
                        "object_size_less_than": 500000,
                        "prefix": "log1/",
                        "tags": {
                          "another": "value2",
                          "some": "value"
                        }
                      }
                    ],
                    "object_size_greater_than": "",
                    "object_size_less_than": "",
                    "prefix": "",
                    "tag": []
                  }
                ],
                "id": "log2",
                "noncurrent_version_expiration": [
                  {
                    "newer_noncurrent_versions": "",
                    "noncurrent_days": 300
                  }
                ],
                "noncurrent_version_transition": [
                  {
                    "newer_noncurrent_versions": "",
                    "noncurrent_days": 30,
                    "storage_class": "STANDARD_IA"
                  }
                ],
                "prefix": "",
                "status": "Enabled",
                "transition": []
              }
            ]
          },
          "sensitive_attributes": [],
          "private": "bnVsbA==",
          "dependencies": [
            "module.s3-bucket_example_complete.data.aws_caller_identity.current",
            "module.s3-bucket_example_complete.module.s3_bucket.aws_s3_bucket.this",
            "module.s3-bucket_example_complete.module.s3_bucket.aws_s3_bucket_versioning.this",
            "module.s3-bucket_example_complete.random_pet.this"
          ]
        }
      ]
    },
    {
      "module": "module.s3-bucket_example_complete.module.s3_bucket",
      "mode": "managed",
      "type": "aws_s3_bucket_logging",
      "name": "this",
      "provider": "module.s3-bucket_example_complete.provider[\"registry.terraform.io/hashicorp/aws\"]",
      "instances": [
        {
          "index_key": 0,
          "schema_version": 0,
          "attributes": {
            "bucket": "s3-bucket-capable-shrimp",
            "expected_bucket_owner": "",
            "id": "s3-bucket-capable-shrimp",
            "target_bucket": "logs-capable-shrimp",
            "target_grant": [],
            "target_prefix": "log/"
          },
          "sensitive_attributes": [],
          "private": "bnVsbA==",
          "dependencies": [
            "module.s3-bucket_example_complete.module.log_bucket.aws_s3_bucket.this",
            "module.s3-bucket_example_complete.module.log_bucket.aws_s3_bucket_policy.this",
            "module.s3-bucket_example_complete.module.log_bucket.data.aws_elb_service_account.this",
            "module.s3-bucket_example_complete.module.log_bucket.data.aws_iam_policy_document.combined",
            "module.s3-bucket_example_complete.module.log_bucket.data.aws_iam_policy_document.deny_insecure_transport",
            "module.s3-bucket_example_complete.module.log_bucket.data.aws_iam_policy_document.elb_log_delivery",
            "module.s3-bucket_example_complete.module.log_bucket.data.aws_iam_policy_document.inventory_destination_policy",
            "module.s3-bucket_example_complete.module.log_bucket.data.aws_iam_policy_document.lb_log_delivery",
            "module.s3-bucket_example_complete.module.log_bucket.data.aws_iam_policy_document.require_latest_tls",
            "module.s3-bucket_example_complete.module.s3_bucket.aws_s3_bucket.this",
            "module.s3-bucket_example_complete.random_pet.this"
          ]
        }
      ]
    },
    {
      "module": "module.s3-bucket_example_complete.module.s3_bucket",
      "mode": "managed",
      "type": "aws_s3_bucket_metric",
      "name": "this",
      "provider": "module.s3-bucket_example_complete.provider[\"registry.terraform.io/hashicorp/aws\"]",
      "instances": [
        {
          "index_key": "0",
          "schema_version": 0,
          "attributes": {
            "bucket": "s3-bucket-capable-shrimp",
            "filter": [
              {
                "prefix": "documents/",
                "tags": {
                  "priority": "high"
                }
              }
            ],
            "id": "s3-bucket-capable-shrimp:documents",
            "name": "documents"
          },
          "sensitive_attributes": [],
          "private": "bnVsbA==",
          "dependencies": [
            "module.s3-bucket_example_complete.module.s3_bucket.aws_s3_bucket.this",
            "module.s3-bucket_example_complete.random_pet.this"
          ]
        },
        {
          "index_key": "1",
          "schema_version": 0,
          "attributes": {
            "bucket": "s3-bucket-capable-shrimp",
            "filter": [
              {
                "prefix": "",
                "tags": {
                  "production": "true"
                }
              }
            ],
            "id": "s3-bucket-capable-shrimp:other",
            "name": "other"
          },
          "sensitive_attributes": [],
          "private": "bnVsbA==",
          "dependencies": [
            "module.s3-bucket_example_complete.module.s3_bucket.aws_s3_bucket.this",
            "module.s3-bucket_example_complete.random_pet.this"
          ]
        },
        {
          "index_key": "2",
          "schema_version": 0,
          "attributes": {
            "bucket": "s3-bucket-capable-shrimp",
            "filter": [],
            "id": "s3-bucket-capable-shrimp:all",
            "name": "all"
          },
          "sensitive_attributes": [],
          "private": "bnVsbA==",
          "dependencies": [
            "module.s3-bucket_example_complete.module.s3_bucket.aws_s3_bucket.this",
            "module.s3-bucket_example_complete.random_pet.this"
          ]
        }
      ]
    },
    {
      "module": "module.s3-bucket_example_complete.module.s3_bucket",
      "mode": "managed",
      "type": "aws_s3_bucket_object_lock_configuration",
      "name": "this",
      "provider": "module.s3-bucket_example_complete.provider[\"registry.terraform.io/hashicorp/aws\"]",
      "instances": [
        {
          "index_key": 0,
          "schema_version": 0,
          "attributes": {
            "bucket": "s3-bucket-capable-shrimp",
            "expected_bucket_owner": "728738226157",
            "id": "s3-bucket-capable-shrimp,728738226157",
            "object_lock_enabled": "Enabled",
            "rule": [
              {
                "default_retention": [
                  {
                    "days": 1,
                    "mode": "GOVERNANCE",
                    "years": 0
                  }
                ]
              }
            ],
            "token": null
          },
          "sensitive_attributes": [],
          "private": "bnVsbA==",
          "dependencies": [
            "module.s3-bucket_example_complete.data.aws_caller_identity.current",
            "module.s3-bucket_example_complete.module.s3_bucket.aws_s3_bucket.this",
            "module.s3-bucket_example_complete.random_pet.this"
          ]
        }
      ]
    },
    {
      "module": "module.s3-bucket_example_complete.module.s3_bucket",
      "mode": "managed",
      "type": "aws_s3_bucket_ownership_controls",
      "name": "this",
      "provider": "module.s3-bucket_example_complete.provider[\"registry.terraform.io/hashicorp/aws\"]",
      "instances": [
        {
          "index_key": 0,
          "schema_version": 0,
          "attributes": {
            "bucket": "s3-bucket-capable-shrimp",
            "id": "s3-bucket-capable-shrimp",
            "rule": [
              {
                "object_ownership": "BucketOwnerPreferred"
              }
            ]
          },
          "sensitive_attributes": [],
          "private": "bnVsbA==",
          "dependencies": [
            "module.s3-bucket_example_complete.aws_iam_role.this",
            "module.s3-bucket_example_complete.data.aws_iam_policy_document.bucket_policy",
            "module.s3-bucket_example_complete.module.s3_bucket.aws_s3_bucket.this",
            "module.s3-bucket_example_complete.module.s3_bucket.aws_s3_bucket_policy.this",
            "module.s3-bucket_example_complete.module.s3_bucket.aws_s3_bucket_public_access_block.this",
            "module.s3-bucket_example_complete.module.s3_bucket.data.aws_iam_policy_document.combined",
            "module.s3-bucket_example_complete.module.s3_bucket.data.aws_iam_policy_document.deny_insecure_transport",
            "module.s3-bucket_example_complete.module.s3_bucket.data.aws_iam_policy_document.elb_log_delivery",
            "module.s3-bucket_example_complete.module.s3_bucket.data.aws_iam_policy_document.inventory_destination_policy",
            "module.s3-bucket_example_complete.module.s3_bucket.data.aws_iam_policy_document.lb_log_delivery",
            "module.s3-bucket_example_complete.module.s3_bucket.data.aws_iam_policy_document.require_latest_tls",
            "module.s3-bucket_example_complete.random_pet.this"
          ]
        }
      ]
    },
    {
      "module": "module.s3-bucket_example_complete.module.s3_bucket",
      "mode": "managed",
      "type": "aws_s3_bucket_policy",
      "name": "this",
      "provider": "module.s3-bucket_example_complete.provider[\"registry.terraform.io/hashicorp/aws\"]",
      "instances": [
        {
          "index_key": 0,
          "schema_version": 0,
          "attributes": {
            "bucket": "s3-bucket-capable-shrimp",
            "id": "s3-bucket-capable-shrimp",
            "policy": "{\n  \"Version\": \"2012-10-17\",\n  \"Statement\": [\n    {\n      \"Sid\": \"denyOutdatedTLS\",\n      \"Effect\": \"Deny\",\n      \"Action\": \"s3:*\",\n      \"Resource\": [\n        \"arn:aws:s3:::s3-bucket-capable-shrimp/*\",\n        \"arn:aws:s3:::s3-bucket-capable-shrimp\"\n      ],\n      \"Principal\": \"*\",\n      \"Condition\": {\n        \"NumericLessThan\": {\n          \"s3:TlsVersion\": [\n            \"1.2\"\n          ]\n        }\n      }\n    },\n    {\n      \"Sid\": \"denyInsecureTransport\",\n      \"Effect\": \"Deny\",\n      \"Action\": \"s3:*\",\n      \"Resource\": [\n        \"arn:aws:s3:::s3-bucket-capable-shrimp/*\",\n        \"arn:aws:s3:::s3-bucket-capable-shrimp\"\n      ],\n      \"Principal\": \"*\",\n      \"Condition\": {\n        \"Bool\": {\n          \"aws:SecureTransport\": [\n            \"false\"\n          ]\n        }\n      }\n    },\n    {\n      \"Sid\": \"\",\n      \"Effect\": \"Allow\",\n      \"Action\": \"s3:ListBucket\",\n      \"Resource\": \"arn:aws:s3:::s3-bucket-capable-shrimp\",\n      \"Principal\": {\n        \"AWS\": \"arn:aws:iam::728738226157:role/terraform-20221114093010055800000001\"\n      }\n    }\n  ]\n}"
          },
          "sensitive_attributes": [],
          "private": "bnVsbA==",
          "dependencies": [
            "module.s3-bucket_example_complete.aws_iam_role.this",
            "module.s3-bucket_example_complete.data.aws_iam_policy_document.bucket_policy",
            "module.s3-bucket_example_complete.module.s3_bucket.aws_s3_bucket.this",
            "module.s3-bucket_example_complete.module.s3_bucket.data.aws_iam_policy_document.combined",
            "module.s3-bucket_example_complete.module.s3_bucket.data.aws_iam_policy_document.deny_insecure_transport",
            "module.s3-bucket_example_complete.module.s3_bucket.data.aws_iam_policy_document.elb_log_delivery",
            "module.s3-bucket_example_complete.module.s3_bucket.data.aws_iam_policy_document.inventory_destination_policy",
            "module.s3-bucket_example_complete.module.s3_bucket.data.aws_iam_policy_document.lb_log_delivery",
            "module.s3-bucket_example_complete.module.s3_bucket.data.aws_iam_policy_document.require_latest_tls",
            "module.s3-bucket_example_complete.random_pet.this"
          ]
        }
      ]
    },
    {
      "module": "module.s3-bucket_example_complete.module.s3_bucket",
      "mode": "managed",
      "type": "aws_s3_bucket_public_access_block",
      "name": "this",
      "provider": "module.s3-bucket_example_complete.provider[\"registry.terraform.io/hashicorp/aws\"]",
      "instances": [
        {
          "index_key": 0,
          "schema_version": 0,
          "attributes": {
            "block_public_acls": true,
            "block_public_policy": true,
            "bucket": "s3-bucket-capable-shrimp",
            "id": "s3-bucket-capable-shrimp",
            "ignore_public_acls": true,
            "restrict_public_buckets": true
          },
          "sensitive_attributes": [],
          "private": "bnVsbA==",
          "dependencies": [
            "module.s3-bucket_example_complete.aws_iam_role.this",
            "module.s3-bucket_example_complete.data.aws_iam_policy_document.bucket_policy",
            "module.s3-bucket_example_complete.module.s3_bucket.aws_s3_bucket.this",
            "module.s3-bucket_example_complete.module.s3_bucket.aws_s3_bucket_policy.this",
            "module.s3-bucket_example_complete.module.s3_bucket.data.aws_iam_policy_document.combined",
            "module.s3-bucket_example_complete.module.s3_bucket.data.aws_iam_policy_document.deny_insecure_transport",
            "module.s3-bucket_example_complete.module.s3_bucket.data.aws_iam_policy_document.elb_log_delivery",
            "module.s3-bucket_example_complete.module.s3_bucket.data.aws_iam_policy_document.inventory_destination_policy",
            "module.s3-bucket_example_complete.module.s3_bucket.data.aws_iam_policy_document.lb_log_delivery",
            "module.s3-bucket_example_complete.module.s3_bucket.data.aws_iam_policy_document.require_latest_tls",
            "module.s3-bucket_example_complete.random_pet.this"
          ]
        }
      ]
    },
    {
      "module": "module.s3-bucket_example_complete.module.s3_bucket",
      "mode": "managed",
      "type": "aws_s3_bucket_request_payment_configuration",
      "name": "this",
      "provider": "module.s3-bucket_example_complete.provider[\"registry.terraform.io/hashicorp/aws\"]",
      "instances": [
        {
          "index_key": 0,
          "schema_version": 0,
          "attributes": {
            "bucket": "s3-bucket-capable-shrimp",
            "expected_bucket_owner": "728738226157",
            "id": "s3-bucket-capable-shrimp,728738226157",
            "payer": "BucketOwner"
          },
          "sensitive_attributes": [],
          "private": "bnVsbA==",
          "dependencies": [
            "module.s3-bucket_example_complete.data.aws_caller_identity.current",
            "module.s3-bucket_example_complete.module.s3_bucket.aws_s3_bucket.this",
            "module.s3-bucket_example_complete.random_pet.this"
          ]
        }
      ]
    },
    {
      "module": "module.s3-bucket_example_complete.module.s3_bucket",
      "mode": "managed",
      "type": "aws_s3_bucket_server_side_encryption_configuration",
      "name": "this",
      "provider": "module.s3-bucket_example_complete.provider[\"registry.terraform.io/hashicorp/aws\"]",
      "instances": [
        {
          "index_key": 0,
          "schema_version": 0,
          "attributes": {
            "bucket": "s3-bucket-capable-shrimp",
            "expected_bucket_owner": "728738226157",
            "id": "s3-bucket-capable-shrimp,728738226157",
            "rule": [
              {
                "apply_server_side_encryption_by_default": [
                  {
                    "kms_master_key_id": "arn:aws:kms:eu-west-1:728738226157:key/4930426a-2147-43e0-a8ef-b58dc74a5ec0",
                    "sse_algorithm": "aws:kms"
                  }
                ],
                "bucket_key_enabled": null
              }
            ]
          },
          "sensitive_attributes": [],
          "private": "bnVsbA==",
          "dependencies": [
            "module.s3-bucket_example_complete.aws_kms_key.objects",
            "module.s3-bucket_example_complete.data.aws_caller_identity.current",
            "module.s3-bucket_example_complete.module.s3_bucket.aws_s3_bucket.this",
            "module.s3-bucket_example_complete.random_pet.this"
          ]
        }
      ]
    },
    {
      "module": "module.s3-bucket_example_complete.module.s3_bucket",
      "mode": "managed",
      "type": "aws_s3_bucket_versioning",
      "name": "this",
      "provider": "module.s3-bucket_example_complete.provider[\"registry.terraform.io/hashicorp/aws\"]",
      "instances": [
        {
          "index_key": 0,
          "schema_version": 0,
          "attributes": {
            "bucket": "s3-bucket-capable-shrimp",
            "expected_bucket_owner": "728738226157",
            "id": "s3-bucket-capable-shrimp,728738226157",
            "mfa": null,
            "versioning_configuration": [
              {
                "mfa_delete": "Disabled",
                "status": "Enabled"
              }
            ]
          },
          "sensitive_attributes": [],
          "private": "bnVsbA==",
          "dependencies": [
            "module.s3-bucket_example_complete.data.aws_caller_identity.current",
            "module.s3-bucket_example_complete.module.s3_bucket.aws_s3_bucket.this",
            "module.s3-bucket_example_complete.random_pet.this"
          ]
        }
      ]
    },
    {
      "module": "module.s3-bucket_example_complete.module.s3_bucket",
      "mode": "managed",
      "type": "aws_s3_bucket_website_configuration",
      "name": "this",
      "provider": "module.s3-bucket_example_complete.provider[\"registry.terraform.io/hashicorp/aws\"]",
      "instances": [
        {
          "index_key": 0,
          "schema_version": 0,
          "attributes": {
            "bucket": "s3-bucket-capable-shrimp",
            "error_document": [
              {
                "key": "error.html"
              }
            ],
            "expected_bucket_owner": "728738226157",
            "id": "s3-bucket-capable-shrimp,728738226157",
            "index_document": [
              {
                "suffix": "index.html"
              }
            ],
            "redirect_all_requests_to": [],
            "routing_rule": [
              {
                "condition": [
                  {
                    "http_error_code_returned_equals": "",
                    "key_prefix_equals": "docs/"
                  }
                ],
                "redirect": [
                  {
                    "host_name": "",
                    "http_redirect_code": "",
                    "protocol": "",
                    "replace_key_prefix_with": "documents/",
                    "replace_key_with": ""
                  }
                ]
              },
              {
                "condition": [
                  {
                    "http_error_code_returned_equals": "404",
                    "key_prefix_equals": "archive/"
                  }
                ],
                "redirect": [
                  {
                    "host_name": "archive.myhost.com",
                    "http_redirect_code": "301",
                    "protocol": "https",
                    "replace_key_prefix_with": "",
                    "replace_key_with": "not_found.html"
                  }
                ]
              }
            ],
            "routing_rules": "[{\"Condition\":{\"KeyPrefixEquals\":\"docs/\"},\"Redirect\":{\"ReplaceKeyPrefixWith\":\"documents/\"}},{\"Condition\":{\"HttpErrorCodeReturnedEquals\":\"404\",\"KeyPrefixEquals\":\"archive/\"},\"Redirect\":{\"HostName\":\"archive.myhost.com\",\"HttpRedirectCode\":\"301\",\"Protocol\":\"https\",\"ReplaceKeyWith\":\"not_found.html\"}}]",
            "website_domain": "s3-website-eu-west-1.amazonaws.com",
            "website_endpoint": "s3-bucket-capable-shrimp.s3-website-eu-west-1.amazonaws.com"
          },
          "sensitive_attributes": [],
          "private": "bnVsbA==",
          "dependencies": [
            "module.s3-bucket_example_complete.data.aws_caller_identity.current",
            "module.s3-bucket_example_complete.module.s3_bucket.aws_s3_bucket.this",
            "module.s3-bucket_example_complete.random_pet.this"
          ]
        }
      ]
    }
  ]
}
