{
  "version": 4,
  "terraform_version": "1.2.7",
  "serial": 21,
  "lineage": "5e9e86c1-7f8c-943c-cd18-166fe3a27eb3",
  "outputs": {},
  "resources": [
    {
      "mode": "data",
      "type": "aws_lambda_function",
      "name": "existing",
      "provider": "provider[\"registry.terraform.io/hashicorp/aws\"]",
      "instances": [
        {
          "schema_version": 0,
          "attributes": {
            "architectures": [
              "x86_64"
            ],
            "arn": "arn:aws:lambda:us-east-1:728738226157:function:dynamodb-stream-lambda",
            "code_signing_config_arn": "",
            "dead_letter_config": [],
            "description": "An Amazon DynamoDB trigger that logs the updates made to a table.",
            "environment": [],
            "ephemeral_storage": [
              {
                "size": 512
              }
            ],
            "file_system_config": [],
            "function_name": "dynamodb-stream-lambda",
            "handler": "lambda_function.lambda_handler",
            "id": "dynamodb-stream-lambda",
            "image_uri": "",
            "invoke_arn": "arn:aws:apigateway:us-east-1:lambda:path/2015-03-31/functions/arn:aws:lambda:us-east-1:728738226157:function:dynamodb-stream-lambda/invocations",
            "kms_key_arn": "",
            "last_modified": "2022-11-09T09:00:41.776+0000",
            "layers": [],
            "memory_size": 128,
            "qualified_arn": "arn:aws:lambda:us-east-1:728738226157:function:dynamodb-stream-lambda:$LATEST",
            "qualified_invoke_arn": "arn:aws:apigateway:us-east-1:lambda:path/2015-03-31/functions/arn:aws:lambda:us-east-1:728738226157:function:dynamodb-stream-lambda:$LATEST/invocations",
            "qualifier": null,
            "reserved_concurrent_executions": -1,
            "role": "arn:aws:iam::728738226157:role/service-role/dynamodb-stream-lambda-role-xd9klvb0",
            "runtime": "python3.7",
            "signing_job_arn": "",
            "signing_profile_version_arn": "",
            "source_code_hash": "cLiUUubceKngB5hhQtrtQFEesbZrQk6lpggqnZIvREI=",
            "source_code_size": 358,
            "tags": {
              "lambda-console:blueprint": "dynamodb-process-stream-python"
            },
            "timeout": 3,
            "tracing_config": [
              {
                "mode": "PassThrough"
              }
            ],
            "version": "$LATEST",
            "vpc_config": []
          },
          "sensitive_attributes": []
        }
      ]
    },
    {
      "mode": "managed",
      "type": "aws_dynamodb_table",
      "name": "dynamodb-table",
      "provider": "provider[\"registry.terraform.io/hashicorp/aws\"]",
      "instances": [
        {
          "schema_version": 1,
          "attributes": {
            "arn": "arn:aws:dynamodb:us-east-1:728738226157:table/GameScore",
            "attribute": [
              {
                "name": "Name",
                "type": "S"
              },
              {
                "name": "Score",
                "type": "N"
              }
            ],
            "billing_mode": "PROVISIONED",
            "global_secondary_index": [],
            "hash_key": "Name",
            "id": "GameScore",
            "local_secondary_index": [],
            "name": "GameScore",
            "point_in_time_recovery": [
              {
                "enabled": false
              }
            ],
            "range_key": "Score",
            "read_capacity": 5,
            "replica": [],
            "restore_date_time": null,
            "restore_source_name": null,
            "restore_to_latest_time": null,
            "server_side_encryption": [],
            "stream_arn": "arn:aws:dynamodb:us-east-1:728738226157:table/GameScore/stream/2022-11-09T13:16:56.114",
            "stream_enabled": true,
            "stream_label": "2022-11-09T13:16:56.114",
            "stream_view_type": "NEW_AND_OLD_IMAGES",
            "table_class": "",
            "tags": null,
            "tags_all": {},
            "timeouts": null,
            "ttl": [
              {
                "attribute_name": "",
                "enabled": false
              }
            ],
            "write_capacity": 5
          },
          "sensitive_attributes": [],
          "private": "eyJlMmJmYjczMC1lY2FhLTExZTYtOGY4OC0zNDM2M2JjN2M0YzAiOnsiY3JlYXRlIjoxODAwMDAwMDAwMDAwLCJkZWxldGUiOjYwMDAwMDAwMDAwMCwidXBkYXRlIjozNjAwMDAwMDAwMDAwfSwic2NoZW1hX3ZlcnNpb24iOiIxIn0="
        }
      ]
    },
    {
      "mode": "managed",
      "type": "aws_lambda_event_source_mapping",
      "name": "example",
      "provider": "provider[\"registry.terraform.io/hashicorp/aws\"]",
      "instances": [
        {
          "schema_version": 0,
          "attributes": {
            "amazon_managed_kafka_event_source_config": [],
            "batch_size": 100,
            "bisect_batch_on_function_error": false,
            "destination_config": [
              {
                "on_failure": [
                  {
                    "destination_arn": null
                  }
                ]
              }
            ],
            "enabled": true,
            "event_source_arn": "arn:aws:dynamodb:us-east-1:728738226157:table/GameScore/stream/2022-11-09T13:16:56.114",
            "filter_criteria": [],
            "function_arn": "arn:aws:lambda:us-east-1:728738226157:function:dynamodb-stream-lambda",
            "function_name": "arn:aws:lambda:us-east-1:728738226157:function:dynamodb-stream-lambda",
            "function_response_types": null,
            "id": "a5da0781-b104-41d3-b573-c9ea21c6f99b",
            "last_modified": "2022-11-09T13:17:00Z",
            "last_processing_result": "No records processed",
            "maximum_batching_window_in_seconds": 0,
            "maximum_record_age_in_seconds": -1,
            "maximum_retry_attempts": -1,
            "parallelization_factor": 1,
            "queues": null,
            "self_managed_event_source": [],
            "self_managed_kafka_event_source_config": [],
            "source_access_configuration": [],
            "starting_position": "LATEST",
            "starting_position_timestamp": "",
            "state": "Enabled",
            "state_transition_reason": "User action",
            "topics": null,
            "tumbling_window_in_seconds": 0,
            "uuid": "a5da0781-b104-41d3-b573-c9ea21c6f99b"
          },
          "sensitive_attributes": [],
          "private": "bnVsbA==",
          "dependencies": [
            "aws_dynamodb_table.dynamodb-table",
            "data.aws_lambda_function.existing"
          ]
        }
      ]
    }
  ]
}
