{
  "version": 4,
  "terraform_version": "1.2.7",
  "serial": 18,
  "lineage": "12afbb95-25bb-63d9-8a1d-ce66a56a6f31",
  "outputs": {},
  "resources": [
    {
      "mode": "data",
      "type": "archive_file",
      "name": "zip-python-code",
      "provider": "provider[\"registry.terraform.io/hashicorp/archive\"]",
      "instances": [
        {
          "schema_version": 0,
          "attributes": {
            "excludes": null,
            "id": "f180e27bf154ab5eef1652ae7894c21a0712acdd",
            "output_base64sha256": "fZStCtcMSdVyAs1uycSqmI619Rm4yb9o8wWwbYCpcZY=",
            "output_file_mode": null,
            "output_md5": "a981da1024c7d874973f0acc7f2319c7",
            "output_path": "./code/hello.zip",
            "output_sha": "f180e27bf154ab5eef1652ae7894c21a0712acdd",
            "output_size": 456,
            "source": [],
            "source_content": null,
            "source_content_filename": null,
            "source_dir": "./code/",
            "source_file": null,
            "type": "zip"
          },
          "sensitive_attributes": []
        }
      ]
    },
    {
      "mode": "managed",
      "type": "aws_iam_role",
      "name": "lambda-aman-role2",
      "provider": "provider[\"registry.terraform.io/hashicorp/aws\"]",
      "instances": [
        {
          "schema_version": 0,
          "attributes": {
            "arn": "arn:aws:iam::728738226157:role/lambda-aman-role2",
            "assume_role_policy": "{\"Statement\":[{\"Action\":\"sts:AssumeRole\",\"Effect\":\"Allow\",\"Principal\":{\"Service\":\"lambda.amazonaws.com\"},\"Sid\":\"\"}],\"Version\":\"2012-10-17\"}",
            "create_date": "2022-11-03T12:11:58Z",
            "description": "",
            "force_detach_policies": false,
            "id": "lambda-aman-role2",
            "inline_policy": [
              {
                "name": "iam-policy-aman",
                "policy": "{\n    \"Version\": \"2012-10-17\",\n    \"Statement\": [\n      {\n        \"Action\": [\n          \"logs:CreateLogGroup\",\n          \"logs:CreateLogStream\",\n          \"logs:PutLogEvents\"\n        ],\n        \"Resource\": \"arn:aws:logs:*:*:*\",\n        \"Effect\": \"Allow\"\n      }\n    ]\n  }"
              }
            ],
            "managed_policy_arns": [],
            "max_session_duration": 3600,
            "name": "lambda-aman-role2",
            "name_prefix": "",
            "path": "/",
            "permissions_boundary": null,
            "tags": {},
            "tags_all": {},
            "unique_id": "AROA2TLBO37WYXODDJAKG"
          },
          "sensitive_attributes": [],
          "private": "bnVsbA=="
        }
      ]
    },
    {
      "mode": "managed",
      "type": "aws_iam_role_policy",
      "name": "iam-policy-aman",
      "provider": "provider[\"registry.terraform.io/hashicorp/aws\"]",
      "instances": [
        {
          "schema_version": 0,
          "attributes": {
            "id": "lambda-aman-role2:iam-policy-aman",
            "name": "iam-policy-aman",
            "name_prefix": null,
            "policy": "{\n    \"Version\": \"2012-10-17\",\n    \"Statement\": [\n      {\n        \"Action\": [\n          \"logs:CreateLogGroup\",\n          \"logs:CreateLogStream\",\n          \"logs:PutLogEvents\"\n        ],\n        \"Resource\": \"arn:aws:logs:*:*:*\",\n        \"Effect\": \"Allow\"\n      }\n    ]\n  }",
            "role": "lambda-aman-role2"
          },
          "sensitive_attributes": [],
          "private": "bnVsbA==",
          "dependencies": [
            "aws_iam_role.lambda-aman-role2"
          ]
        }
      ]
    },
    {
      "mode": "managed",
      "type": "aws_lambda_function",
      "name": "lambda-python2",
      "provider": "provider[\"registry.terraform.io/hashicorp/aws\"]",
      "instances": [
        {
          "schema_version": 0,
          "attributes": {
            "architectures": [
              "x86_64"
            ],
            "arn": "arn:aws:lambda:us-east-1:728738226157:function:lambda-python2",
            "code_signing_config_arn": "",
            "dead_letter_config": [],
            "description": "",
            "environment": [],
            "ephemeral_storage": [
              {
                "size": 512
              }
            ],
            "file_system_config": [],
            "filename": "./code/hello.zip",
            "function_name": "lambda-python2",
            "handler": "hello.lambda_handler",
            "id": "lambda-python2",
            "image_config": [],
            "image_uri": "",
            "invoke_arn": "arn:aws:apigateway:us-east-1:lambda:path/2015-03-31/functions/arn:aws:lambda:us-east-1:728738226157:function:lambda-python2/invocations",
            "kms_key_arn": "",
            "last_modified": "2022-11-03T12:28:31.636+0000",
            "layers": null,
            "memory_size": 128,
            "package_type": "Zip",
            "publish": false,
            "qualified_arn": "arn:aws:lambda:us-east-1:728738226157:function:lambda-python2:$LATEST",
            "qualified_invoke_arn": "arn:aws:apigateway:us-east-1:lambda:path/2015-03-31/functions/arn:aws:lambda:us-east-1:728738226157:function:lambda-python2:$LATEST/invocations",
            "reserved_concurrent_executions": -1,
            "role": "arn:aws:iam::728738226157:role/lambda-aman-role2",
            "runtime": "python3.9",
            "s3_bucket": null,
            "s3_key": null,
            "s3_object_version": null,
            "signing_job_arn": "",
            "signing_profile_version_arn": "",
            "source_code_hash": "fZStCtcMSdVyAs1uycSqmI619Rm4yb9o8wWwbYCpcZY=",
            "source_code_size": 456,
            "tags": null,
            "tags_all": {},
            "timeout": 3,
            "timeouts": null,
            "tracing_config": [
              {
                "mode": "PassThrough"
              }
            ],
            "version": "$LATEST",
            "vpc_config": []
          },
          "sensitive_attributes": [],
          "private": "eyJlMmJmYjczMC1lY2FhLTExZTYtOGY4OC0zNDM2M2JjN2M0YzAiOnsiY3JlYXRlIjo2MDAwMDAwMDAwMDB9fQ==",
          "dependencies": [
            "aws_iam_role.lambda-aman-role2"
          ]
        }
      ]
    }
  ]
}
